Microsoft Visual Studio Solution File, Format Version 12.00
# Visual Studio Version 17
Project("{9A19103F-16F7-4668-BE54-9A1E7A4F7556}") = "BSOFT.Bootstrapper", "src\BSOFT.Bootstrapper\BSOFT.Bootstrapper.csproj", "{A1A1A1A1-A1A1-A1A1-A1A1-A1A1A1A1A1A1}"
EndProject
Project("{9A19103F-16F7-4668-BE54-9A1E7A4F7556}") = "UserManagement.Application", "src\Modules\UserManagement\Core\UserManagement.Application\UserManagement.Application.csproj", "{B2B2B2B2-B2B2-B2B2-B2B2-B2B2B2B2B2B2}"
EndProject
Project("{9A19103F-16F7-4668-BE54-9A1E7A4F7556}") = "UserManagement.Domain", "src\Modules\UserManagement\Core\UserManagement.Domain\UserManagement.Domain.csproj", "{C3C3C3C3-C3C3-C3C3-C3C3-C3C3C3C3C3C3}"
EndProject
Project("{9A19103F-16F7-4668-BE54-9A1E7A4F7556}") = "UserManagement.Infrastructure", "src\Modules\UserManagement\UserManagement.Infrastructure\UserManagement.Infrastructure.csproj", "{D4D4D4D4-D4D4-D4D4-D4D4-D4D4D4D4D4D4}"
EndProject
Project("{9A19103F-16F7-4668-BE54-9A1E7A4F7556}") = "UserManagement.UnitTests", "src\tests\UserManagement.UnitTests\UserManagement.UnitTests.csproj", "{E5E5E5E5-E5E5-E5E5-E5E5-E5E5E5E5E5E5}"
EndProject
Project("{9A19103F-16F7-4668-BE54-9A1E7A4F7556}") = "UserManagement.IntegrationTests", "src\tests\UserManagement.IntegrationTests\UserManagement.IntegrationTests.csproj", "{F6F6F6F6-F6F6-F6F6-F6F6-F6F6F6F6F6F6}"
EndProject
Project("{2150E333-8FDC-42A3-9474-1A3956D46DE8}") = "src", "src", "{20F0B297-DD7E-436B-A300-D487885AEA89}"
EndProject
Project("{2150E333-8FDC-42A3-9474-1A3956D46DE8}") = "Modules", "Modules", "{797F6419-CC8D-46D7-AEB3-334FCBA111E0}"
EndProject
Project("{2150E333-8FDC-42A3-9474-1A3956D46DE8}") = "FixedAssetManagement", "FixedAssetManagement", "{15662D82-9845-456C-8C24-EBF286B6CFBA}"
EndProject
Project("{2150E333-8FDC-42A3-9474-1A3956D46DE8}") = "Core", "Core", "{5C0DC10F-71F8-4D0F-9F36-483D1315D0D5}"
EndProject
Project("{2150E333-8FDC-42A3-9474-1A3956D46DE8}") = "MaintenanceManagement", "MaintenanceManagement", "{7A8B9C10-1122-3344-5566-778899AABBCC}"
EndProject
Project("{2150E333-8FDC-42A3-9474-1A3956D46DE8}") = "Core", "Core", "{8B9C1011-2233-4455-6677-8899AABBCCDD}"
EndProject
Project("{9A19103F-16F7-4668-BE54-9A1E7A4F7556}") = "FAM.API", "src\Modules\FixedAssetManagement\FAM.API\FAM.API.csproj", "{668017C6-AE68-432B-A7B6-44D38362E8A9}"
EndProject
Project("{9A19103F-16F7-4668-BE54-9A1E7A4F7556}") = "FAM.Infrastructure", "src\Modules\FixedAssetManagement\FAM.Infrastructure\FAM.Infrastructure.csproj", "{6F57FCF1-D1A4-46A3-83B4-40CD6A09A6C6}"
EndProject
Project("{9A19103F-16F7-4668-BE54-9A1E7A4F7556}") = "FixedAssetManagement.Module", "src\Modules\FixedAssetManagement\FixedAssetManagement.Module\FixedAssetManagement.Module.csproj", "{AE12315C-777E-4C8F-850B-3BDE6CD45694}"
EndProject
Project("{9A19103F-16F7-4668-BE54-9A1E7A4F7556}") = "FAM.Application", "src\Modules\FixedAssetManagement\Core\FAM.Application\FAM.Application.csproj", "{CE45CBF0-98A7-440F-8F85-9F5CF094BCED}"
EndProject
Project("{9A19103F-16F7-4668-BE54-9A1E7A4F7556}") = "FAM.Domain", "src\Modules\FixedAssetManagement\Core\FAM.Domain\FAM.Domain.csproj", "{87FF1A69-A4E2-41B4-9609-1608530CA5FE}"
EndProject
Project("{9A19103F-16F7-4668-BE54-9A1E7A4F7556}") = "MaintenanceManagement.Application", "src\Modules\MaintenanceManagement\Core\MaintenanceManagement.Application\MaintenanceManagement.Application.csproj", "{9A1B2C3D-4E5F-6789-ABCD-EF0123456789}"
EndProject
Project("{9A19103F-16F7-4668-BE54-9A1E7A4F7556}") = "MaintenanceManagement.Domain", "src\Modules\MaintenanceManagement\Core\MaintenanceManagement.Domain\MaintenanceManagement.Domain.csproj", "{0B2C3D4E-5F67-89AB-CDEF-0123456789AB}"
EndProject
Project("{9A19103F-16F7-4668-BE54-9A1E7A4F7556}") = "MaintenanceManagement.API", "src\Modules\MaintenanceManagement\MaintenanceManagement.API\MaintenanceManagement.API.csproj", "{1C3D4E5F-6789-ABCD-EF01-23456789ABCD}"
EndProject
Project("{9A19103F-16F7-4668-BE54-9A1E7A4F7556}") = "MaintenanceManagement.Infrastructure", "src\Modules\MaintenanceManagement\MaintenanceManagement.Infrastructure\MaintenanceManagement.Infrastructure.csproj", "{2D4E5F67-89AB-CDEF-0123-456789ABCDEF}"
EndProject
Project("{9A19103F-16F7-4668-BE54-9A1E7A4F7556}") = "MaintenanceManagement.Module", "src\Modules\MaintenanceManagement\MaintenanceManagement.Module\MaintenanceManagement.Module.csproj", "{3E4F5678-9ABC-DEF0-1234-56789ABCDEF0}"
EndProject
Project("{2150E333-8FDC-42A3-9474-1A3956D46DE8}") = "PurchaseManagement", "PurchaseManagement", "{E2C8BBFB-9743-4DDE-8F8F-21E21AEC97F3}"
EndProject
Project("{2150E333-8FDC-42A3-9474-1A3956D46DE8}") = "Core", "Core", "{724802B9-5CFB-429C-8452-171E16AB529E}"
EndProject
Project("{FAE04EC0-301F-11D3-BF4B-00C04F79EFBC}") = "PurchaseManagement.Application", "src\Modules\PurchaseManagement\Core\PurchaseManagement.Application\PurchaseManagement.Application.csproj", "{C74BD040-9007-4076-B427-D5358C1AD4A8}"
EndProject
Project("{FAE04EC0-301F-11D3-BF4B-00C04F79EFBC}") = "PurchaseManagement.Domain", "src\Modules\PurchaseManagement\Core\PurchaseManagement.Domain\PurchaseManagement.Domain.csproj", "{4C1D5330-B168-49F9-BD58-EF1E627C4D81}"
EndProject
Project("{FAE04EC0-301F-11D3-BF4B-00C04F79EFBC}") = "PurchaseManagement.API", "src\Modules\PurchaseManagement\PurchaseManagement.API\PurchaseManagement.API.csproj", "{2270F8AC-2DD0-4A77-804B-D78F2079F988}"
EndProject
Project("{FAE04EC0-301F-11D3-BF4B-00C04F79EFBC}") = "PurchaseManagement.Infrastructure", "src\Modules\PurchaseManagement\PurchaseManagement.Infrastructure\PurchaseManagement.Infrastructure.csproj", "{D062427D-967E-4954-8A58-8160A7DAD91F}"
EndProject
Project("{FAE04EC0-301F-11D3-BF4B-00C04F79EFBC}") = "PurchaseManagement.Module", "src\Modules\PurchaseManagement\PurchaseManagement.Module\PurchaseManagement.Module.csproj", "{12B0CC79-3B9F-4F69-A488-63CF2133381C}"
EndProject
Project("{2150E333-8FDC-42A3-9474-1A3956D46DE8}") = "InventoryManagement", "InventoryManagement", "{9687F9C6-358D-4998-A485-BEAD6DCE2A1F}"
EndProject
Project("{2150E333-8FDC-42A3-9474-1A3956D46DE8}") = "Core", "Core", "{4F2A2971-41FB-45F1-9930-4541F5B6F7CB}"
EndProject
Project("{FAE04EC0-301F-11D3-BF4B-00C04F79EFBC}") = "InventoryManagement.Application", "src\Modules\InventoryManagement\Core\InventoryManagement.Application\InventoryManagement.Application.csproj", "{0E96C52C-AEF0-4264-B8E0-3C10B3AE4476}"
EndProject
Project("{FAE04EC0-301F-11D3-BF4B-00C04F79EFBC}") = "InventoryManagement.Domain", "src\Modules\InventoryManagement\Core\InventoryManagement.Domain\InventoryManagement.Domain.csproj", "{E47E26C6-3F8C-4B29-83FC-7E78157B6F87}"
EndProject
Project("{FAE04EC0-301F-11D3-BF4B-00C04F79EFBC}") = "InventoryManagement.API", "src\Modules\InventoryManagement\InventoryManagement.API\InventoryManagement.API.csproj", "{428A066D-34F5-4F62-88C1-C292B7815CDD}"
EndProject
Project("{FAE04EC0-301F-11D3-BF4B-00C04F79EFBC}") = "InventoryManagement.Infrastructure", "src\Modules\InventoryManagement\InventoryManagement.Infrastructure\InventoryManagement.Infrastructure.csproj", "{57DDE16A-74A5-4B81-857C-B4AC1D216037}"
EndProject
Project("{FAE04EC0-301F-11D3-BF4B-00C04F79EFBC}") = "InventoryManagement.Module", "src\Modules\InventoryManagement\InventoryManagement.Module\InventoryManagement.Module.csproj", "{150F40AA-36C1-42D8-8249-74BD57A736BA}"
EndProject
Global
	GlobalSection(SolutionConfigurationPlatforms) = preSolution
		Debug|Any CPU = Debug|Any CPU
		Release|Any CPU = Release|Any CPU
	EndGlobalSection
	GlobalSection(ProjectConfigurationPlatforms) = postSolution
		{A1A1A1A1-A1A1-A1A1-A1A1-A1A1A1A1A1A1}.Debug|Any CPU.ActiveCfg = Debug|Any CPU
		{A1A1A1A1-A1A1-A1A1-A1A1-A1A1A1A1A1A1}.Debug|Any CPU.Build.0 = Debug|Any CPU
		{A1A1A1A1-A1A1-A1A1-A1A1-A1A1A1A1A1A1}.Release|Any CPU.ActiveCfg = Release|Any CPU
		{A1A1A1A1-A1A1-A1A1-A1A1-A1A1A1A1A1A1}.Release|Any CPU.Build.0 = Release|Any CPU
		{B2B2B2B2-B2B2-B2B2-B2B2-B2B2B2B2B2B2}.Debug|Any CPU.ActiveCfg = Debug|Any CPU
		{B2B2B2B2-B2B2-B2B2-B2B2-B2B2B2B2B2B2}.Debug|Any CPU.Build.0 = Debug|Any CPU
		{B2B2B2B2-B2B2-B2B2-B2B2-B2B2B2B2B2B2}.Release|Any CPU.ActiveCfg = Release|Any CPU
		{B2B2B2B2-B2B2-B2B2-B2B2-B2B2B2B2B2B2}.Release|Any CPU.Build.0 = Release|Any CPU
		{C3C3C3C3-C3C3-C3C3-C3C3-C3C3C3C3C3C3}.Debug|Any CPU.ActiveCfg = Debug|Any CPU
		{C3C3C3C3-C3C3-C3C3-C3C3-C3C3C3C3C3C3}.Debug|Any CPU.Build.0 = Debug|Any CPU
		{C3C3C3C3-C3C3-C3C3-C3C3-C3C3C3C3C3C3}.Release|Any CPU.ActiveCfg = Release|Any CPU
		{C3C3C3C3-C3C3-C3C3-C3C3-C3C3C3C3C3C3}.Release|Any CPU.Build.0 = Release|Any CPU
		{D4D4D4D4-D4D4-D4D4-D4D4-D4D4D4D4D4D4}.Debug|Any CPU.ActiveCfg = Debug|Any CPU
		{D4D4D4D4-D4D4-D4D4-D4D4-D4D4D4D4D4D4}.Debug|Any CPU.Build.0 = Debug|Any CPU
		{D4D4D4D4-D4D4-D4D4-D4D4-D4D4D4D4D4D4}.Release|Any CPU.ActiveCfg = Release|Any CPU
		{D4D4D4D4-D4D4-D4D4-D4D4-D4D4D4D4D4D4}.Release|Any CPU.Build.0 = Release|Any CPU
		{E5E5E5E5-E5E5-E5E5-E5E5-E5E5E5E5E5E5}.Debug|Any CPU.ActiveCfg = Debug|Any CPU
		{E5E5E5E5-E5E5-E5E5-E5E5-E5E5E5E5E5E5}.Debug|Any CPU.Build.0 = Debug|Any CPU
		{E5E5E5E5-E5E5-E5E5-E5E5-E5E5E5E5E5E5}.Release|Any CPU.ActiveCfg = Release|Any CPU
		{E5E5E5E5-E5E5-E5E5-E5E5-E5E5E5E5E5E5}.Release|Any CPU.Build.0 = Release|Any CPU
		{F6F6F6F6-F6F6-F6F6-F6F6-F6F6F6F6F6F6}.Debug|Any CPU.ActiveCfg = Debug|Any CPU
		{F6F6F6F6-F6F6-F6F6-F6F6-F6F6F6F6F6F6}.Debug|Any CPU.Build.0 = Debug|Any CPU
		{F6F6F6F6-F6F6-F6F6-F6F6-F6F6F6F6F6F6}.Release|Any CPU.ActiveCfg = Release|Any CPU
		{F6F6F6F6-F6F6-F6F6-F6F6-F6F6F6F6F6F6}.Release|Any CPU.Build.0 = Release|Any CPU
		{668017C6-AE68-432B-A7B6-44D38362E8A9}.Debug|Any CPU.ActiveCfg = Debug|Any CPU
		{668017C6-AE68-432B-A7B6-44D38362E8A9}.Debug|Any CPU.Build.0 = Debug|Any CPU
		{668017C6-AE68-432B-A7B6-44D38362E8A9}.Release|Any CPU.ActiveCfg = Release|Any CPU
		{668017C6-AE68-432B-A7B6-44D38362E8A9}.Release|Any CPU.Build.0 = Release|Any CPU
		{6F57FCF1-D1A4-46A3-83B4-40CD6A09A6C6}.Debug|Any CPU.ActiveCfg = Debug|Any CPU
		{6F57FCF1-D1A4-46A3-83B4-40CD6A09A6C6}.Debug|Any CPU.Build.0 = Debug|Any CPU
		{6F57FCF1-D1A4-46A3-83B4-40CD6A09A6C6}.Release|Any CPU.ActiveCfg = Release|Any CPU
		{6F57FCF1-D1A4-46A3-83B4-40CD6A09A6C6}.Release|Any CPU.Build.0 = Release|Any CPU
		{AE12315C-777E-4C8F-850B-3BDE6CD45694}.Debug|Any CPU.ActiveCfg = Debug|Any CPU
		{AE12315C-777E-4C8F-850B-3BDE6CD45694}.Debug|Any CPU.Build.0 = Debug|Any CPU
		{AE12315C-777E-4C8F-850B-3BDE6CD45694}.Release|Any CPU.ActiveCfg = Release|Any CPU
		{AE12315C-777E-4C8F-850B-3BDE6CD45694}.Release|Any CPU.Build.0 = Release|Any CPU
		{CE45CBF0-98A7-440F-8F85-9F5CF094BCED}.Debug|Any CPU.ActiveCfg = Debug|Any CPU
		{CE45CBF0-98A7-440F-8F85-9F5CF094BCED}.Debug|Any CPU.Build.0 = Debug|Any CPU
		{CE45CBF0-98A7-440F-8F85-9F5CF094BCED}.Release|Any CPU.ActiveCfg = Release|Any CPU
		{CE45CBF0-98A7-440F-8F85-9F5CF094BCED}.Release|Any CPU.Build.0 = Release|Any CPU
		{87FF1A69-A4E2-41B4-9609-1608530CA5FE}.Debug|Any CPU.ActiveCfg = Debug|Any CPU
		{87FF1A69-A4E2-41B4-9609-1608530CA5FE}.Debug|Any CPU.Build.0 = Debug|Any CPU
		{87FF1A69-A4E2-41B4-9609-1608530CA5FE}.Release|Any CPU.ActiveCfg = Release|Any CPU
		{87FF1A69-A4E2-41B4-9609-1608530CA5FE}.Release|Any CPU.Build.0 = Release|Any CPU
		{9A1B2C3D-4E5F-6789-ABCD-EF0123456789}.Debug|Any CPU.ActiveCfg = Debug|Any CPU
		{9A1B2C3D-4E5F-6789-ABCD-EF0123456789}.Debug|Any CPU.Build.0 = Debug|Any CPU
		{9A1B2C3D-4E5F-6789-ABCD-EF0123456789}.Release|Any CPU.ActiveCfg = Release|Any CPU
		{9A1B2C3D-4E5F-6789-ABCD-EF0123456789}.Release|Any CPU.Build.0 = Release|Any CPU
		{0B2C3D4E-5F67-89AB-CDEF-0123456789AB}.Debug|Any CPU.ActiveCfg = Debug|Any CPU
		{0B2C3D4E-5F67-89AB-CDEF-0123456789AB}.Debug|Any CPU.Build.0 = Debug|Any CPU
		{0B2C3D4E-5F67-89AB-CDEF-0123456789AB}.Release|Any CPU.ActiveCfg = Release|Any CPU
		{0B2C3D4E-5F67-89AB-CDEF-0123456789AB}.Release|Any CPU.Build.0 = Release|Any CPU
		{1C3D4E5F-6789-ABCD-EF01-23456789ABCD}.Debug|Any CPU.ActiveCfg = Debug|Any CPU
		{1C3D4E5F-6789-ABCD-EF01-23456789ABCD}.Debug|Any CPU.Build.0 = Debug|Any CPU
		{1C3D4E5F-6789-ABCD-EF01-23456789ABCD}.Release|Any CPU.ActiveCfg = Release|Any CPU
		{1C3D4E5F-6789-ABCD-EF01-23456789ABCD}.Release|Any CPU.Build.0 = Release|Any CPU
		{2D4E5F67-89AB-CDEF-0123-456789ABCDEF}.Debug|Any CPU.ActiveCfg = Debug|Any CPU
		{2D4E5F67-89AB-CDEF-0123-456789ABCDEF}.Debug|Any CPU.Build.0 = Debug|Any CPU
		{2D4E5F67-89AB-CDEF-0123-456789ABCDEF}.Release|Any CPU.ActiveCfg = Release|Any CPU
		{2D4E5F67-89AB-CDEF-0123-456789ABCDEF}.Release|Any CPU.Build.0 = Release|Any CPU
		{3E4F5678-9ABC-DEF0-1234-56789ABCDEF0}.Debug|Any CPU.ActiveCfg = Debug|Any CPU
		{3E4F5678-9ABC-DEF0-1234-56789ABCDEF0}.Debug|Any CPU.Build.0 = Debug|Any CPU
		{3E4F5678-9ABC-DEF0-1234-56789ABCDEF0}.Release|Any CPU.ActiveCfg = Release|Any CPU
		{3E4F5678-9ABC-DEF0-1234-56789ABCDEF0}.Release|Any CPU.Build.0 = Release|Any CPU
		{C74BD040-9007-4076-B427-D5358C1AD4A8}.Debug|Any CPU.ActiveCfg = Debug|Any CPU
		{C74BD040-9007-4076-B427-D5358C1AD4A8}.Debug|Any CPU.Build.0 = Debug|Any CPU
		{C74BD040-9007-4076-B427-D5358C1AD4A8}.Release|Any CPU.ActiveCfg = Release|Any CPU
		{C74BD040-9007-4076-B427-D5358C1AD4A8}.Release|Any CPU.Build.0 = Release|Any CPU
		{4C1D5330-B168-49F9-BD58-EF1E627C4D81}.Debug|Any CPU.ActiveCfg = Debug|Any CPU
		{4C1D5330-B168-49F9-BD58-EF1E627C4D81}.Debug|Any CPU.Build.0 = Debug|Any CPU
		{4C1D5330-B168-49F9-BD58-EF1E627C4D81}.Release|Any CPU.ActiveCfg = Release|Any CPU
		{4C1D5330-B168-49F9-BD58-EF1E627C4D81}.Release|Any CPU.Build.0 = Release|Any CPU
		{2270F8AC-2DD0-4A77-804B-D78F2079F988}.Debug|Any CPU.ActiveCfg = Debug|Any CPU
		{2270F8AC-2DD0-4A77-804B-D78F2079F988}.Debug|Any CPU.Build.0 = Debug|Any CPU
		{2270F8AC-2DD0-4A77-804B-D78F2079F988}.Release|Any CPU.ActiveCfg = Release|Any CPU
		{2270F8AC-2DD0-4A77-804B-D78F2079F988}.Release|Any CPU.Build.0 = Release|Any CPU
		{D062427D-967E-4954-8A58-8160A7DAD91F}.Debug|Any CPU.ActiveCfg = Debug|Any CPU
		{D062427D-967E-4954-8A58-8160A7DAD91F}.Debug|Any CPU.Build.0 = Debug|Any CPU
		{D062427D-967E-4954-8A58-8160A7DAD91F}.Release|Any CPU.ActiveCfg = Release|Any CPU
		{D062427D-967E-4954-8A58-8160A7DAD91F}.Release|Any CPU.Build.0 = Release|Any CPU
		{12B0CC79-3B9F-4F69-A488-63CF2133381C}.Debug|Any CPU.ActiveCfg = Debug|Any CPU
		{12B0CC79-3B9F-4F69-A488-63CF2133381C}.Debug|Any CPU.Build.0 = Debug|Any CPU
		{12B0CC79-3B9F-4F69-A488-63CF2133381C}.Release|Any CPU.ActiveCfg = Release|Any CPU
		{12B0CC79-3B9F-4F69-A488-63CF2133381C}.Release|Any CPU.Build.0 = Release|Any CPU
		{0E96C52C-AEF0-4264-B8E0-3C10B3AE4476}.Debug|Any CPU.ActiveCfg = Debug|Any CPU
		{0E96C52C-AEF0-4264-B8E0-3C10B3AE4476}.Debug|Any CPU.Build.0 = Debug|Any CPU
		{0E96C52C-AEF0-4264-B8E0-3C10B3AE4476}.Release|Any CPU.ActiveCfg = Release|Any CPU
		{0E96C52C-AEF0-4264-B8E0-3C10B3AE4476}.Release|Any CPU.Build.0 = Release|Any CPU
		{E47E26C6-3F8C-4B29-83FC-7E78157B6F87}.Debug|Any CPU.ActiveCfg = Debug|Any CPU
		{E47E26C6-3F8C-4B29-83FC-7E78157B6F87}.Debug|Any CPU.Build.0 = Debug|Any CPU
		{E47E26C6-3F8C-4B29-83FC-7E78157B6F87}.Release|Any CPU.ActiveCfg = Release|Any CPU
		{E47E26C6-3F8C-4B29-83FC-7E78157B6F87}.Release|Any CPU.Build.0 = Release|Any CPU
		{428A066D-34F5-4F62-88C1-C292B7815CDD}.Debug|Any CPU.ActiveCfg = Debug|Any CPU
		{428A066D-34F5-4F62-88C1-C292B7815CDD}.Debug|Any CPU.Build.0 = Debug|Any CPU
		{428A066D-34F5-4F62-88C1-C292B7815CDD}.Release|Any CPU.ActiveCfg = Release|Any CPU
		{428A066D-34F5-4F62-88C1-C292B7815CDD}.Release|Any CPU.Build.0 = Release|Any CPU
		{57DDE16A-74A5-4B81-857C-B4AC1D216037}.Debug|Any CPU.ActiveCfg = Debug|Any CPU
		{57DDE16A-74A5-4B81-857C-B4AC1D216037}.Debug|Any CPU.Build.0 = Debug|Any CPU
		{57DDE16A-74A5-4B81-857C-B4AC1D216037}.Release|Any CPU.ActiveCfg = Release|Any CPU
		{57DDE16A-74A5-4B81-857C-B4AC1D216037}.Release|Any CPU.Build.0 = Release|Any CPU
		{150F40AA-36C1-42D8-8249-74BD57A736BA}.Debug|Any CPU.ActiveCfg = Debug|Any CPU
		{150F40AA-36C1-42D8-8249-74BD57A736BA}.Debug|Any CPU.Build.0 = Debug|Any CPU
		{150F40AA-36C1-42D8-8249-74BD57A736BA}.Release|Any CPU.ActiveCfg = Release|Any CPU
		{150F40AA-36C1-42D8-8249-74BD57A736BA}.Release|Any CPU.Build.0 = Release|Any CPU
	EndGlobalSection
	GlobalSection(NestedProjects) = preSolution
		{797F6419-CC8D-46D7-AEB3-334FCBA111E0} = {20F0B297-DD7E-436B-A300-D487885AEA89}
		{A1A1A1A1-A1A1-A1A1-A1A1-A1A1A1A1A1A1} = {20F0B297-DD7E-436B-A300-D487885AEA89}
		{15662D82-9845-456C-8C24-EBF286B6CFBA} = {797F6419-CC8D-46D7-AEB3-334FCBA111E0}
		{5C0DC10F-71F8-4D0F-9F36-483D1315D0D5} = {15662D82-9845-456C-8C24-EBF286B6CFBA}
		{668017C6-AE68-432B-A7B6-44D38362E8A9} = {15662D82-9845-456C-8C24-EBF286B6CFBA}
		{6F57FCF1-D1A4-46A3-83B4-40CD6A09A6C6} = {15662D82-9845-456C-8C24-EBF286B6CFBA}
		{AE12315C-777E-4C8F-850B-3BDE6CD45694} = {15662D82-9845-456C-8C24-EBF286B6CFBA}
		{CE45CBF0-98A7-440F-8F85-9F5CF094BCED} = {5C0DC10F-71F8-4D0F-9F36-483D1315D0D5}
		{87FF1A69-A4E2-41B4-9609-1608530CA5FE} = {5C0DC10F-71F8-4D0F-9F36-483D1315D0D5}
		{7A8B9C10-1122-3344-5566-778899AABBCC} = {797F6419-CC8D-46D7-AEB3-334FCBA111E0}
		{8B9C1011-2233-4455-6677-8899AABBCCDD} = {7A8B9C10-1122-3344-5566-778899AABBCC}
		{9A1B2C3D-4E5F-6789-ABCD-EF0123456789} = {8B9C1011-2233-4455-6677-8899AABBCCDD}
		{0B2C3D4E-5F67-89AB-CDEF-0123456789AB} = {8B9C1011-2233-4455-6677-8899AABBCCDD}
		{1C3D4E5F-6789-ABCD-EF01-23456789ABCD} = {7A8B9C10-1122-3344-5566-778899AABBCC}
		{2D4E5F67-89AB-CDEF-0123-456789ABCDEF} = {7A8B9C10-1122-3344-5566-778899AABBCC}
		{3E4F5678-9ABC-DEF0-1234-56789ABCDEF0} = {7A8B9C10-1122-3344-5566-778899AABBCC}
		{E2C8BBFB-9743-4DDE-8F8F-21E21AEC97F3} = {797F6419-CC8D-46D7-AEB3-334FCBA111E0}
		{724802B9-5CFB-429C-8452-171E16AB529E} = {E2C8BBFB-9743-4DDE-8F8F-21E21AEC97F3}
		{C74BD040-9007-4076-B427-D5358C1AD4A8} = {724802B9-5CFB-429C-8452-171E16AB529E}
		{4C1D5330-B168-49F9-BD58-EF1E627C4D81} = {724802B9-5CFB-429C-8452-171E16AB529E}
		{2270F8AC-2DD0-4A77-804B-D78F2079F988} = {E2C8BBFB-9743-4DDE-8F8F-21E21AEC97F3}
		{D062427D-967E-4954-8A58-8160A7DAD91F} = {E2C8BBFB-9743-4DDE-8F8F-21E21AEC97F3}
		{12B0CC79-3B9F-4F69-A488-63CF2133381C} = {E2C8BBFB-9743-4DDE-8F8F-21E21AEC97F3}
		{9687F9C6-358D-4998-A485-BEAD6DCE2A1F} = {797F6419-CC8D-46D7-AEB3-334FCBA111E0}
		{4F2A2971-41FB-45F1-9930-4541F5B6F7CB} = {9687F9C6-358D-4998-A485-BEAD6DCE2A1F}
		{0E96C52C-AEF0-4264-B8E0-3C10B3AE4476} = {4F2A2971-41FB-45F1-9930-4541F5B6F7CB}
		{E47E26C6-3F8C-4B29-83FC-7E78157B6F87} = {4F2A2971-41FB-45F1-9930-4541F5B6F7CB}
		{428A066D-34F5-4F62-88C1-C292B7815CDD} = {9687F9C6-358D-4998-A485-BEAD6DCE2A1F}
		{57DDE16A-74A5-4B81-857C-B4AC1D216037} = {9687F9C6-358D-4998-A485-BEAD6DCE2A1F}
		{150F40AA-36C1-42D8-8249-74BD57A736BA} = {9687F9C6-358D-4998-A485-BEAD6DCE2A1F}
	EndGlobalSection
	GlobalSection(SolutionProperties) = preSolution
		HideSolutionNode = FALSE
	EndGlobalSection
EndGlobal