Microsoft Visual Studio Solution File, Format Version 12.00
# Visual Studio Version 17
Project("{9A19103F-16F7-4668-BE54-9A1E7A4F7556}") = "BSOFT.Api", "src\BSOFT.Api\BSOFT.Api.csproj", "{A1A1A1A1-A1A1-A1A1-A1A1-A1A1A1A1A1A1}"
EndProject
Project("{9A19103F-16F7-4668-BE54-9A1E7A4F7556}") = "UserManagement.Application", "src\Modules\UserManagement\Core\UserManagement.Application\UserManagement.Application.csproj", "{B2B2B2B2-B2B2-B2B2-B2B2-B2B2B2B2B2B2}"
EndProject
Project("{9A19103F-16F7-4668-BE54-9A1E7A4F7556}") = "UserManagement.Domain", "src\Modules\UserManagement\Core\UserManagement.Domain\UserManagement.Domain.csproj", "{C3C3C3C3-C3C3-C3C3-C3C3-C3C3C3C3C3C3}"
EndProject
Project("{9A19103F-16F7-4668-BE54-9A1E7A4F7556}") = "UserManagement.Infrastructure", "src\Modules\UserManagement\UserManagement.Infrastructure\UserManagement.Infrastructure.csproj", "{D4D4D4D4-D4D4-D4D4-D4D4-D4D4D4D4D4D4}"
EndProject
Project("{9A19103F-16F7-4668-BE54-9A1E7A4F7556}") = "UserManagement.UnitTests", "src\tests\UserManagement.UnitTests\UserManagement.UnitTests.csproj", "{E5E5E5E5-E5E5-E5E5-E5E5-E5E5E5E5E5E5}"
EndProject
Project("{9A19103F-16F7-4668-BE54-9A1E7A4F7556}") = "UserManagement.IntegrationTests", "src\tests\UserManagement.IntegrationTests\UserManagement.IntegrationTests.csproj", "{F6F6F6F6-F6F6-F6F6-F6F6-F6F6F6F6F6F6}"
EndProject
Project("{2150E333-8FDC-42A3-9474-1A3956D46DE8}") = "src", "src", "{20F0B297-DD7E-436B-A300-D487885AEA89}"
EndProject
Project("{2150E333-8FDC-42A3-9474-1A3956D46DE8}") = "Modules", "Modules", "{797F6419-CC8D-46D7-AEB3-334FCBA111E0}"
EndProject
Project("{2150E333-8FDC-42A3-9474-1A3956D46DE8}") = "FixedAssetManagement", "FixedAssetManagement", "{15662D82-9845-456C-8C24-EBF286B6CFBA}"
EndProject
Project("{2150E333-8FDC-42A3-9474-1A3956D46DE8}") = "Core", "Core", "{5C0DC10F-71F8-4D0F-9F36-483D1315D0D5}"
EndProject
Project("{2150E333-8FDC-42A3-9474-1A3956D46DE8}") = "MaintenanceManagement", "MaintenanceManagement", "{7A8B9C10-1122-3344-5566-778899AABBCC}"
EndProject
Project("{2150E333-8FDC-42A3-9474-1A3956D46DE8}") = "Core", "Core", "{8B9C1011-2233-4455-6677-8899AABBCCDD}"
EndProject
Project("{9A19103F-16F7-4668-BE54-9A1E7A4F7556}") = "FAM.Presentation", "src\Modules\FixedAssetManagement\FAM.Presentation\FAM.Presentation.csproj", "{668017C6-AE68-432B-A7B6-44D38362E8A9}"
EndProject
Project("{9A19103F-16F7-4668-BE54-9A1E7A4F7556}") = "FAM.Infrastructure", "src\Modules\FixedAssetManagement\FAM.Infrastructure\FAM.Infrastructure.csproj", "{6F57FCF1-D1A4-46A3-83B4-40CD6A09A6C6}"
EndProject
Project("{9A19103F-16F7-4668-BE54-9A1E7A4F7556}") = "FixedAssetManagement.Module", "src\Modules\FixedAssetManagement\FixedAssetManagement.Module\FixedAssetManagement.Module.csproj", "{AE12315C-777E-4C8F-850B-3BDE6CD45694}"
EndProject
Project("{9A19103F-16F7-4668-BE54-9A1E7A4F7556}") = "FAM.Application", "src\Modules\FixedAssetManagement\Core\FAM.Application\FAM.Application.csproj", "{CE45CBF0-98A7-440F-8F85-9F5CF094BCED}"
EndProject
Project("{9A19103F-16F7-4668-BE54-9A1E7A4F7556}") = "FAM.Domain", "src\Modules\FixedAssetManagement\Core\FAM.Domain\FAM.Domain.csproj", "{87FF1A69-A4E2-41B4-9609-1608530CA5FE}"
EndProject
Project("{9A19103F-16F7-4668-BE54-9A1E7A4F7556}") = "MaintenanceManagement.Application", "src\Modules\MaintenanceManagement\Core\MaintenanceManagement.Application\MaintenanceManagement.Application.csproj", "{9A1B2C3D-4E5F-6789-ABCD-EF0123456789}"
EndProject
Project("{9A19103F-16F7-4668-BE54-9A1E7A4F7556}") = "MaintenanceManagement.Domain", "src\Modules\MaintenanceManagement\Core\MaintenanceManagement.Domain\MaintenanceManagement.Domain.csproj", "{0B2C3D4E-5F67-89AB-CDEF-0123456789AB}"
EndProject
Project("{9A19103F-16F7-4668-BE54-9A1E7A4F7556}") = "MaintenanceManagement.Presentation", "src\Modules\MaintenanceManagement\MaintenanceManagement.Presentation\MaintenanceManagement.Presentation.csproj", "{1C3D4E5F-6789-ABCD-EF01-23456789ABCD}"
EndProject
Project("{9A19103F-16F7-4668-BE54-9A1E7A4F7556}") = "MaintenanceManagement.Infrastructure", "src\Modules\MaintenanceManagement\MaintenanceManagement.Infrastructure\MaintenanceManagement.Infrastructure.csproj", "{2D4E5F67-89AB-CDEF-0123-456789ABCDEF}"
EndProject
Project("{9A19103F-16F7-4668-BE54-9A1E7A4F7556}") = "MaintenanceManagement.Module", "src\Modules\MaintenanceManagement\MaintenanceManagement.Module\MaintenanceManagement.Module.csproj", "{3E4F5678-9ABC-DEF0-1234-56789ABCDEF0}"
EndProject
Project("{2150E333-8FDC-42A3-9474-1A3956D46DE8}") = "PurchaseManagement", "PurchaseManagement", "{E2C8BBFB-9743-4DDE-8F8F-21E21AEC97F3}"
EndProject
Project("{2150E333-8FDC-42A3-9474-1A3956D46DE8}") = "Core", "Core", "{724802B9-5CFB-429C-8452-171E16AB529E}"
EndProject
Project("{FAE04EC0-301F-11D3-BF4B-00C04F79EFBC}") = "PurchaseManagement.Application", "src\Modules\PurchaseManagement\Core\PurchaseManagement.Application\PurchaseManagement.Application.csproj", "{C74BD040-9007-4076-B427-D5358C1AD4A8}"
EndProject
Project("{FAE04EC0-301F-11D3-BF4B-00C04F79EFBC}") = "PurchaseManagement.Domain", "src\Modules\PurchaseManagement\Core\PurchaseManagement.Domain\PurchaseManagement.Domain.csproj", "{4C1D5330-B168-49F9-BD58-EF1E627C4D81}"
EndProject
Project("{FAE04EC0-301F-11D3-BF4B-00C04F79EFBC}") = "PurchaseManagement.Presentation", "src\Modules\PurchaseManagement\PurchaseManagement.Presentation\PurchaseManagement.Presentation.csproj", "{2270F8AC-2DD0-4A77-804B-D78F2079F988}"
EndProject
Project("{FAE04EC0-301F-11D3-BF4B-00C04F79EFBC}") = "PurchaseManagement.Infrastructure", "src\Modules\PurchaseManagement\PurchaseManagement.Infrastructure\PurchaseManagement.Infrastructure.csproj", "{D062427D-967E-4954-8A58-8160A7DAD91F}"
EndProject
Project("{FAE04EC0-301F-11D3-BF4B-00C04F79EFBC}") = "PurchaseManagement.Module", "src\Modules\PurchaseManagement\PurchaseManagement.Module\PurchaseManagement.Module.csproj", "{12B0CC79-3B9F-4F69-A488-63CF2133381C}"
EndProject
Project("{2150E333-8FDC-42A3-9474-1A3956D46DE8}") = "InventoryManagement", "InventoryManagement", "{9687F9C6-358D-4998-A485-BEAD6DCE2A1F}"
EndProject
Project("{2150E333-8FDC-42A3-9474-1A3956D46DE8}") = "Core", "Core", "{4F2A2971-41FB-45F1-9930-4541F5B6F7CB}"
EndProject
Project("{FAE04EC0-301F-11D3-BF4B-00C04F79EFBC}") = "InventoryManagement.Application", "src\Modules\InventoryManagement\Core\InventoryManagement.Application\InventoryManagement.Application.csproj", "{0E96C52C-AEF0-4264-B8E0-3C10B3AE4476}"
EndProject
Project("{FAE04EC0-301F-11D3-BF4B-00C04F79EFBC}") = "InventoryManagement.Domain", "src\Modules\InventoryManagement\Core\InventoryManagement.Domain\InventoryManagement.Domain.csproj", "{E47E26C6-3F8C-4B29-83FC-7E78157B6F87}"
EndProject
Project("{FAE04EC0-301F-11D3-BF4B-00C04F79EFBC}") = "InventoryManagement.Presentation", "src\Modules\InventoryManagement\InventoryManagement.Presentation\InventoryManagement.Presentation.csproj", "{428A066D-34F5-4F62-88C1-C292B7815CDD}"
EndProject
Project("{FAE04EC0-301F-11D3-BF4B-00C04F79EFBC}") = "InventoryManagement.Infrastructure", "src\Modules\InventoryManagement\InventoryManagement.Infrastructure\InventoryManagement.Infrastructure.csproj", "{57DDE16A-74A5-4B81-857C-B4AC1D216037}"
EndProject
Project("{FAE04EC0-301F-11D3-BF4B-00C04F79EFBC}") = "InventoryManagement.Module", "src\Modules\InventoryManagement\InventoryManagement.Module\InventoryManagement.Module.csproj", "{150F40AA-36C1-42D8-8249-74BD57A736BA}"
EndProject
Project("{2150E333-8FDC-42A3-9474-1A3956D46DE8}") = "PartyManagement", "PartyManagement", "{BC23A71E-23E9-4167-AB1D-C9800FBC2416}"
EndProject
Project("{2150E333-8FDC-42A3-9474-1A3956D46DE8}") = "Core", "Core", "{1E5905D7-83EF-420D-987A-10DF0759E71E}"
EndProject
Project("{FAE04EC0-301F-11D3-BF4B-00C04F79EFBC}") = "PartyManagement.Domain", "src\Modules\PartyManagement\Core\PartyManagement.Domain\PartyManagement.Domain.csproj", "{D9FA76B5-6D48-4C5E-AE47-4B001266E896}"
EndProject
Project("{FAE04EC0-301F-11D3-BF4B-00C04F79EFBC}") = "PartyManagement.Application", "src\Modules\PartyManagement\Core\PartyManagement.Application\PartyManagement.Application.csproj", "{EC084BC0-E321-486C-900D-E2F80F2A0AEF}"
EndProject
Project("{FAE04EC0-301F-11D3-BF4B-00C04F79EFBC}") = "PartyManagement.Infrastructure", "src\Modules\PartyManagement\PartyManagement.Infrastructure\PartyManagement.Infrastructure.csproj", "{75F6F9E2-3881-46C3-ABA5-354E3D7F8449}"
EndProject
Project("{FAE04EC0-301F-11D3-BF4B-00C04F79EFBC}") = "PartyManagement.Presentation", "src\Modules\PartyManagement\PartyManagement.Presentation\PartyManagement.Presentation.csproj", "{D4FE8F6F-02CB-498C-A328-3ECB87FFB35A}"
EndProject
Project("{FAE04EC0-301F-11D3-BF4B-00C04F79EFBC}") = "PartyManagement.Module", "src\Modules\PartyManagement\PartyManagement.Module\PartyManagement.Module.csproj", "{975D952B-2748-421A-80AD-25D9E23EBC05}"
EndProject
Project("{2150E333-8FDC-42A3-9474-1A3956D46DE8}") = "SalesManagement", "SalesManagement", "{E64D81CE-9326-496B-B5B3-52F57DAC31B3}"
EndProject
Project("{2150E333-8FDC-42A3-9474-1A3956D46DE8}") = "Core", "Core", "{558502FA-5723-45CC-AE02-CD697A0C07CC}"
EndProject
Project("{FAE04EC0-301F-11D3-BF4B-00C04F79EFBC}") = "SalesManagement.Application", "src\Modules\SalesManagement\Core\SalesManagement.Application\SalesManagement.Application.csproj", "{2F9F2ED7-0F96-4316-A2CA-8C03386802EB}"
EndProject
Project("{FAE04EC0-301F-11D3-BF4B-00C04F79EFBC}") = "SalesManagement.Domain", "src\Modules\SalesManagement\Core\SalesManagement.Domain\SalesManagement.Domain.csproj", "{49C04D84-E53B-43F4-9FEE-6DB47C88D8E8}"
EndProject
Project("{FAE04EC0-301F-11D3-BF4B-00C04F79EFBC}") = "SalesManagement.Presentation", "src\Modules\SalesManagement\SalesManagement.Presentation\SalesManagement.Presentation.csproj", "{4A3FB056-1825-4CD6-A9CD-F15F8C33EA80}"
EndProject
Project("{FAE04EC0-301F-11D3-BF4B-00C04F79EFBC}") = "SalesManagement.Infrastructure", "src\Modules\SalesManagement\SalesManagement.Infrastructure\SalesManagement.Infrastructure.csproj", "{6961690B-9ED3-4337-8A54-EBCF796EC09F}"
EndProject
Project("{FAE04EC0-301F-11D3-BF4B-00C04F79EFBC}") = "SalesManagement.Module", "src\Modules\SalesManagement\SalesManagement.Module\SalesManagement.Module.csproj", "{67B5D7FA-354C-4620-96AE-8D39F411C087}"
EndProject
Project("{2150E333-8FDC-42A3-9474-1A3956D46DE8}") = "WarehouseManagement", "WarehouseManagement", "{6BEB4D28-7805-4F16-A417-0A82E42EB88A}"
EndProject
Project("{2150E333-8FDC-42A3-9474-1A3956D46DE8}") = "Core", "Core", "{6FCC246C-C8FE-4D45-A1C8-CAB2309F3FC3}"
EndProject
Project("{FAE04EC0-301F-11D3-BF4B-00C04F79EFBC}") = "WarehouseManagement.Application", "src\Modules\WarehouseManagement\Core\WarehouseManagement.Application\WarehouseManagement.Application.csproj", "{C7BA325B-C736-4FC7-91C2-CFF0E72E3447}"
EndProject
Project("{FAE04EC0-301F-11D3-BF4B-00C04F79EFBC}") = "WarehouseManagement.Domain", "src\Modules\WarehouseManagement\Core\WarehouseManagement.Domain\WarehouseManagement.Domain.csproj", "{D99E7C52-5116-4F8B-B987-638DB7383F07}"
EndProject
Project("{FAE04EC0-301F-11D3-BF4B-00C04F79EFBC}") = "WarehouseManagement.Presentation", "src\Modules\WarehouseManagement\WarehouseManagement.Presentation\WarehouseManagement.Presentation.csproj", "{3D03A06E-1787-4885-9F42-4581354596E8}"
EndProject
Project("{FAE04EC0-301F-11D3-BF4B-00C04F79EFBC}") = "WarehouseManagement.Infrastructure", "src\Modules\WarehouseManagement\WarehouseManagement.Infrastructure\WarehouseManagement.Infrastructure.csproj", "{B12507FB-3164-4396-911C-48D75950B991}"
EndProject
Project("{FAE04EC0-301F-11D3-BF4B-00C04F79EFBC}") = "WarehouseManagement.Module", "src\Modules\WarehouseManagement\WarehouseManagement.Module\WarehouseManagement.Module.csproj", "{A9118C40-AC0F-42E5-811A-E651C1C5F285}"
EndProject
Project("{2150E333-8FDC-42A3-9474-1A3956D46DE8}") = "ProjectManagement", "ProjectManagement", "{1F58840A-C164-4AC1-ABEB-1CDC7F5E3CA0}"
EndProject
Project("{2150E333-8FDC-42A3-9474-1A3956D46DE8}") = "Core", "Core", "{234D91B9-584E-4D49-B77B-33144DEF7FAC}"
EndProject
Project("{FAE04EC0-301F-11D3-BF4B-00C04F79EFBC}") = "ProjectManagement.Application", "src\Modules\ProjectManagement\Core\ProjectManagement.Application\ProjectManagement.Application.csproj", "{324DBC3C-3FC6-448C-BB03-B6439BE6C0E0}"
EndProject
Project("{FAE04EC0-301F-11D3-BF4B-00C04F79EFBC}") = "ProjectManagement.Domain", "src\Modules\ProjectManagement\Core\ProjectManagement.Domain\ProjectManagement.Domain.csproj", "{D3D63686-091D-4DD9-8110-496BE1EC4D60}"
EndProject
Project("{FAE04EC0-301F-11D3-BF4B-00C04F79EFBC}") = "ProjectManagement.Presentation", "src\Modules\ProjectManagement\ProjectManagement.Presentation\ProjectManagement.Presentation.csproj", "{87FD006D-DFEF-4D5C-ABC9-BC0A230C7E3F}"
EndProject
Project("{FAE04EC0-301F-11D3-BF4B-00C04F79EFBC}") = "ProjectManagement.Infrastructure", "src\Modules\ProjectManagement\ProjectManagement.Infrastructure\ProjectManagement.Infrastructure.csproj", "{EC5A96D7-6E29-4103-AADB-277C5DC9D4B0}"
EndProject
Project("{FAE04EC0-301F-11D3-BF4B-00C04F79EFBC}") = "ProjectManagement.Module", "src\Modules\ProjectManagement\ProjectManagement.Module\ProjectManagement.Module.csproj", "{73A8DDFD-6404-4640-AD9B-DFED9998D0E6}"
EndProject
Project("{2150E333-8FDC-42A3-9474-1A3956D46DE8}") = "BudgetManagement", "BudgetManagement", "{5AE5ED49-4D94-4714-A1D3-DA6A566A9186}"
EndProject
Project("{FAE04EC0-301F-11D3-BF4B-00C04F79EFBC}") = "BudgetManagement.Presentation", "src\Modules\BudgetManagement\BudgetManagement.Presentation\BudgetManagement.Presentation.csproj", "{1F7363DF-84FB-40E4-8A24-F1BDED2219EF}"
EndProject
Project("{FAE04EC0-301F-11D3-BF4B-00C04F79EFBC}") = "BudgetManagement.Infrastructure", "src\Modules\BudgetManagement\BudgetManagement.Infrastructure\BudgetManagement.Infrastructure.csproj", "{D3220739-A5CB-4E3E-AEAD-A54DC824866C}"
EndProject
Project("{FAE04EC0-301F-11D3-BF4B-00C04F79EFBC}") = "BudgetManagement.Module", "src\Modules\BudgetManagement\BudgetManagement.Module\BudgetManagement.Module.csproj", "{FB02E8A7-A469-4EC9-ADDF-D0E9921197ED}"
EndProject
Project("{2150E333-8FDC-42A3-9474-1A3956D46DE8}") = "Core", "Core", "{CD38BA58-24EE-45BC-A08D-BDE0548EA1FE}"
EndProject
Project("{FAE04EC0-301F-11D3-BF4B-00C04F79EFBC}") = "BudgetManagement.Application", "src\Modules\BudgetManagement\Core\BudgetManagement.Application\BudgetManagement.Application.csproj", "{DA734528-6CE5-4C31-91A6-C4E7282BC181}"
EndProject
Project("{FAE04EC0-301F-11D3-BF4B-00C04F79EFBC}") = "BudgetManagement.Domain", "src\Modules\BudgetManagement\Core\BudgetManagement.Domain\BudgetManagement.Domain.csproj", "{BEE75783-90A8-467E-9058-69CCD420BA0C}"
EndProject
Project("{2150E333-8FDC-42A3-9474-1A3956D46DE8}") = "UserManagement", "UserManagement", "{0617F1CB-1C77-4AE5-B64D-15A96430CE81}"
EndProject
Project("{FAE04EC0-301F-11D3-BF4B-00C04F79EFBC}") = "UserManagement.Presentation", "src\Modules\UserManagement\UserManagement.Presentation\UserManagement.Presentation.csproj", "{CC6DD8FC-0109-4F55-9BA0-78CEBC41DA59}"
EndProject
Project("{2150E333-8FDC-42A3-9474-1A3956D46DE8}") = "tests", "tests", "{64D09F85-7AA6-420E-B2A7-D79253998E18}"
EndProject
Project("{FAE04EC0-301F-11D3-BF4B-00C04F79EFBC}") = "SalesManagement.UnitTests", "src\tests\SalesManagement.UnitTests\SalesManagement.UnitTests.csproj", "{5D5784FF-90C8-49B0-8CDC-B094C2A35EA5}"
EndProject
Project("{FAE04EC0-301F-11D3-BF4B-00C04F79EFBC}") = "SalesManagement.IntegrationTests", "src\tests\SalesManagement.IntegrationTests\SalesManagement.IntegrationTests.csproj", "{6170E121-758B-43FC-9740-2C911338B195}"
EndProject
Project("{2150E333-8FDC-42A3-9474-1A3956D46DE8}") = "BackgroundService", "BackgroundService", "{DB2FB956-4A8E-411A-81DB-657A4B974D19}"
EndProject
Project("{FAE04EC0-301F-11D3-BF4B-00C04F79EFBC}") = "BackgroundService.Domain", "src\Modules\BackgroundService\BackgroundService.Domain\BackgroundService.Domain.csproj", "{873906AA-B22C-4B1B-B9DD-C665818B7FD9}"
EndProject
Project("{FAE04EC0-301F-11D3-BF4B-00C04F79EFBC}") = "BackgroundService.Application", "src\Modules\BackgroundService\BackgroundService.Application\BackgroundService.Application.csproj", "{D43CAFDE-A9AE-47A8-92F4-EEE3C699CAEC}"
EndProject
Project("{FAE04EC0-301F-11D3-BF4B-00C04F79EFBC}") = "BackgroundService.Infrastructure", "src\Modules\BackgroundService\BackgroundService.Infrastructure\BackgroundService.Infrastructure.csproj", "{F15148CB-13FE-48EC-A210-F32F36033013}"
EndProject
Project("{FAE04EC0-301F-11D3-BF4B-00C04F79EFBC}") = "BackgroundService.Presentation", "src\Modules\BackgroundService\BackgroundService.Presentation\BackgroundService.Presentation.csproj", "{7ADB3398-87C6-4E77-AC3D-439CF654785C}"
EndProject
Project("{FAE04EC0-301F-11D3-BF4B-00C04F79EFBC}") = "BSOFT.Worker", "src\BSOFT.Worker\BSOFT.Worker.csproj", "{57E150EB-4AE8-41E8-B797-435EA99541B2}"
EndProject
Project("{2150E333-8FDC-42A3-9474-1A3956D46DE8}") = "GateEntryManagement", "GateEntryManagement", "{AA112233-4455-6677-8899-AABBCCDDEEFF}"
EndProject
Project("{2150E333-8FDC-42A3-9474-1A3956D46DE8}") = "Core", "Core", "{BB112233-4455-6677-8899-AABBCCDDEEFF}"
EndProject
Project("{9A19103F-16F7-4668-BE54-9A1E7A4F7556}") = "GateEntryManagement.Domain", "src\Modules\GateEntryManagement\Core\GateEntryManagement.Domain\GateEntryManagement.Domain.csproj", "{CC112233-4455-6677-8899-AABBCCDDEEFF}"
EndProject
Project("{9A19103F-16F7-4668-BE54-9A1E7A4F7556}") = "GateEntryManagement.Application", "src\Modules\GateEntryManagement\Core\GateEntryManagement.Application\GateEntryManagement.Application.csproj", "{DD112233-4455-6677-8899-AABBCCDDEEFF}"
EndProject
Project("{9A19103F-16F7-4668-BE54-9A1E7A4F7556}") = "GateEntryManagement.Infrastructure", "src\Modules\GateEntryManagement\GateEntryManagement.Infrastructure\GateEntryManagement.Infrastructure.csproj", "{EE112233-4455-6677-8899-AABBCCDDEEFF}"
EndProject
Project("{9A19103F-16F7-4668-BE54-9A1E7A4F7556}") = "GateEntryManagement.Presentation", "src\Modules\GateEntryManagement\GateEntryManagement.Presentation\GateEntryManagement.Presentation.csproj", "{FF112233-4455-6677-8899-AABBCCDDEEFF}"
EndProject
Project("{9A19103F-16F7-4668-BE54-9A1E7A4F7556}") = "GateEntryManagement.Module", "src\Modules\GateEntryManagement\GateEntryManagement.Module\GateEntryManagement.Module.csproj", "{00223344-5566-7788-99AA-BBCCDDEEFF00}"
EndProject
Project("{2150E333-8FDC-42A3-9474-1A3956D46DE8}") = "FinanceManagement", "FinanceManagement", "{AA223344-5566-7788-99BB-AABBCCDDEEF1}"
EndProject
Project("{2150E333-8FDC-42A3-9474-1A3956D46DE8}") = "Core", "Core", "{BB334455-6677-8899-AACC-BBCCDDEEF112}"
EndProject
Project("{9A19103F-16F7-4668-BE54-9A1E7A4F7556}") = "FinanceManagement.Domain", "src\Modules\FinanceManagement\Core\FinanceManagement.Domain\FinanceManagement.Domain.csproj", "{CC445566-7788-99AA-BBDD-CCDDEEF11233}"
EndProject
Project("{9A19103F-16F7-4668-BE54-9A1E7A4F7556}") = "FinanceManagement.Application", "src\Modules\FinanceManagement\Core\FinanceManagement.Application\FinanceManagement.Application.csproj", "{DD556677-8899-AABB-CCEE-DDEEF1123344}"
EndProject
Project("{9A19103F-16F7-4668-BE54-9A1E7A4F7556}") = "FinanceManagement.Infrastructure", "src\Modules\FinanceManagement\FinanceManagement.Infrastructure\FinanceManagement.Infrastructure.csproj", "{EE667788-99AA-BBCC-DDFF-EEF112334455}"
EndProject
Project("{9A19103F-16F7-4668-BE54-9A1E7A4F7556}") = "FinanceManagement.Presentation", "src\Modules\FinanceManagement\FinanceManagement.Presentation\FinanceManagement.Presentation.csproj", "{FF778899-AABB-CCDD-EE00-F11223344556}"
EndProject
Project("{9A19103F-16F7-4668-BE54-9A1E7A4F7556}") = "FinanceManagement.Module", "src\Modules\FinanceManagement\FinanceManagement.Module\FinanceManagement.Module.csproj", "{00889900-BBCC-DDEE-FF11-223344556677}"
EndProject
Project("{2150E333-8FDC-42A3-9474-1A3956D46DE8}") = "ProductionManagement", "ProductionManagement", "{AA334455-6677-8899-AABB-CCDDEEFF1100}"
EndProject
Project("{2150E333-8FDC-42A3-9474-1A3956D46DE8}") = "Core", "Core", "{BB445566-7788-99AA-BBCC-DDEEFF110011}"
EndProject
Project("{9A19103F-16F7-4668-BE54-9A1E7A4F7556}") = "ProductionManagement.Domain", "src\Modules\ProductionManagement\Core\ProductionManagement.Domain\ProductionManagement.Domain.csproj", "{CC556677-8899-AABB-CCDD-EEFF11001122}"
EndProject
Project("{9A19103F-16F7-4668-BE54-9A1E7A4F7556}") = "ProductionManagement.Application", "src\Modules\ProductionManagement\Core\ProductionManagement.Application\ProductionManagement.Application.csproj", "{DD667788-99AA-BBCC-DDEE-FF1100112233}"
EndProject
Project("{9A19103F-16F7-4668-BE54-9A1E7A4F7556}") = "ProductionManagement.Infrastructure", "src\Modules\ProductionManagement\ProductionManagement.Infrastructure\ProductionManagement.Infrastructure.csproj", "{EE778899-AABB-CCDD-EEFF-001122334455}"
EndProject
Project("{9A19103F-16F7-4668-BE54-9A1E7A4F7556}") = "ProductionManagement.Presentation", "src\Modules\ProductionManagement\ProductionManagement.Presentation\ProductionManagement.Presentation.csproj", "{FF889900-BBCC-DDEE-FF00-112233445566}"
EndProject
Project("{9A19103F-16F7-4668-BE54-9A1E7A4F7556}") = "ProductionManagement.Module", "src\Modules\ProductionManagement\ProductionManagement.Module\ProductionManagement.Module.csproj", "{00990011-CCDD-EEFF-0011-223344556677}"
EndProject
Global
	GlobalSection(SolutionConfigurationPlatforms) = preSolution
		Debug|Any CPU = Debug|Any CPU
		Release|Any CPU = Release|Any CPU
	EndGlobalSection
	GlobalSection(ProjectConfigurationPlatforms) = postSolution
		{A1A1A1A1-A1A1-A1A1-A1A1-A1A1A1A1A1A1}.Debug|Any CPU.ActiveCfg = Debug|Any CPU
		{A1A1A1A1-A1A1-A1A1-A1A1-A1A1A1A1A1A1}.Debug|Any CPU.Build.0 = Debug|Any CPU
		{A1A1A1A1-A1A1-A1A1-A1A1-A1A1A1A1A1A1}.Release|Any CPU.ActiveCfg = Release|Any CPU
		{A1A1A1A1-A1A1-A1A1-A1A1-A1A1A1A1A1A1}.Release|Any CPU.Build.0 = Release|Any CPU
		{B2B2B2B2-B2B2-B2B2-B2B2-B2B2B2B2B2B2}.Debug|Any CPU.ActiveCfg = Debug|Any CPU
		{B2B2B2B2-B2B2-B2B2-B2B2-B2B2B2B2B2B2}.Debug|Any CPU.Build.0 = Debug|Any CPU
		{B2B2B2B2-B2B2-B2B2-B2B2-B2B2B2B2B2B2}.Release|Any CPU.ActiveCfg = Release|Any CPU
		{B2B2B2B2-B2B2-B2B2-B2B2-B2B2B2B2B2B2}.Release|Any CPU.Build.0 = Release|Any CPU
		{C3C3C3C3-C3C3-C3C3-C3C3-C3C3C3C3C3C3}.Debug|Any CPU.ActiveCfg = Debug|Any CPU
		{C3C3C3C3-C3C3-C3C3-C3C3-C3C3C3C3C3C3}.Debug|Any CPU.Build.0 = Debug|Any CPU
		{C3C3C3C3-C3C3-C3C3-C3C3-C3C3C3C3C3C3}.Release|Any CPU.ActiveCfg = Release|Any CPU
		{C3C3C3C3-C3C3-C3C3-C3C3-C3C3C3C3C3C3}.Release|Any CPU.Build.0 = Release|Any CPU
		{D4D4D4D4-D4D4-D4D4-D4D4-D4D4D4D4D4D4}.Debug|Any CPU.ActiveCfg = Debug|Any CPU
		{D4D4D4D4-D4D4-D4D4-D4D4-D4D4D4D4D4D4}.Debug|Any CPU.Build.0 = Debug|Any CPU
		{D4D4D4D4-D4D4-D4D4-D4D4-D4D4D4D4D4D4}.Release|Any CPU.ActiveCfg = Release|Any CPU
		{D4D4D4D4-D4D4-D4D4-D4D4-D4D4D4D4D4D4}.Release|Any CPU.Build.0 = Release|Any CPU
		{E5E5E5E5-E5E5-E5E5-E5E5-E5E5E5E5E5E5}.Debug|Any CPU.ActiveCfg = Debug|Any CPU
		{E5E5E5E5-E5E5-E5E5-E5E5-E5E5E5E5E5E5}.Debug|Any CPU.Build.0 = Debug|Any CPU
		{E5E5E5E5-E5E5-E5E5-E5E5-E5E5E5E5E5E5}.Release|Any CPU.ActiveCfg = Release|Any CPU
		{E5E5E5E5-E5E5-E5E5-E5E5-E5E5E5E5E5E5}.Release|Any CPU.Build.0 = Release|Any CPU
		{F6F6F6F6-F6F6-F6F6-F6F6-F6F6F6F6F6F6}.Debug|Any CPU.ActiveCfg = Debug|Any CPU
		{F6F6F6F6-F6F6-F6F6-F6F6-F6F6F6F6F6F6}.Debug|Any CPU.Build.0 = Debug|Any CPU
		{F6F6F6F6-F6F6-F6F6-F6F6-F6F6F6F6F6F6}.Release|Any CPU.ActiveCfg = Release|Any CPU
		{F6F6F6F6-F6F6-F6F6-F6F6-F6F6F6F6F6F6}.Release|Any CPU.Build.0 = Release|Any CPU
		{668017C6-AE68-432B-A7B6-44D38362E8A9}.Debug|Any CPU.ActiveCfg = Debug|Any CPU
		{668017C6-AE68-432B-A7B6-44D38362E8A9}.Debug|Any CPU.Build.0 = Debug|Any CPU
		{668017C6-AE68-432B-A7B6-44D38362E8A9}.Release|Any CPU.ActiveCfg = Release|Any CPU
		{668017C6-AE68-432B-A7B6-44D38362E8A9}.Release|Any CPU.Build.0 = Release|Any CPU
		{6F57FCF1-D1A4-46A3-83B4-40CD6A09A6C6}.Debug|Any CPU.ActiveCfg = Debug|Any CPU
		{6F57FCF1-D1A4-46A3-83B4-40CD6A09A6C6}.Debug|Any CPU.Build.0 = Debug|Any CPU
		{6F57FCF1-D1A4-46A3-83B4-40CD6A09A6C6}.Release|Any CPU.ActiveCfg = Release|Any CPU
		{6F57FCF1-D1A4-46A3-83B4-40CD6A09A6C6}.Release|Any CPU.Build.0 = Release|Any CPU
		{AE12315C-777E-4C8F-850B-3BDE6CD45694}.Debug|Any CPU.ActiveCfg = Debug|Any CPU
		{AE12315C-777E-4C8F-850B-3BDE6CD45694}.Debug|Any CPU.Build.0 = Debug|Any CPU
		{AE12315C-777E-4C8F-850B-3BDE6CD45694}.Release|Any CPU.ActiveCfg = Release|Any CPU
		{AE12315C-777E-4C8F-850B-3BDE6CD45694}.Release|Any CPU.Build.0 = Release|Any CPU
		{CE45CBF0-98A7-440F-8F85-9F5CF094BCED}.Debug|Any CPU.ActiveCfg = Debug|Any CPU
		{CE45CBF0-98A7-440F-8F85-9F5CF094BCED}.Debug|Any CPU.Build.0 = Debug|Any CPU
		{CE45CBF0-98A7-440F-8F85-9F5CF094BCED}.Release|Any CPU.ActiveCfg = Release|Any CPU
		{CE45CBF0-98A7-440F-8F85-9F5CF094BCED}.Release|Any CPU.Build.0 = Release|Any CPU
		{87FF1A69-A4E2-41B4-9609-1608530CA5FE}.Debug|Any CPU.ActiveCfg = Debug|Any CPU
		{87FF1A69-A4E2-41B4-9609-1608530CA5FE}.Debug|Any CPU.Build.0 = Debug|Any CPU
		{87FF1A69-A4E2-41B4-9609-1608530CA5FE}.Release|Any CPU.ActiveCfg = Release|Any CPU
		{87FF1A69-A4E2-41B4-9609-1608530CA5FE}.Release|Any CPU.Build.0 = Release|Any CPU
		{9A1B2C3D-4E5F-6789-ABCD-EF0123456789}.Debug|Any CPU.ActiveCfg = Debug|Any CPU
		{9A1B2C3D-4E5F-6789-ABCD-EF0123456789}.Debug|Any CPU.Build.0 = Debug|Any CPU
		{9A1B2C3D-4E5F-6789-ABCD-EF0123456789}.Release|Any CPU.ActiveCfg = Release|Any CPU
		{9A1B2C3D-4E5F-6789-ABCD-EF0123456789}.Release|Any CPU.Build.0 = Release|Any CPU
		{0B2C3D4E-5F67-89AB-CDEF-0123456789AB}.Debug|Any CPU.ActiveCfg = Debug|Any CPU
		{0B2C3D4E-5F67-89AB-CDEF-0123456789AB}.Debug|Any CPU.Build.0 = Debug|Any CPU
		{0B2C3D4E-5F67-89AB-CDEF-0123456789AB}.Release|Any CPU.ActiveCfg = Release|Any CPU
		{0B2C3D4E-5F67-89AB-CDEF-0123456789AB}.Release|Any CPU.Build.0 = Release|Any CPU
		{1C3D4E5F-6789-ABCD-EF01-23456789ABCD}.Debug|Any CPU.ActiveCfg = Debug|Any CPU
		{1C3D4E5F-6789-ABCD-EF01-23456789ABCD}.Debug|Any CPU.Build.0 = Debug|Any CPU
		{1C3D4E5F-6789-ABCD-EF01-23456789ABCD}.Release|Any CPU.ActiveCfg = Release|Any CPU
		{1C3D4E5F-6789-ABCD-EF01-23456789ABCD}.Release|Any CPU.Build.0 = Release|Any CPU
		{2D4E5F67-89AB-CDEF-0123-456789ABCDEF}.Debug|Any CPU.ActiveCfg = Debug|Any CPU
		{2D4E5F67-89AB-CDEF-0123-456789ABCDEF}.Debug|Any CPU.Build.0 = Debug|Any CPU
		{2D4E5F67-89AB-CDEF-0123-456789ABCDEF}.Release|Any CPU.ActiveCfg = Release|Any CPU
		{2D4E5F67-89AB-CDEF-0123-456789ABCDEF}.Release|Any CPU.Build.0 = Release|Any CPU
		{3E4F5678-9ABC-DEF0-1234-56789ABCDEF0}.Debug|Any CPU.ActiveCfg = Debug|Any CPU
		{3E4F5678-9ABC-DEF0-1234-56789ABCDEF0}.Debug|Any CPU.Build.0 = Debug|Any CPU
		{3E4F5678-9ABC-DEF0-1234-56789ABCDEF0}.Release|Any CPU.ActiveCfg = Release|Any CPU
		{3E4F5678-9ABC-DEF0-1234-56789ABCDEF0}.Release|Any CPU.Build.0 = Release|Any CPU
		{C74BD040-9007-4076-B427-D5358C1AD4A8}.Debug|Any CPU.ActiveCfg = Debug|Any CPU
		{C74BD040-9007-4076-B427-D5358C1AD4A8}.Debug|Any CPU.Build.0 = Debug|Any CPU
		{C74BD040-9007-4076-B427-D5358C1AD4A8}.Release|Any CPU.ActiveCfg = Release|Any CPU
		{C74BD040-9007-4076-B427-D5358C1AD4A8}.Release|Any CPU.Build.0 = Release|Any CPU
		{4C1D5330-B168-49F9-BD58-EF1E627C4D81}.Debug|Any CPU.ActiveCfg = Debug|Any CPU
		{4C1D5330-B168-49F9-BD58-EF1E627C4D81}.Debug|Any CPU.Build.0 = Debug|Any CPU
		{4C1D5330-B168-49F9-BD58-EF1E627C4D81}.Release|Any CPU.ActiveCfg = Release|Any CPU
		{4C1D5330-B168-49F9-BD58-EF1E627C4D81}.Release|Any CPU.Build.0 = Release|Any CPU
		{2270F8AC-2DD0-4A77-804B-D78F2079F988}.Debug|Any CPU.ActiveCfg = Debug|Any CPU
		{2270F8AC-2DD0-4A77-804B-D78F2079F988}.Debug|Any CPU.Build.0 = Debug|Any CPU
		{2270F8AC-2DD0-4A77-804B-D78F2079F988}.Release|Any CPU.ActiveCfg = Release|Any CPU
		{2270F8AC-2DD0-4A77-804B-D78F2079F988}.Release|Any CPU.Build.0 = Release|Any CPU
		{D062427D-967E-4954-8A58-8160A7DAD91F}.Debug|Any CPU.ActiveCfg = Debug|Any CPU
		{D062427D-967E-4954-8A58-8160A7DAD91F}.Debug|Any CPU.Build.0 = Debug|Any CPU
		{D062427D-967E-4954-8A58-8160A7DAD91F}.Release|Any CPU.ActiveCfg = Release|Any CPU
		{D062427D-967E-4954-8A58-8160A7DAD91F}.Release|Any CPU.Build.0 = Release|Any CPU
		{12B0CC79-3B9F-4F69-A488-63CF2133381C}.Debug|Any CPU.ActiveCfg = Debug|Any CPU
		{12B0CC79-3B9F-4F69-A488-63CF2133381C}.Debug|Any CPU.Build.0 = Debug|Any CPU
		{12B0CC79-3B9F-4F69-A488-63CF2133381C}.Release|Any CPU.ActiveCfg = Release|Any CPU
		{12B0CC79-3B9F-4F69-A488-63CF2133381C}.Release|Any CPU.Build.0 = Release|Any CPU
		{0E96C52C-AEF0-4264-B8E0-3C10B3AE4476}.Debug|Any CPU.ActiveCfg = Debug|Any CPU
		{0E96C52C-AEF0-4264-B8E0-3C10B3AE4476}.Debug|Any CPU.Build.0 = Debug|Any CPU
		{0E96C52C-AEF0-4264-B8E0-3C10B3AE4476}.Release|Any CPU.ActiveCfg = Release|Any CPU
		{0E96C52C-AEF0-4264-B8E0-3C10B3AE4476}.Release|Any CPU.Build.0 = Release|Any CPU
		{E47E26C6-3F8C-4B29-83FC-7E78157B6F87}.Debug|Any CPU.ActiveCfg = Debug|Any CPU
		{E47E26C6-3F8C-4B29-83FC-7E78157B6F87}.Debug|Any CPU.Build.0 = Debug|Any CPU
		{E47E26C6-3F8C-4B29-83FC-7E78157B6F87}.Release|Any CPU.ActiveCfg = Release|Any CPU
		{E47E26C6-3F8C-4B29-83FC-7E78157B6F87}.Release|Any CPU.Build.0 = Release|Any CPU
		{428A066D-34F5-4F62-88C1-C292B7815CDD}.Debug|Any CPU.ActiveCfg = Debug|Any CPU
		{428A066D-34F5-4F62-88C1-C292B7815CDD}.Debug|Any CPU.Build.0 = Debug|Any CPU
		{428A066D-34F5-4F62-88C1-C292B7815CDD}.Release|Any CPU.ActiveCfg = Release|Any CPU
		{428A066D-34F5-4F62-88C1-C292B7815CDD}.Release|Any CPU.Build.0 = Release|Any CPU
		{57DDE16A-74A5-4B81-857C-B4AC1D216037}.Debug|Any CPU.ActiveCfg = Debug|Any CPU
		{57DDE16A-74A5-4B81-857C-B4AC1D216037}.Debug|Any CPU.Build.0 = Debug|Any CPU
		{57DDE16A-74A5-4B81-857C-B4AC1D216037}.Release|Any CPU.ActiveCfg = Release|Any CPU
		{57DDE16A-74A5-4B81-857C-B4AC1D216037}.Release|Any CPU.Build.0 = Release|Any CPU
		{150F40AA-36C1-42D8-8249-74BD57A736BA}.Debug|Any CPU.ActiveCfg = Debug|Any CPU
		{150F40AA-36C1-42D8-8249-74BD57A736BA}.Debug|Any CPU.Build.0 = Debug|Any CPU
		{150F40AA-36C1-42D8-8249-74BD57A736BA}.Release|Any CPU.ActiveCfg = Release|Any CPU
		{150F40AA-36C1-42D8-8249-74BD57A736BA}.Release|Any CPU.Build.0 = Release|Any CPU
		{D9FA76B5-6D48-4C5E-AE47-4B001266E896}.Debug|Any CPU.ActiveCfg = Debug|Any CPU
		{D9FA76B5-6D48-4C5E-AE47-4B001266E896}.Debug|Any CPU.Build.0 = Debug|Any CPU
		{D9FA76B5-6D48-4C5E-AE47-4B001266E896}.Release|Any CPU.ActiveCfg = Release|Any CPU
		{D9FA76B5-6D48-4C5E-AE47-4B001266E896}.Release|Any CPU.Build.0 = Release|Any CPU
		{EC084BC0-E321-486C-900D-E2F80F2A0AEF}.Debug|Any CPU.ActiveCfg = Debug|Any CPU
		{EC084BC0-E321-486C-900D-E2F80F2A0AEF}.Debug|Any CPU.Build.0 = Debug|Any CPU
		{EC084BC0-E321-486C-900D-E2F80F2A0AEF}.Release|Any CPU.ActiveCfg = Release|Any CPU
		{EC084BC0-E321-486C-900D-E2F80F2A0AEF}.Release|Any CPU.Build.0 = Release|Any CPU
		{75F6F9E2-3881-46C3-ABA5-354E3D7F8449}.Debug|Any CPU.ActiveCfg = Debug|Any CPU
		{75F6F9E2-3881-46C3-ABA5-354E3D7F8449}.Debug|Any CPU.Build.0 = Debug|Any CPU
		{75F6F9E2-3881-46C3-ABA5-354E3D7F8449}.Release|Any CPU.ActiveCfg = Release|Any CPU
		{75F6F9E2-3881-46C3-ABA5-354E3D7F8449}.Release|Any CPU.Build.0 = Release|Any CPU
		{D4FE8F6F-02CB-498C-A328-3ECB87FFB35A}.Debug|Any CPU.ActiveCfg = Debug|Any CPU
		{D4FE8F6F-02CB-498C-A328-3ECB87FFB35A}.Debug|Any CPU.Build.0 = Debug|Any CPU
		{D4FE8F6F-02CB-498C-A328-3ECB87FFB35A}.Release|Any CPU.ActiveCfg = Release|Any CPU
		{D4FE8F6F-02CB-498C-A328-3ECB87FFB35A}.Release|Any CPU.Build.0 = Release|Any CPU
		{975D952B-2748-421A-80AD-25D9E23EBC05}.Debug|Any CPU.ActiveCfg = Debug|Any CPU
		{975D952B-2748-421A-80AD-25D9E23EBC05}.Debug|Any CPU.Build.0 = Debug|Any CPU
		{975D952B-2748-421A-80AD-25D9E23EBC05}.Release|Any CPU.ActiveCfg = Release|Any CPU
		{975D952B-2748-421A-80AD-25D9E23EBC05}.Release|Any CPU.Build.0 = Release|Any CPU
		{2F9F2ED7-0F96-4316-A2CA-8C03386802EB}.Debug|Any CPU.ActiveCfg = Debug|Any CPU
		{2F9F2ED7-0F96-4316-A2CA-8C03386802EB}.Debug|Any CPU.Build.0 = Debug|Any CPU
		{2F9F2ED7-0F96-4316-A2CA-8C03386802EB}.Release|Any CPU.ActiveCfg = Release|Any CPU
		{2F9F2ED7-0F96-4316-A2CA-8C03386802EB}.Release|Any CPU.Build.0 = Release|Any CPU
		{49C04D84-E53B-43F4-9FEE-6DB47C88D8E8}.Debug|Any CPU.ActiveCfg = Debug|Any CPU
		{49C04D84-E53B-43F4-9FEE-6DB47C88D8E8}.Debug|Any CPU.Build.0 = Debug|Any CPU
		{49C04D84-E53B-43F4-9FEE-6DB47C88D8E8}.Release|Any CPU.ActiveCfg = Release|Any CPU
		{49C04D84-E53B-43F4-9FEE-6DB47C88D8E8}.Release|Any CPU.Build.0 = Release|Any CPU
		{4A3FB056-1825-4CD6-A9CD-F15F8C33EA80}.Debug|Any CPU.ActiveCfg = Debug|Any CPU
		{4A3FB056-1825-4CD6-A9CD-F15F8C33EA80}.Debug|Any CPU.Build.0 = Debug|Any CPU
		{4A3FB056-1825-4CD6-A9CD-F15F8C33EA80}.Release|Any CPU.ActiveCfg = Release|Any CPU
		{4A3FB056-1825-4CD6-A9CD-F15F8C33EA80}.Release|Any CPU.Build.0 = Release|Any CPU
		{6961690B-9ED3-4337-8A54-EBCF796EC09F}.Debug|Any CPU.ActiveCfg = Debug|Any CPU
		{6961690B-9ED3-4337-8A54-EBCF796EC09F}.Debug|Any CPU.Build.0 = Debug|Any CPU
		{6961690B-9ED3-4337-8A54-EBCF796EC09F}.Release|Any CPU.ActiveCfg = Release|Any CPU
		{6961690B-9ED3-4337-8A54-EBCF796EC09F}.Release|Any CPU.Build.0 = Release|Any CPU
		{67B5D7FA-354C-4620-96AE-8D39F411C087}.Debug|Any CPU.ActiveCfg = Debug|Any CPU
		{67B5D7FA-354C-4620-96AE-8D39F411C087}.Debug|Any CPU.Build.0 = Debug|Any CPU
		{67B5D7FA-354C-4620-96AE-8D39F411C087}.Release|Any CPU.ActiveCfg = Release|Any CPU
		{67B5D7FA-354C-4620-96AE-8D39F411C087}.Release|Any CPU.Build.0 = Release|Any CPU
		{C7BA325B-C736-4FC7-91C2-CFF0E72E3447}.Debug|Any CPU.ActiveCfg = Debug|Any CPU
		{C7BA325B-C736-4FC7-91C2-CFF0E72E3447}.Debug|Any CPU.Build.0 = Debug|Any CPU
		{C7BA325B-C736-4FC7-91C2-CFF0E72E3447}.Release|Any CPU.ActiveCfg = Release|Any CPU
		{C7BA325B-C736-4FC7-91C2-CFF0E72E3447}.Release|Any CPU.Build.0 = Release|Any CPU
		{D99E7C52-5116-4F8B-B987-638DB7383F07}.Debug|Any CPU.ActiveCfg = Debug|Any CPU
		{D99E7C52-5116-4F8B-B987-638DB7383F07}.Debug|Any CPU.Build.0 = Debug|Any CPU
		{D99E7C52-5116-4F8B-B987-638DB7383F07}.Release|Any CPU.ActiveCfg = Release|Any CPU
		{D99E7C52-5116-4F8B-B987-638DB7383F07}.Release|Any CPU.Build.0 = Release|Any CPU
		{3D03A06E-1787-4885-9F42-4581354596E8}.Debug|Any CPU.ActiveCfg = Debug|Any CPU
		{3D03A06E-1787-4885-9F42-4581354596E8}.Debug|Any CPU.Build.0 = Debug|Any CPU
		{3D03A06E-1787-4885-9F42-4581354596E8}.Release|Any CPU.ActiveCfg = Release|Any CPU
		{3D03A06E-1787-4885-9F42-4581354596E8}.Release|Any CPU.Build.0 = Release|Any CPU
		{B12507FB-3164-4396-911C-48D75950B991}.Debug|Any CPU.ActiveCfg = Debug|Any CPU
		{B12507FB-3164-4396-911C-48D75950B991}.Debug|Any CPU.Build.0 = Debug|Any CPU
		{B12507FB-3164-4396-911C-48D75950B991}.Release|Any CPU.ActiveCfg = Release|Any CPU
		{B12507FB-3164-4396-911C-48D75950B991}.Release|Any CPU.Build.0 = Release|Any CPU
		{A9118C40-AC0F-42E5-811A-E651C1C5F285}.Debug|Any CPU.ActiveCfg = Debug|Any CPU
		{A9118C40-AC0F-42E5-811A-E651C1C5F285}.Debug|Any CPU.Build.0 = Debug|Any CPU
		{A9118C40-AC0F-42E5-811A-E651C1C5F285}.Release|Any CPU.ActiveCfg = Release|Any CPU
		{A9118C40-AC0F-42E5-811A-E651C1C5F285}.Release|Any CPU.Build.0 = Release|Any CPU
		{324DBC3C-3FC6-448C-BB03-B6439BE6C0E0}.Debug|Any CPU.ActiveCfg = Debug|Any CPU
		{324DBC3C-3FC6-448C-BB03-B6439BE6C0E0}.Debug|Any CPU.Build.0 = Debug|Any CPU
		{324DBC3C-3FC6-448C-BB03-B6439BE6C0E0}.Release|Any CPU.ActiveCfg = Release|Any CPU
		{324DBC3C-3FC6-448C-BB03-B6439BE6C0E0}.Release|Any CPU.Build.0 = Release|Any CPU
		{D3D63686-091D-4DD9-8110-496BE1EC4D60}.Debug|Any CPU.ActiveCfg = Debug|Any CPU
		{D3D63686-091D-4DD9-8110-496BE1EC4D60}.Debug|Any CPU.Build.0 = Debug|Any CPU
		{D3D63686-091D-4DD9-8110-496BE1EC4D60}.Release|Any CPU.ActiveCfg = Release|Any CPU
		{D3D63686-091D-4DD9-8110-496BE1EC4D60}.Release|Any CPU.Build.0 = Release|Any CPU
		{87FD006D-DFEF-4D5C-ABC9-BC0A230C7E3F}.Debug|Any CPU.ActiveCfg = Debug|Any CPU
		{87FD006D-DFEF-4D5C-ABC9-BC0A230C7E3F}.Debug|Any CPU.Build.0 = Debug|Any CPU
		{87FD006D-DFEF-4D5C-ABC9-BC0A230C7E3F}.Release|Any CPU.ActiveCfg = Release|Any CPU
		{87FD006D-DFEF-4D5C-ABC9-BC0A230C7E3F}.Release|Any CPU.Build.0 = Release|Any CPU
		{EC5A96D7-6E29-4103-AADB-277C5DC9D4B0}.Debug|Any CPU.ActiveCfg = Debug|Any CPU
		{EC5A96D7-6E29-4103-AADB-277C5DC9D4B0}.Debug|Any CPU.Build.0 = Debug|Any CPU
		{EC5A96D7-6E29-4103-AADB-277C5DC9D4B0}.Release|Any CPU.ActiveCfg = Release|Any CPU
		{EC5A96D7-6E29-4103-AADB-277C5DC9D4B0}.Release|Any CPU.Build.0 = Release|Any CPU
		{73A8DDFD-6404-4640-AD9B-DFED9998D0E6}.Debug|Any CPU.ActiveCfg = Debug|Any CPU
		{73A8DDFD-6404-4640-AD9B-DFED9998D0E6}.Debug|Any CPU.Build.0 = Debug|Any CPU
		{73A8DDFD-6404-4640-AD9B-DFED9998D0E6}.Release|Any CPU.ActiveCfg = Release|Any CPU
		{73A8DDFD-6404-4640-AD9B-DFED9998D0E6}.Release|Any CPU.Build.0 = Release|Any CPU
		{1F7363DF-84FB-40E4-8A24-F1BDED2219EF}.Debug|Any CPU.ActiveCfg = Debug|Any CPU
		{1F7363DF-84FB-40E4-8A24-F1BDED2219EF}.Debug|Any CPU.Build.0 = Debug|Any CPU
		{1F7363DF-84FB-40E4-8A24-F1BDED2219EF}.Release|Any CPU.ActiveCfg = Release|Any CPU
		{1F7363DF-84FB-40E4-8A24-F1BDED2219EF}.Release|Any CPU.Build.0 = Release|Any CPU
		{D3220739-A5CB-4E3E-AEAD-A54DC824866C}.Debug|Any CPU.ActiveCfg = Debug|Any CPU
		{D3220739-A5CB-4E3E-AEAD-A54DC824866C}.Debug|Any CPU.Build.0 = Debug|Any CPU
		{D3220739-A5CB-4E3E-AEAD-A54DC824866C}.Release|Any CPU.ActiveCfg = Release|Any CPU
		{D3220739-A5CB-4E3E-AEAD-A54DC824866C}.Release|Any CPU.Build.0 = Release|Any CPU
		{FB02E8A7-A469-4EC9-ADDF-D0E9921197ED}.Debug|Any CPU.ActiveCfg = Debug|Any CPU
		{FB02E8A7-A469-4EC9-ADDF-D0E9921197ED}.Debug|Any CPU.Build.0 = Debug|Any CPU
		{FB02E8A7-A469-4EC9-ADDF-D0E9921197ED}.Release|Any CPU.ActiveCfg = Release|Any CPU
		{FB02E8A7-A469-4EC9-ADDF-D0E9921197ED}.Release|Any CPU.Build.0 = Release|Any CPU
		{DA734528-6CE5-4C31-91A6-C4E7282BC181}.Debug|Any CPU.ActiveCfg = Debug|Any CPU
		{DA734528-6CE5-4C31-91A6-C4E7282BC181}.Debug|Any CPU.Build.0 = Debug|Any CPU
		{DA734528-6CE5-4C31-91A6-C4E7282BC181}.Release|Any CPU.ActiveCfg = Release|Any CPU
		{DA734528-6CE5-4C31-91A6-C4E7282BC181}.Release|Any CPU.Build.0 = Release|Any CPU
		{BEE75783-90A8-467E-9058-69CCD420BA0C}.Debug|Any CPU.ActiveCfg = Debug|Any CPU
		{BEE75783-90A8-467E-9058-69CCD420BA0C}.Debug|Any CPU.Build.0 = Debug|Any CPU
		{BEE75783-90A8-467E-9058-69CCD420BA0C}.Release|Any CPU.ActiveCfg = Release|Any CPU
		{BEE75783-90A8-467E-9058-69CCD420BA0C}.Release|Any CPU.Build.0 = Release|Any CPU
		{CC6DD8FC-0109-4F55-9BA0-78CEBC41DA59}.Debug|Any CPU.ActiveCfg = Debug|Any CPU
		{CC6DD8FC-0109-4F55-9BA0-78CEBC41DA59}.Debug|Any CPU.Build.0 = Debug|Any CPU
		{CC6DD8FC-0109-4F55-9BA0-78CEBC41DA59}.Release|Any CPU.ActiveCfg = Release|Any CPU
		{CC6DD8FC-0109-4F55-9BA0-78CEBC41DA59}.Release|Any CPU.Build.0 = Release|Any CPU
		{5D5784FF-90C8-49B0-8CDC-B094C2A35EA5}.Debug|Any CPU.ActiveCfg = Debug|Any CPU
		{5D5784FF-90C8-49B0-8CDC-B094C2A35EA5}.Debug|Any CPU.Build.0 = Debug|Any CPU
		{5D5784FF-90C8-49B0-8CDC-B094C2A35EA5}.Release|Any CPU.ActiveCfg = Release|Any CPU
		{5D5784FF-90C8-49B0-8CDC-B094C2A35EA5}.Release|Any CPU.Build.0 = Release|Any CPU
		{6170E121-758B-43FC-9740-2C911338B195}.Debug|Any CPU.ActiveCfg = Debug|Any CPU
		{6170E121-758B-43FC-9740-2C911338B195}.Debug|Any CPU.Build.0 = Debug|Any CPU
		{6170E121-758B-43FC-9740-2C911338B195}.Release|Any CPU.ActiveCfg = Release|Any CPU
		{6170E121-758B-43FC-9740-2C911338B195}.Release|Any CPU.Build.0 = Release|Any CPU
		{873906AA-B22C-4B1B-B9DD-C665818B7FD9}.Debug|Any CPU.ActiveCfg = Debug|Any CPU
		{873906AA-B22C-4B1B-B9DD-C665818B7FD9}.Debug|Any CPU.Build.0 = Debug|Any CPU
		{873906AA-B22C-4B1B-B9DD-C665818B7FD9}.Release|Any CPU.ActiveCfg = Release|Any CPU
		{873906AA-B22C-4B1B-B9DD-C665818B7FD9}.Release|Any CPU.Build.0 = Release|Any CPU
		{D43CAFDE-A9AE-47A8-92F4-EEE3C699CAEC}.Debug|Any CPU.ActiveCfg = Debug|Any CPU
		{D43CAFDE-A9AE-47A8-92F4-EEE3C699CAEC}.Debug|Any CPU.Build.0 = Debug|Any CPU
		{D43CAFDE-A9AE-47A8-92F4-EEE3C699CAEC}.Release|Any CPU.ActiveCfg = Release|Any CPU
		{D43CAFDE-A9AE-47A8-92F4-EEE3C699CAEC}.Release|Any CPU.Build.0 = Release|Any CPU
		{F15148CB-13FE-48EC-A210-F32F36033013}.Debug|Any CPU.ActiveCfg = Debug|Any CPU
		{F15148CB-13FE-48EC-A210-F32F36033013}.Debug|Any CPU.Build.0 = Debug|Any CPU
		{F15148CB-13FE-48EC-A210-F32F36033013}.Release|Any CPU.ActiveCfg = Release|Any CPU
		{F15148CB-13FE-48EC-A210-F32F36033013}.Release|Any CPU.Build.0 = Release|Any CPU
		{7ADB3398-87C6-4E77-AC3D-439CF654785C}.Debug|Any CPU.ActiveCfg = Debug|Any CPU
		{7ADB3398-87C6-4E77-AC3D-439CF654785C}.Debug|Any CPU.Build.0 = Debug|Any CPU
		{7ADB3398-87C6-4E77-AC3D-439CF654785C}.Release|Any CPU.ActiveCfg = Release|Any CPU
		{7ADB3398-87C6-4E77-AC3D-439CF654785C}.Release|Any CPU.Build.0 = Release|Any CPU
		{57E150EB-4AE8-41E8-B797-435EA99541B2}.Debug|Any CPU.ActiveCfg = Debug|Any CPU
		{57E150EB-4AE8-41E8-B797-435EA99541B2}.Debug|Any CPU.Build.0 = Debug|Any CPU
		{57E150EB-4AE8-41E8-B797-435EA99541B2}.Release|Any CPU.ActiveCfg = Release|Any CPU
		{57E150EB-4AE8-41E8-B797-435EA99541B2}.Release|Any CPU.Build.0 = Release|Any CPU
		{CC112233-4455-6677-8899-AABBCCDDEEFF}.Debug|Any CPU.ActiveCfg = Debug|Any CPU
		{CC112233-4455-6677-8899-AABBCCDDEEFF}.Debug|Any CPU.Build.0 = Debug|Any CPU
		{CC112233-4455-6677-8899-AABBCCDDEEFF}.Release|Any CPU.ActiveCfg = Release|Any CPU
		{CC112233-4455-6677-8899-AABBCCDDEEFF}.Release|Any CPU.Build.0 = Release|Any CPU
		{DD112233-4455-6677-8899-AABBCCDDEEFF}.Debug|Any CPU.ActiveCfg = Debug|Any CPU
		{DD112233-4455-6677-8899-AABBCCDDEEFF}.Debug|Any CPU.Build.0 = Debug|Any CPU
		{DD112233-4455-6677-8899-AABBCCDDEEFF}.Release|Any CPU.ActiveCfg = Release|Any CPU
		{DD112233-4455-6677-8899-AABBCCDDEEFF}.Release|Any CPU.Build.0 = Release|Any CPU
		{EE112233-4455-6677-8899-AABBCCDDEEFF}.Debug|Any CPU.ActiveCfg = Debug|Any CPU
		{EE112233-4455-6677-8899-AABBCCDDEEFF}.Debug|Any CPU.Build.0 = Debug|Any CPU
		{EE112233-4455-6677-8899-AABBCCDDEEFF}.Release|Any CPU.ActiveCfg = Release|Any CPU
		{EE112233-4455-6677-8899-AABBCCDDEEFF}.Release|Any CPU.Build.0 = Release|Any CPU
		{FF112233-4455-6677-8899-AABBCCDDEEFF}.Debug|Any CPU.ActiveCfg = Debug|Any CPU
		{FF112233-4455-6677-8899-AABBCCDDEEFF}.Debug|Any CPU.Build.0 = Debug|Any CPU
		{FF112233-4455-6677-8899-AABBCCDDEEFF}.Release|Any CPU.ActiveCfg = Release|Any CPU
		{FF112233-4455-6677-8899-AABBCCDDEEFF}.Release|Any CPU.Build.0 = Release|Any CPU
		{00223344-5566-7788-99AA-BBCCDDEEFF00}.Debug|Any CPU.ActiveCfg = Debug|Any CPU
		{00223344-5566-7788-99AA-BBCCDDEEFF00}.Debug|Any CPU.Build.0 = Debug|Any CPU
		{00223344-5566-7788-99AA-BBCCDDEEFF00}.Release|Any CPU.ActiveCfg = Release|Any CPU
		{00223344-5566-7788-99AA-BBCCDDEEFF00}.Release|Any CPU.Build.0 = Release|Any CPU
		{CC445566-7788-99AA-BBDD-CCDDEEF11233}.Debug|Any CPU.ActiveCfg = Debug|Any CPU
		{CC445566-7788-99AA-BBDD-CCDDEEF11233}.Debug|Any CPU.Build.0 = Debug|Any CPU
		{CC445566-7788-99AA-BBDD-CCDDEEF11233}.Release|Any CPU.ActiveCfg = Release|Any CPU
		{CC445566-7788-99AA-BBDD-CCDDEEF11233}.Release|Any CPU.Build.0 = Release|Any CPU
		{DD556677-8899-AABB-CCEE-DDEEF1123344}.Debug|Any CPU.ActiveCfg = Debug|Any CPU
		{DD556677-8899-AABB-CCEE-DDEEF1123344}.Debug|Any CPU.Build.0 = Debug|Any CPU
		{DD556677-8899-AABB-CCEE-DDEEF1123344}.Release|Any CPU.ActiveCfg = Release|Any CPU
		{DD556677-8899-AABB-CCEE-DDEEF1123344}.Release|Any CPU.Build.0 = Release|Any CPU
		{EE667788-99AA-BBCC-DDFF-EEF112334455}.Debug|Any CPU.ActiveCfg = Debug|Any CPU
		{EE667788-99AA-BBCC-DDFF-EEF112334455}.Debug|Any CPU.Build.0 = Debug|Any CPU
		{EE667788-99AA-BBCC-DDFF-EEF112334455}.Release|Any CPU.ActiveCfg = Release|Any CPU
		{EE667788-99AA-BBCC-DDFF-EEF112334455}.Release|Any CPU.Build.0 = Release|Any CPU
		{FF778899-AABB-CCDD-EE00-F11223344556}.Debug|Any CPU.ActiveCfg = Debug|Any CPU
		{FF778899-AABB-CCDD-EE00-F11223344556}.Debug|Any CPU.Build.0 = Debug|Any CPU
		{FF778899-AABB-CCDD-EE00-F11223344556}.Release|Any CPU.ActiveCfg = Release|Any CPU
		{FF778899-AABB-CCDD-EE00-F11223344556}.Release|Any CPU.Build.0 = Release|Any CPU
		{00889900-BBCC-DDEE-FF11-223344556677}.Debug|Any CPU.ActiveCfg = Debug|Any CPU
		{00889900-BBCC-DDEE-FF11-223344556677}.Debug|Any CPU.Build.0 = Debug|Any CPU
		{00889900-BBCC-DDEE-FF11-223344556677}.Release|Any CPU.ActiveCfg = Release|Any CPU
		{00889900-BBCC-DDEE-FF11-223344556677}.Release|Any CPU.Build.0 = Release|Any CPU
		{CC556677-8899-AABB-CCDD-EEFF11001122}.Debug|Any CPU.ActiveCfg = Debug|Any CPU
		{CC556677-8899-AABB-CCDD-EEFF11001122}.Debug|Any CPU.Build.0 = Debug|Any CPU
		{CC556677-8899-AABB-CCDD-EEFF11001122}.Release|Any CPU.ActiveCfg = Release|Any CPU
		{CC556677-8899-AABB-CCDD-EEFF11001122}.Release|Any CPU.Build.0 = Release|Any CPU
		{DD667788-99AA-BBCC-DDEE-FF1100112233}.Debug|Any CPU.ActiveCfg = Debug|Any CPU
		{DD667788-99AA-BBCC-DDEE-FF1100112233}.Debug|Any CPU.Build.0 = Debug|Any CPU
		{DD667788-99AA-BBCC-DDEE-FF1100112233}.Release|Any CPU.ActiveCfg = Release|Any CPU
		{DD667788-99AA-BBCC-DDEE-FF1100112233}.Release|Any CPU.Build.0 = Release|Any CPU
		{EE778899-AABB-CCDD-EEFF-001122334455}.Debug|Any CPU.ActiveCfg = Debug|Any CPU
		{EE778899-AABB-CCDD-EEFF-001122334455}.Debug|Any CPU.Build.0 = Debug|Any CPU
		{EE778899-AABB-CCDD-EEFF-001122334455}.Release|Any CPU.ActiveCfg = Release|Any CPU
		{EE778899-AABB-CCDD-EEFF-001122334455}.Release|Any CPU.Build.0 = Release|Any CPU
		{FF889900-BBCC-DDEE-FF00-112233445566}.Debug|Any CPU.ActiveCfg = Debug|Any CPU
		{FF889900-BBCC-DDEE-FF00-112233445566}.Debug|Any CPU.Build.0 = Debug|Any CPU
		{FF889900-BBCC-DDEE-FF00-112233445566}.Release|Any CPU.ActiveCfg = Release|Any CPU
		{FF889900-BBCC-DDEE-FF00-112233445566}.Release|Any CPU.Build.0 = Release|Any CPU
		{00990011-CCDD-EEFF-0011-223344556677}.Debug|Any CPU.ActiveCfg = Debug|Any CPU
		{00990011-CCDD-EEFF-0011-223344556677}.Debug|Any CPU.Build.0 = Debug|Any CPU
		{00990011-CCDD-EEFF-0011-223344556677}.Release|Any CPU.ActiveCfg = Release|Any CPU
		{00990011-CCDD-EEFF-0011-223344556677}.Release|Any CPU.Build.0 = Release|Any CPU
	EndGlobalSection
	GlobalSection(NestedProjects) = preSolution
		{797F6419-CC8D-46D7-AEB3-334FCBA111E0} = {20F0B297-DD7E-436B-A300-D487885AEA89}
		{A1A1A1A1-A1A1-A1A1-A1A1-A1A1A1A1A1A1} = {20F0B297-DD7E-436B-A300-D487885AEA89}
		{15662D82-9845-456C-8C24-EBF286B6CFBA} = {797F6419-CC8D-46D7-AEB3-334FCBA111E0}
		{5C0DC10F-71F8-4D0F-9F36-483D1315D0D5} = {15662D82-9845-456C-8C24-EBF286B6CFBA}
		{668017C6-AE68-432B-A7B6-44D38362E8A9} = {15662D82-9845-456C-8C24-EBF286B6CFBA}
		{6F57FCF1-D1A4-46A3-83B4-40CD6A09A6C6} = {15662D82-9845-456C-8C24-EBF286B6CFBA}
		{AE12315C-777E-4C8F-850B-3BDE6CD45694} = {15662D82-9845-456C-8C24-EBF286B6CFBA}
		{CE45CBF0-98A7-440F-8F85-9F5CF094BCED} = {5C0DC10F-71F8-4D0F-9F36-483D1315D0D5}
		{87FF1A69-A4E2-41B4-9609-1608530CA5FE} = {5C0DC10F-71F8-4D0F-9F36-483D1315D0D5}
		{7A8B9C10-1122-3344-5566-778899AABBCC} = {797F6419-CC8D-46D7-AEB3-334FCBA111E0}
		{8B9C1011-2233-4455-6677-8899AABBCCDD} = {7A8B9C10-1122-3344-5566-778899AABBCC}
		{9A1B2C3D-4E5F-6789-ABCD-EF0123456789} = {8B9C1011-2233-4455-6677-8899AABBCCDD}
		{0B2C3D4E-5F67-89AB-CDEF-0123456789AB} = {8B9C1011-2233-4455-6677-8899AABBCCDD}
		{1C3D4E5F-6789-ABCD-EF01-23456789ABCD} = {7A8B9C10-1122-3344-5566-778899AABBCC}
		{2D4E5F67-89AB-CDEF-0123-456789ABCDEF} = {7A8B9C10-1122-3344-5566-778899AABBCC}
		{3E4F5678-9ABC-DEF0-1234-56789ABCDEF0} = {7A8B9C10-1122-3344-5566-778899AABBCC}
		{E2C8BBFB-9743-4DDE-8F8F-21E21AEC97F3} = {797F6419-CC8D-46D7-AEB3-334FCBA111E0}
		{724802B9-5CFB-429C-8452-171E16AB529E} = {E2C8BBFB-9743-4DDE-8F8F-21E21AEC97F3}
		{C74BD040-9007-4076-B427-D5358C1AD4A8} = {724802B9-5CFB-429C-8452-171E16AB529E}
		{4C1D5330-B168-49F9-BD58-EF1E627C4D81} = {724802B9-5CFB-429C-8452-171E16AB529E}
		{2270F8AC-2DD0-4A77-804B-D78F2079F988} = {E2C8BBFB-9743-4DDE-8F8F-21E21AEC97F3}
		{D062427D-967E-4954-8A58-8160A7DAD91F} = {E2C8BBFB-9743-4DDE-8F8F-21E21AEC97F3}
		{12B0CC79-3B9F-4F69-A488-63CF2133381C} = {E2C8BBFB-9743-4DDE-8F8F-21E21AEC97F3}
		{9687F9C6-358D-4998-A485-BEAD6DCE2A1F} = {797F6419-CC8D-46D7-AEB3-334FCBA111E0}
		{4F2A2971-41FB-45F1-9930-4541F5B6F7CB} = {9687F9C6-358D-4998-A485-BEAD6DCE2A1F}
		{0E96C52C-AEF0-4264-B8E0-3C10B3AE4476} = {4F2A2971-41FB-45F1-9930-4541F5B6F7CB}
		{E47E26C6-3F8C-4B29-83FC-7E78157B6F87} = {4F2A2971-41FB-45F1-9930-4541F5B6F7CB}
		{428A066D-34F5-4F62-88C1-C292B7815CDD} = {9687F9C6-358D-4998-A485-BEAD6DCE2A1F}
		{57DDE16A-74A5-4B81-857C-B4AC1D216037} = {9687F9C6-358D-4998-A485-BEAD6DCE2A1F}
		{150F40AA-36C1-42D8-8249-74BD57A736BA} = {9687F9C6-358D-4998-A485-BEAD6DCE2A1F}
		{BC23A71E-23E9-4167-AB1D-C9800FBC2416} = {797F6419-CC8D-46D7-AEB3-334FCBA111E0}
		{1E5905D7-83EF-420D-987A-10DF0759E71E} = {BC23A71E-23E9-4167-AB1D-C9800FBC2416}
		{D9FA76B5-6D48-4C5E-AE47-4B001266E896} = {1E5905D7-83EF-420D-987A-10DF0759E71E}
		{EC084BC0-E321-486C-900D-E2F80F2A0AEF} = {1E5905D7-83EF-420D-987A-10DF0759E71E}
		{75F6F9E2-3881-46C3-ABA5-354E3D7F8449} = {BC23A71E-23E9-4167-AB1D-C9800FBC2416}
		{D4FE8F6F-02CB-498C-A328-3ECB87FFB35A} = {BC23A71E-23E9-4167-AB1D-C9800FBC2416}
		{975D952B-2748-421A-80AD-25D9E23EBC05} = {BC23A71E-23E9-4167-AB1D-C9800FBC2416}
		{E64D81CE-9326-496B-B5B3-52F57DAC31B3} = {797F6419-CC8D-46D7-AEB3-334FCBA111E0}
		{558502FA-5723-45CC-AE02-CD697A0C07CC} = {E64D81CE-9326-496B-B5B3-52F57DAC31B3}
		{2F9F2ED7-0F96-4316-A2CA-8C03386802EB} = {558502FA-5723-45CC-AE02-CD697A0C07CC}
		{49C04D84-E53B-43F4-9FEE-6DB47C88D8E8} = {558502FA-5723-45CC-AE02-CD697A0C07CC}
		{4A3FB056-1825-4CD6-A9CD-F15F8C33EA80} = {E64D81CE-9326-496B-B5B3-52F57DAC31B3}
		{6961690B-9ED3-4337-8A54-EBCF796EC09F} = {E64D81CE-9326-496B-B5B3-52F57DAC31B3}
		{67B5D7FA-354C-4620-96AE-8D39F411C087} = {E64D81CE-9326-496B-B5B3-52F57DAC31B3}
		{6BEB4D28-7805-4F16-A417-0A82E42EB88A} = {797F6419-CC8D-46D7-AEB3-334FCBA111E0}
		{6FCC246C-C8FE-4D45-A1C8-CAB2309F3FC3} = {6BEB4D28-7805-4F16-A417-0A82E42EB88A}
		{C7BA325B-C736-4FC7-91C2-CFF0E72E3447} = {6FCC246C-C8FE-4D45-A1C8-CAB2309F3FC3}
		{D99E7C52-5116-4F8B-B987-638DB7383F07} = {6FCC246C-C8FE-4D45-A1C8-CAB2309F3FC3}
		{3D03A06E-1787-4885-9F42-4581354596E8} = {6BEB4D28-7805-4F16-A417-0A82E42EB88A}
		{B12507FB-3164-4396-911C-48D75950B991} = {6BEB4D28-7805-4F16-A417-0A82E42EB88A}
		{A9118C40-AC0F-42E5-811A-E651C1C5F285} = {6BEB4D28-7805-4F16-A417-0A82E42EB88A}
		{1F58840A-C164-4AC1-ABEB-1CDC7F5E3CA0} = {797F6419-CC8D-46D7-AEB3-334FCBA111E0}
		{234D91B9-584E-4D49-B77B-33144DEF7FAC} = {1F58840A-C164-4AC1-ABEB-1CDC7F5E3CA0}
		{324DBC3C-3FC6-448C-BB03-B6439BE6C0E0} = {234D91B9-584E-4D49-B77B-33144DEF7FAC}
		{D3D63686-091D-4DD9-8110-496BE1EC4D60} = {234D91B9-584E-4D49-B77B-33144DEF7FAC}
		{87FD006D-DFEF-4D5C-ABC9-BC0A230C7E3F} = {1F58840A-C164-4AC1-ABEB-1CDC7F5E3CA0}
		{EC5A96D7-6E29-4103-AADB-277C5DC9D4B0} = {1F58840A-C164-4AC1-ABEB-1CDC7F5E3CA0}
		{73A8DDFD-6404-4640-AD9B-DFED9998D0E6} = {1F58840A-C164-4AC1-ABEB-1CDC7F5E3CA0}
		{5AE5ED49-4D94-4714-A1D3-DA6A566A9186} = {797F6419-CC8D-46D7-AEB3-334FCBA111E0}
		{1F7363DF-84FB-40E4-8A24-F1BDED2219EF} = {5AE5ED49-4D94-4714-A1D3-DA6A566A9186}
		{D3220739-A5CB-4E3E-AEAD-A54DC824866C} = {5AE5ED49-4D94-4714-A1D3-DA6A566A9186}
		{FB02E8A7-A469-4EC9-ADDF-D0E9921197ED} = {5AE5ED49-4D94-4714-A1D3-DA6A566A9186}
		{CD38BA58-24EE-45BC-A08D-BDE0548EA1FE} = {5AE5ED49-4D94-4714-A1D3-DA6A566A9186}
		{DA734528-6CE5-4C31-91A6-C4E7282BC181} = {CD38BA58-24EE-45BC-A08D-BDE0548EA1FE}
		{BEE75783-90A8-467E-9058-69CCD420BA0C} = {CD38BA58-24EE-45BC-A08D-BDE0548EA1FE}
		{0617F1CB-1C77-4AE5-B64D-15A96430CE81} = {797F6419-CC8D-46D7-AEB3-334FCBA111E0}
		{CC6DD8FC-0109-4F55-9BA0-78CEBC41DA59} = {0617F1CB-1C77-4AE5-B64D-15A96430CE81}
		{64D09F85-7AA6-420E-B2A7-D79253998E18} = {20F0B297-DD7E-436B-A300-D487885AEA89}
		{5D5784FF-90C8-49B0-8CDC-B094C2A35EA5} = {64D09F85-7AA6-420E-B2A7-D79253998E18}
		{6170E121-758B-43FC-9740-2C911338B195} = {64D09F85-7AA6-420E-B2A7-D79253998E18}
		{873906AA-B22C-4B1B-B9DD-C665818B7FD9} = {DB2FB956-4A8E-411A-81DB-657A4B974D19}
		{D43CAFDE-A9AE-47A8-92F4-EEE3C699CAEC} = {DB2FB956-4A8E-411A-81DB-657A4B974D19}
		{F15148CB-13FE-48EC-A210-F32F36033013} = {DB2FB956-4A8E-411A-81DB-657A4B974D19}
		{7ADB3398-87C6-4E77-AC3D-439CF654785C} = {DB2FB956-4A8E-411A-81DB-657A4B974D19}
		{DB2FB956-4A8E-411A-81DB-657A4B974D19} = {797F6419-CC8D-46D7-AEB3-334FCBA111E0}
		{57E150EB-4AE8-41E8-B797-435EA99541B2} = {20F0B297-DD7E-436B-A300-D487885AEA89}
		{AA112233-4455-6677-8899-AABBCCDDEEFF} = {797F6419-CC8D-46D7-AEB3-334FCBA111E0}
		{BB112233-4455-6677-8899-AABBCCDDEEFF} = {AA112233-4455-6677-8899-AABBCCDDEEFF}
		{CC112233-4455-6677-8899-AABBCCDDEEFF} = {BB112233-4455-6677-8899-AABBCCDDEEFF}
		{DD112233-4455-6677-8899-AABBCCDDEEFF} = {BB112233-4455-6677-8899-AABBCCDDEEFF}
		{EE112233-4455-6677-8899-AABBCCDDEEFF} = {AA112233-4455-6677-8899-AABBCCDDEEFF}
		{FF112233-4455-6677-8899-AABBCCDDEEFF} = {AA112233-4455-6677-8899-AABBCCDDEEFF}
		{00223344-5566-7788-99AA-BBCCDDEEFF00} = {AA112233-4455-6677-8899-AABBCCDDEEFF}
		{AA223344-5566-7788-99BB-AABBCCDDEEF1} = {797F6419-CC8D-46D7-AEB3-334FCBA111E0}
		{BB334455-6677-8899-AACC-BBCCDDEEF112} = {AA223344-5566-7788-99BB-AABBCCDDEEF1}
		{CC445566-7788-99AA-BBDD-CCDDEEF11233} = {BB334455-6677-8899-AACC-BBCCDDEEF112}
		{DD556677-8899-AABB-CCEE-DDEEF1123344} = {BB334455-6677-8899-AACC-BBCCDDEEF112}
		{EE667788-99AA-BBCC-DDFF-EEF112334455} = {AA223344-5566-7788-99BB-AABBCCDDEEF1}
		{FF778899-AABB-CCDD-EE00-F11223344556} = {AA223344-5566-7788-99BB-AABBCCDDEEF1}
		{00889900-BBCC-DDEE-FF11-223344556677} = {AA223344-5566-7788-99BB-AABBCCDDEEF1}
		{AA334455-6677-8899-AABB-CCDDEEFF1100} = {797F6419-CC8D-46D7-AEB3-334FCBA111E0}
		{BB445566-7788-99AA-BBCC-DDEEFF110011} = {AA334455-6677-8899-AABB-CCDDEEFF1100}
		{CC556677-8899-AABB-CCDD-EEFF11001122} = {BB445566-7788-99AA-BBCC-DDEEFF110011}
		{DD667788-99AA-BBCC-DDEE-FF1100112233} = {BB445566-7788-99AA-BBCC-DDEEFF110011}
		{EE778899-AABB-CCDD-EEFF-001122334455} = {AA334455-6677-8899-AABB-CCDDEEFF1100}
		{FF889900-BBCC-DDEE-FF00-112233445566} = {AA334455-6677-8899-AABB-CCDDEEFF1100}
		{00990011-CCDD-EEFF-0011-223344556677} = {AA334455-6677-8899-AABB-CCDDEEFF1100}
	EndGlobalSection
	GlobalSection(SolutionProperties) = preSolution
		HideSolutionNode = FALSE
	EndGlobalSection
EndGlobal
