Microsoft Visual Studio Solution File, Format Version 12.00
# Visual Studio Version 17
VisualStudioVersion = 17.5.2.0
MinimumVisualStudioVersion = 10.0.40219.1
Project("{2150E333-8FDC-42A3-9474-1A3956D46DE8}") = "src", "src", "{827E0CD3-B72D-47B6-A68D-7590B98EB39B}"
EndProject
Project("{FAE04EC0-301F-11D3-BF4B-00C04F79EFBC}") = "BSOFT.Api", "src\BSOFT.Api\BSOFT.Api.csproj", "{32DFF621-665D-5970-49FD-5001A1FFA3EF}"
EndProject
Project("{FAE04EC0-301F-11D3-BF4B-00C04F79EFBC}") = "BSOFT.Worker", "src\BSOFT.Worker\BSOFT.Worker.csproj", "{45726528-4BE6-8FAB-D7A0-411C866F6B16}"
EndProject
Project("{2150E333-8FDC-42A3-9474-1A3956D46DE8}") = "Shared", "Shared", "{C8E42992-5E42-0C2B-DBFE-AA848D06431C}"
EndProject
Project("{FAE04EC0-301F-11D3-BF4B-00C04F79EFBC}") = "Contracts", "src\Shared\Contracts\Contracts.csproj", "{803A92E1-07A0-164F-0DC8-23D11B932F75}"
EndProject
Project("{FAE04EC0-301F-11D3-BF4B-00C04F79EFBC}") = "Shared.Infrastructure", "src\Shared\Shared.Infrastructure\Shared.Infrastructure.csproj", "{BD5BD7A0-B8E3-CBD1-2F97-8AA0383C6188}"
EndProject
Project("{FAE04EC0-301F-11D3-BF4B-00C04F79EFBC}") = "Shared.Validation", "src\Shared\Shared.Validation\Shared.Validation.csproj", "{32D4DFE7-A53C-077F-99CE-40D46AEFA89C}"
EndProject
Project("{2150E333-8FDC-42A3-9474-1A3956D46DE8}") = "tests", "tests", "{CEA09484-30F6-4D44-02F6-822E06DBC57C}"
EndProject
Project("{FAE04EC0-301F-11D3-BF4B-00C04F79EFBC}") = "SalesManagement.IntegrationTests", "src\tests\SalesManagement.IntegrationTests\SalesManagement.IntegrationTests.csproj", "{B67DFBD5-7A15-5582-3CB1-A9D2C7E32F95}"
EndProject
Project("{FAE04EC0-301F-11D3-BF4B-00C04F79EFBC}") = "SalesManagement.UnitTests", "src\tests\SalesManagement.UnitTests\SalesManagement.UnitTests.csproj", "{311C2FF0-815E-E23B-FA59-0238817C0786}"
EndProject
Project("{FAE04EC0-301F-11D3-BF4B-00C04F79EFBC}") = "UserManagement.IntegrationTests", "src\tests\UserManagement.IntegrationTests\UserManagement.IntegrationTests.csproj", "{F70AB941-9439-C3B5-DC86-77498A6FDAA4}"
EndProject
Project("{FAE04EC0-301F-11D3-BF4B-00C04F79EFBC}") = "UserManagement.UnitTests", "src\tests\UserManagement.UnitTests\UserManagement.UnitTests.csproj", "{A5566FDB-BE86-DB0F-516E-7D7256F4D225}"
EndProject
Project("{2150E333-8FDC-42A3-9474-1A3956D46DE8}") = "Modules", "Modules", "{EC447DCF-ABFA-6E24-52A5-D7FD48A5C558}"
EndProject
Project("{2150E333-8FDC-42A3-9474-1A3956D46DE8}") = "BackgroundService", "BackgroundService", "{CD8A6D4D-190D-6272-5771-59B3D0855C7E}"
EndProject
Project("{FAE04EC0-301F-11D3-BF4B-00C04F79EFBC}") = "BackgroundService.Application", "src\Modules\BackgroundService\BackgroundService.Application\BackgroundService.Application.csproj", "{E1130FC1-30F5-BBEA-FB03-5BD0B443207F}"
EndProject
Project("{FAE04EC0-301F-11D3-BF4B-00C04F79EFBC}") = "BackgroundService.Domain", "src\Modules\BackgroundService\BackgroundService.Domain\BackgroundService.Domain.csproj", "{26005642-D5CF-2CB6-26C4-E4E3B567866F}"
EndProject
Project("{FAE04EC0-301F-11D3-BF4B-00C04F79EFBC}") = "BackgroundService.Infrastructure", "src\Modules\BackgroundService\BackgroundService.Infrastructure\BackgroundService.Infrastructure.csproj", "{0A4BE2E9-3AF4-3310-3527-D3B6C417B22F}"
EndProject
Project("{FAE04EC0-301F-11D3-BF4B-00C04F79EFBC}") = "BackgroundService.Presentation", "src\Modules\BackgroundService\BackgroundService.Presentation\BackgroundService.Presentation.csproj", "{391C4E66-3ADD-A7A1-83F9-3ACBF501D862}"
EndProject
Project("{2150E333-8FDC-42A3-9474-1A3956D46DE8}") = "BudgetManagement", "BudgetManagement", "{AAACEED5-8857-A559-5EAF-9BC6BC7BB866}"
EndProject
Project("{FAE04EC0-301F-11D3-BF4B-00C04F79EFBC}") = "BudgetManagement.Infrastructure", "src\Modules\BudgetManagement\BudgetManagement.Infrastructure\BudgetManagement.Infrastructure.csproj", "{1E6F0C12-AD04-47E1-927D-E91F877F2ADF}"
EndProject
Project("{FAE04EC0-301F-11D3-BF4B-00C04F79EFBC}") = "BudgetManagement.Module", "src\Modules\BudgetManagement\BudgetManagement.Module\BudgetManagement.Module.csproj", "{866800D0-D424-CCA5-7A8B-F5D96930CA5D}"
EndProject
Project("{FAE04EC0-301F-11D3-BF4B-00C04F79EFBC}") = "BudgetManagement.Presentation", "src\Modules\BudgetManagement\BudgetManagement.Presentation\BudgetManagement.Presentation.csproj", "{06B4655B-18B3-06DD-AC3A-22ABF07EEEF3}"
EndProject
Project("{2150E333-8FDC-42A3-9474-1A3956D46DE8}") = "FinanceManagement", "FinanceManagement", "{AFF3C856-E10D-B05D-1133-F9C1DCFB50FF}"
EndProject
Project("{FAE04EC0-301F-11D3-BF4B-00C04F79EFBC}") = "FinanceManagement.Infrastructure", "src\Modules\FinanceManagement\FinanceManagement.Infrastructure\FinanceManagement.Infrastructure.csproj", "{DCA22089-7DCA-C231-8A24-8016DDE044CC}"
EndProject
Project("{FAE04EC0-301F-11D3-BF4B-00C04F79EFBC}") = "FinanceManagement.Module", "src\Modules\FinanceManagement\FinanceManagement.Module\FinanceManagement.Module.csproj", "{D0B1BB19-4426-16C3-6834-661B983E4EAF}"
EndProject
Project("{FAE04EC0-301F-11D3-BF4B-00C04F79EFBC}") = "FinanceManagement.Presentation", "src\Modules\FinanceManagement\FinanceManagement.Presentation\FinanceManagement.Presentation.csproj", "{BCABAFC9-D90A-E9EE-9ABA-E4F0596FB511}"
EndProject
Project("{2150E333-8FDC-42A3-9474-1A3956D46DE8}") = "FixedAssetManagement", "FixedAssetManagement", "{1B987197-91EC-25F9-614B-546D5C51A805}"
EndProject
Project("{FAE04EC0-301F-11D3-BF4B-00C04F79EFBC}") = "FAM.Infrastructure", "src\Modules\FixedAssetManagement\FAM.Infrastructure\FAM.Infrastructure.csproj", "{691D14DD-47C1-12B1-86B9-B3111235F0BA}"
EndProject
Project("{FAE04EC0-301F-11D3-BF4B-00C04F79EFBC}") = "FAM.Presentation", "src\Modules\FixedAssetManagement\FAM.Presentation\FAM.Presentation.csproj", "{D18E84EF-5277-3803-65BB-9DDEECD971D4}"
EndProject
Project("{FAE04EC0-301F-11D3-BF4B-00C04F79EFBC}") = "FixedAssetManagement.Module", "src\Modules\FixedAssetManagement\FixedAssetManagement.Module\FixedAssetManagement.Module.csproj", "{129DEC0E-CE0C-94C0-77D1-957686187F12}"
EndProject
Project("{2150E333-8FDC-42A3-9474-1A3956D46DE8}") = "GateEntryManagement", "GateEntryManagement", "{7922AD9F-9F66-9E38-020C-6DE507130DFC}"
EndProject
Project("{FAE04EC0-301F-11D3-BF4B-00C04F79EFBC}") = "GateEntryManagement.Infrastructure", "src\Modules\GateEntryManagement\GateEntryManagement.Infrastructure\GateEntryManagement.Infrastructure.csproj", "{926B2A59-424F-E5DD-7611-897F0BE5F364}"
EndProject
Project("{FAE04EC0-301F-11D3-BF4B-00C04F79EFBC}") = "GateEntryManagement.Module", "src\Modules\GateEntryManagement\GateEntryManagement.Module\GateEntryManagement.Module.csproj", "{B39B5154-A721-2CEA-08EA-12929B1BFB60}"
EndProject
Project("{FAE04EC0-301F-11D3-BF4B-00C04F79EFBC}") = "GateEntryManagement.Presentation", "src\Modules\GateEntryManagement\GateEntryManagement.Presentation\GateEntryManagement.Presentation.csproj", "{0148A5D7-9001-DC48-1FE6-1A68E3B28024}"
EndProject
Project("{2150E333-8FDC-42A3-9474-1A3956D46DE8}") = "InventoryManagement", "InventoryManagement", "{1542B69A-D4C3-559C-B51B-CCF007D3D113}"
EndProject
Project("{FAE04EC0-301F-11D3-BF4B-00C04F79EFBC}") = "InventoryManagement.Infrastructure", "src\Modules\InventoryManagement\InventoryManagement.Infrastructure\InventoryManagement.Infrastructure.csproj", "{E2BAD1F4-FF59-EA45-495D-19B008CEED18}"
EndProject
Project("{FAE04EC0-301F-11D3-BF4B-00C04F79EFBC}") = "InventoryManagement.Module", "src\Modules\InventoryManagement\InventoryManagement.Module\InventoryManagement.Module.csproj", "{02A1CB6C-699C-3C34-C9D9-6C7365C7C2A2}"
EndProject
Project("{FAE04EC0-301F-11D3-BF4B-00C04F79EFBC}") = "InventoryManagement.Presentation", "src\Modules\InventoryManagement\InventoryManagement.Presentation\InventoryManagement.Presentation.csproj", "{2DFE04CC-3086-1EA6-8F46-5B201EEA56B0}"
EndProject
Project("{2150E333-8FDC-42A3-9474-1A3956D46DE8}") = "MaintenanceManagement", "MaintenanceManagement", "{2768C2FE-623B-F1FF-CE3A-2FBCAC68495A}"
EndProject
Project("{FAE04EC0-301F-11D3-BF4B-00C04F79EFBC}") = "MaintenanceManagement.Infrastructure", "src\Modules\MaintenanceManagement\MaintenanceManagement.Infrastructure\MaintenanceManagement.Infrastructure.csproj", "{0FE180B1-A75A-8864-528C-4484F1128245}"
EndProject
Project("{FAE04EC0-301F-11D3-BF4B-00C04F79EFBC}") = "MaintenanceManagement.Module", "src\Modules\MaintenanceManagement\MaintenanceManagement.Module\MaintenanceManagement.Module.csproj", "{1311272F-DBA2-4F96-7146-8C86FE2C474A}"
EndProject
Project("{FAE04EC0-301F-11D3-BF4B-00C04F79EFBC}") = "MaintenanceManagement.Presentation", "src\Modules\MaintenanceManagement\MaintenanceManagement.Presentation\MaintenanceManagement.Presentation.csproj", "{6E47EE3F-ED0A-B91B-278D-352D46C86BA1}"
EndProject
Project("{2150E333-8FDC-42A3-9474-1A3956D46DE8}") = "PartyManagement", "PartyManagement", "{89703466-774F-CBBF-BFC2-0D7A9D7D06AF}"
EndProject
Project("{FAE04EC0-301F-11D3-BF4B-00C04F79EFBC}") = "PartyManagement.Infrastructure", "src\Modules\PartyManagement\PartyManagement.Infrastructure\PartyManagement.Infrastructure.csproj", "{31DD1035-0D4B-47B9-BBF9-5D25BE7AE423}"
EndProject
Project("{FAE04EC0-301F-11D3-BF4B-00C04F79EFBC}") = "PartyManagement.Module", "src\Modules\PartyManagement\PartyManagement.Module\PartyManagement.Module.csproj", "{5256B36A-4C58-A39E-805B-BA1332973F43}"
EndProject
Project("{FAE04EC0-301F-11D3-BF4B-00C04F79EFBC}") = "PartyManagement.Presentation", "src\Modules\PartyManagement\PartyManagement.Presentation\PartyManagement.Presentation.csproj", "{CEC43555-CF53-8A29-9211-C80A854A7EEF}"
EndProject
Project("{2150E333-8FDC-42A3-9474-1A3956D46DE8}") = "ProductionManagement", "ProductionManagement", "{B24FF1CA-A5EE-D40C-9449-6CFAB9CF1FAA}"
EndProject
Project("{FAE04EC0-301F-11D3-BF4B-00C04F79EFBC}") = "ProductionManagement.Infrastructure", "src\Modules\ProductionManagement\ProductionManagement.Infrastructure\ProductionManagement.Infrastructure.csproj", "{25E690C9-4D80-D8CA-84A1-92DC74C52A42}"
EndProject
Project("{FAE04EC0-301F-11D3-BF4B-00C04F79EFBC}") = "ProductionManagement.Module", "src\Modules\ProductionManagement\ProductionManagement.Module\ProductionManagement.Module.csproj", "{1F2C53DF-EBDB-9C32-66C3-48C2A06B53CD}"
EndProject
Project("{FAE04EC0-301F-11D3-BF4B-00C04F79EFBC}") = "ProductionManagement.Presentation", "src\Modules\ProductionManagement\ProductionManagement.Presentation\ProductionManagement.Presentation.csproj", "{D84DEC40-C681-24CD-F4F4-62D336F08096}"
EndProject
Project("{2150E333-8FDC-42A3-9474-1A3956D46DE8}") = "ProjectManagement", "ProjectManagement", "{CA0D0B73-F1EC-F12F-54BA-8DF761F62CA4}"
EndProject
Project("{FAE04EC0-301F-11D3-BF4B-00C04F79EFBC}") = "ProjectManagement.Infrastructure", "src\Modules\ProjectManagement\ProjectManagement.Infrastructure\ProjectManagement.Infrastructure.csproj", "{4BAB1F6B-86C0-B487-0324-0D3442FD49F9}"
EndProject
Project("{FAE04EC0-301F-11D3-BF4B-00C04F79EFBC}") = "ProjectManagement.Module", "src\Modules\ProjectManagement\ProjectManagement.Module\ProjectManagement.Module.csproj", "{F1EBD3F0-503C-07F9-A6E6-B923828972B7}"
EndProject
Project("{FAE04EC0-301F-11D3-BF4B-00C04F79EFBC}") = "ProjectManagement.Presentation", "src\Modules\ProjectManagement\ProjectManagement.Presentation\ProjectManagement.Presentation.csproj", "{E4AD6F2F-357F-A630-8AFF-B08712CA2C0B}"
EndProject
Project("{2150E333-8FDC-42A3-9474-1A3956D46DE8}") = "PurchaseManagement", "PurchaseManagement", "{02E4CDA8-9DE6-2B50-DD7C-5F3E13963626}"
EndProject
Project("{FAE04EC0-301F-11D3-BF4B-00C04F79EFBC}") = "PurchaseManagement.Infrastructure", "src\Modules\PurchaseManagement\PurchaseManagement.Infrastructure\PurchaseManagement.Infrastructure.csproj", "{F9EF663A-B775-CC8F-665C-5C1CC6140587}"
EndProject
Project("{FAE04EC0-301F-11D3-BF4B-00C04F79EFBC}") = "PurchaseManagement.Module", "src\Modules\PurchaseManagement\PurchaseManagement.Module\PurchaseManagement.Module.csproj", "{BDEAE523-4B6E-0DD2-E3F1-45188A002A13}"
EndProject
Project("{FAE04EC0-301F-11D3-BF4B-00C04F79EFBC}") = "PurchaseManagement.Presentation", "src\Modules\PurchaseManagement\PurchaseManagement.Presentation\PurchaseManagement.Presentation.csproj", "{FCFB7909-1626-89F8-19CE-5E769BA7B0E4}"
EndProject
Project("{2150E333-8FDC-42A3-9474-1A3956D46DE8}") = "SalesManagement", "SalesManagement", "{2EE71F33-7848-2CEA-989B-F14D06E37674}"
EndProject
Project("{FAE04EC0-301F-11D3-BF4B-00C04F79EFBC}") = "SalesManagement.Infrastructure", "src\Modules\SalesManagement\SalesManagement.Infrastructure\SalesManagement.Infrastructure.csproj", "{76452915-29CE-020C-BB10-169A56965222}"
EndProject
Project("{FAE04EC0-301F-11D3-BF4B-00C04F79EFBC}") = "SalesManagement.Module", "src\Modules\SalesManagement\SalesManagement.Module\SalesManagement.Module.csproj", "{898361C0-CF71-CAAA-8AD4-FBDD21D15C23}"
EndProject
Project("{FAE04EC0-301F-11D3-BF4B-00C04F79EFBC}") = "SalesManagement.Presentation", "src\Modules\SalesManagement\SalesManagement.Presentation\SalesManagement.Presentation.csproj", "{CE2115C8-21E6-6841-801C-4675C9D87A16}"
EndProject
Project("{2150E333-8FDC-42A3-9474-1A3956D46DE8}") = "UserManagement", "UserManagement", "{F0EECECE-E7AF-469A-3DD3-7F1A8CA7A7AC}"
EndProject
Project("{FAE04EC0-301F-11D3-BF4B-00C04F79EFBC}") = "UserManagement.Infrastructure", "src\Modules\UserManagement\UserManagement.Infrastructure\UserManagement.Infrastructure.csproj", "{72C072B1-3755-564F-9807-CBE820BAFCA6}"
EndProject
Project("{FAE04EC0-301F-11D3-BF4B-00C04F79EFBC}") = "UserManagement.Module", "src\Modules\UserManagement\UserManagement.Module\UserManagement.Module.csproj", "{BACE6FA8-C63D-0D05-5FD7-F802BF71BC0C}"
EndProject
Project("{FAE04EC0-301F-11D3-BF4B-00C04F79EFBC}") = "UserManagement.Presentation", "src\Modules\UserManagement\UserManagement.Presentation\UserManagement.Presentation.csproj", "{CCA5B5BE-3AC9-7A94-48A0-2446331D3CCF}"
EndProject
Project("{2150E333-8FDC-42A3-9474-1A3956D46DE8}") = "WarehouseManagement", "WarehouseManagement", "{8275B70E-9165-B08D-1622-E183AFF24075}"
EndProject
Project("{FAE04EC0-301F-11D3-BF4B-00C04F79EFBC}") = "WarehouseManagement.Infrastructure", "src\Modules\WarehouseManagement\WarehouseManagement.Infrastructure\WarehouseManagement.Infrastructure.csproj", "{C6FFD55E-8F76-7F87-1BCC-9785947B7706}"
EndProject
Project("{FAE04EC0-301F-11D3-BF4B-00C04F79EFBC}") = "WarehouseManagement.Module", "src\Modules\WarehouseManagement\WarehouseManagement.Module\WarehouseManagement.Module.csproj", "{A4DC8FD2-51BC-80C0-5483-C4D5CB2AD18F}"
EndProject
Project("{FAE04EC0-301F-11D3-BF4B-00C04F79EFBC}") = "WarehouseManagement.Presentation", "src\Modules\WarehouseManagement\WarehouseManagement.Presentation\WarehouseManagement.Presentation.csproj", "{6E0A8C7F-1D58-2FBE-78A3-E8421CA8A150}"
EndProject
Project("{2150E333-8FDC-42A3-9474-1A3956D46DE8}") = "Core", "Core", "{6D376165-38FF-B318-2FEF-BB7A7E2BB80F}"
EndProject
Project("{FAE04EC0-301F-11D3-BF4B-00C04F79EFBC}") = "BudgetManagement.Application", "src\Modules\BudgetManagement\Core\BudgetManagement.Application\BudgetManagement.Application.csproj", "{A93332B4-49F2-6E84-9858-7B89D771F391}"
EndProject
Project("{FAE04EC0-301F-11D3-BF4B-00C04F79EFBC}") = "BudgetManagement.Domain", "src\Modules\BudgetManagement\Core\BudgetManagement.Domain\BudgetManagement.Domain.csproj", "{4E6F064E-92B5-0D9B-ECE2-117454F48ECC}"
EndProject
Project("{2150E333-8FDC-42A3-9474-1A3956D46DE8}") = "Core", "Core", "{2A088350-463F-5785-07F3-88D38D947EE4}"
EndProject
Project("{FAE04EC0-301F-11D3-BF4B-00C04F79EFBC}") = "FinanceManagement.Application", "src\Modules\FinanceManagement\Core\FinanceManagement.Application\FinanceManagement.Application.csproj", "{9C8859B2-0788-FCC0-93B5-E798ED009742}"
EndProject
Project("{FAE04EC0-301F-11D3-BF4B-00C04F79EFBC}") = "FinanceManagement.Domain", "src\Modules\FinanceManagement\Core\FinanceManagement.Domain\FinanceManagement.Domain.csproj", "{8B93E950-73A9-4521-C8AA-158F9C09A9D5}"
EndProject
Project("{2150E333-8FDC-42A3-9474-1A3956D46DE8}") = "Core", "Core", "{7AE349FB-C914-EE31-FCFC-E5B7B852B8CC}"
EndProject
Project("{FAE04EC0-301F-11D3-BF4B-00C04F79EFBC}") = "FAM.Application", "src\Modules\FixedAssetManagement\Core\FAM.Application\FAM.Application.csproj", "{AC1E0518-B17E-9677-8E39-99AAD57FCF27}"
EndProject
Project("{FAE04EC0-301F-11D3-BF4B-00C04F79EFBC}") = "FAM.Domain", "src\Modules\FixedAssetManagement\Core\FAM.Domain\FAM.Domain.csproj", "{DCF02AA9-1F4D-9315-D5E2-201DF36342D2}"
EndProject
Project("{2150E333-8FDC-42A3-9474-1A3956D46DE8}") = "Core", "Core", "{D549CE79-53D6-3706-1043-0927882ADD78}"
EndProject
Project("{FAE04EC0-301F-11D3-BF4B-00C04F79EFBC}") = "GateEntryManagement.Application", "src\Modules\GateEntryManagement\Core\GateEntryManagement.Application\GateEntryManagement.Application.csproj", "{53B615EB-5A69-38FD-D016-75C03EB4D6AD}"
EndProject
Project("{FAE04EC0-301F-11D3-BF4B-00C04F79EFBC}") = "GateEntryManagement.Domain", "src\Modules\GateEntryManagement\Core\GateEntryManagement.Domain\GateEntryManagement.Domain.csproj", "{A498A571-F00E-79F4-7C33-FC5BD64B7B02}"
EndProject
Project("{2150E333-8FDC-42A3-9474-1A3956D46DE8}") = "Core", "Core", "{4F7252CC-9F0A-A178-B663-16943D15C919}"
EndProject
Project("{FAE04EC0-301F-11D3-BF4B-00C04F79EFBC}") = "InventoryManagement.Application", "src\Modules\InventoryManagement\Core\InventoryManagement.Application\InventoryManagement.Application.csproj", "{359BEF6B-FC63-3761-9ACB-12428980F05C}"
EndProject
Project("{FAE04EC0-301F-11D3-BF4B-00C04F79EFBC}") = "InventoryManagement.Domain", "src\Modules\InventoryManagement\Core\InventoryManagement.Domain\InventoryManagement.Domain.csproj", "{1914799F-E4EC-6659-7230-66415EB9E13F}"
EndProject
Project("{2150E333-8FDC-42A3-9474-1A3956D46DE8}") = "Core", "Core", "{C29994F7-6C08-CB85-3BF7-51647F6C3C6E}"
EndProject
Project("{FAE04EC0-301F-11D3-BF4B-00C04F79EFBC}") = "MaintenanceManagement.Application", "src\Modules\MaintenanceManagement\Core\MaintenanceManagement.Application\MaintenanceManagement.Application.csproj", "{2AE60DC4-3D5F-938B-C0E2-3D04A112CF72}"
EndProject
Project("{FAE04EC0-301F-11D3-BF4B-00C04F79EFBC}") = "MaintenanceManagement.Domain", "src\Modules\MaintenanceManagement\Core\MaintenanceManagement.Domain\MaintenanceManagement.Domain.csproj", "{74E93E03-554A-59CA-F6CC-9914EE1BDB53}"
EndProject
Project("{2150E333-8FDC-42A3-9474-1A3956D46DE8}") = "Core", "Core", "{5DDAFA65-C8C1-BF2D-4BAF-BBE345E02142}"
EndProject
Project("{FAE04EC0-301F-11D3-BF4B-00C04F79EFBC}") = "PartyManagement.Application", "src\Modules\PartyManagement\Core\PartyManagement.Application\PartyManagement.Application.csproj", "{4DACA8C6-3FC8-677E-DD29-58583C74D2C6}"
EndProject
Project("{FAE04EC0-301F-11D3-BF4B-00C04F79EFBC}") = "PartyManagement.Domain", "src\Modules\PartyManagement\Core\PartyManagement.Domain\PartyManagement.Domain.csproj", "{A24BAEB7-CC29-91D0-079B-146906232C2E}"
EndProject
Project("{2150E333-8FDC-42A3-9474-1A3956D46DE8}") = "Core", "Core", "{2A61979D-EF8A-988E-EB35-98645DB90A6E}"
EndProject
Project("{FAE04EC0-301F-11D3-BF4B-00C04F79EFBC}") = "ProductionManagement.Application", "src\Modules\ProductionManagement\Core\ProductionManagement.Application\ProductionManagement.Application.csproj", "{E27FD5AF-5F91-BD88-29CA-47F846243E25}"
EndProject
Project("{FAE04EC0-301F-11D3-BF4B-00C04F79EFBC}") = "ProductionManagement.Domain", "src\Modules\ProductionManagement\Core\ProductionManagement.Domain\ProductionManagement.Domain.csproj", "{C051A0F9-5FA3-9E62-533F-7BA51AA35C53}"
EndProject
Project("{2150E333-8FDC-42A3-9474-1A3956D46DE8}") = "Core", "Core", "{CCEDE509-0304-DE7E-5054-D505CD6CC0A4}"
EndProject
Project("{FAE04EC0-301F-11D3-BF4B-00C04F79EFBC}") = "ProjectManagement.Application", "src\Modules\ProjectManagement\Core\ProjectManagement.Application\ProjectManagement.Application.csproj", "{4160D7E5-7E1F-8ABF-5D6B-D7FC742C8E82}"
EndProject
Project("{FAE04EC0-301F-11D3-BF4B-00C04F79EFBC}") = "ProjectManagement.Domain", "src\Modules\ProjectManagement\Core\ProjectManagement.Domain\ProjectManagement.Domain.csproj", "{979C68E3-0B84-FD56-BBC8-95CD0EC55006}"
EndProject
Project("{2150E333-8FDC-42A3-9474-1A3956D46DE8}") = "Core", "Core", "{5B9632D2-B411-B1BB-93A0-C0225B10F0FF}"
EndProject
Project("{FAE04EC0-301F-11D3-BF4B-00C04F79EFBC}") = "PurchaseManagement.Application", "src\Modules\PurchaseManagement\Core\PurchaseManagement.Application\PurchaseManagement.Application.csproj", "{FECA5466-D29C-D528-BA63-5B7379DCBAF7}"
EndProject
Project("{FAE04EC0-301F-11D3-BF4B-00C04F79EFBC}") = "PurchaseManagement.Domain", "src\Modules\PurchaseManagement\Core\PurchaseManagement.Domain\PurchaseManagement.Domain.csproj", "{2A8A8CD0-C98B-F08F-A371-85508CE6A25B}"
EndProject
Project("{2150E333-8FDC-42A3-9474-1A3956D46DE8}") = "Core", "Core", "{A79784B0-3367-0350-B971-A71505711CB7}"
EndProject
Project("{FAE04EC0-301F-11D3-BF4B-00C04F79EFBC}") = "SalesManagement.Application", "src\Modules\SalesManagement\Core\SalesManagement.Application\SalesManagement.Application.csproj", "{8E421552-02E8-A60A-9113-4C6F1D1A08F8}"
EndProject
Project("{FAE04EC0-301F-11D3-BF4B-00C04F79EFBC}") = "SalesManagement.Domain", "src\Modules\SalesManagement\Core\SalesManagement.Domain\SalesManagement.Domain.csproj", "{A7F9A21E-5D9E-ABF2-7509-90CB994B1151}"
EndProject
Project("{2150E333-8FDC-42A3-9474-1A3956D46DE8}") = "Core", "Core", "{EDA2A548-8824-2A6D-3161-4D6BB0B321DC}"
EndProject
Project("{FAE04EC0-301F-11D3-BF4B-00C04F79EFBC}") = "UserManagement.Application", "src\Modules\UserManagement\Core\UserManagement.Application\UserManagement.Application.csproj", "{97C9BB57-812B-340A-4F8B-8ED85AFE4DE3}"
EndProject
Project("{FAE04EC0-301F-11D3-BF4B-00C04F79EFBC}") = "UserManagement.Domain", "src\Modules\UserManagement\Core\UserManagement.Domain\UserManagement.Domain.csproj", "{8406A6A4-E23B-F994-2811-676D7671E4FA}"
EndProject
Project("{2150E333-8FDC-42A3-9474-1A3956D46DE8}") = "Core", "Core", "{BCDAB3F7-FF2F-224A-C0BA-DBE448094C4D}"
EndProject
Project("{FAE04EC0-301F-11D3-BF4B-00C04F79EFBC}") = "WarehouseManagement.Application", "src\Modules\WarehouseManagement\Core\WarehouseManagement.Application\WarehouseManagement.Application.csproj", "{8145FE5E-2239-8C9A-D912-0A326A7D92E8}"
EndProject
Project("{FAE04EC0-301F-11D3-BF4B-00C04F79EFBC}") = "WarehouseManagement.Domain", "src\Modules\WarehouseManagement\Core\WarehouseManagement.Domain\WarehouseManagement.Domain.csproj", "{B8DD7462-A020-A40C-C942-1D4B4506294C}"
EndProject
Project("{FAE04EC0-301F-11D3-BF4B-00C04F79EFBC}") = "PurchaseManagement.UnitTests", "src\tests\PurchaseManagement.UnitTests\PurchaseManagement.UnitTests.csproj", "{CEB214BE-5FC1-40A2-91CD-095B6EC6245C}"
EndProject
Project("{FAE04EC0-301F-11D3-BF4B-00C04F79EFBC}") = "InventoryManagement.UnitTests", "src\tests\InventoryManagement.UnitTests\InventoryManagement.UnitTests.csproj", "{C54E5880-EEAC-47FC-9A79-DE9C501974CD}"
EndProject
Project("{FAE04EC0-301F-11D3-BF4B-00C04F79EFBC}") = "PartyManagement.UnitTests", "src\tests\PartyManagement.UnitTests\PartyManagement.UnitTests.csproj", "{9753AFAF-7AAE-42E0-880F-FEF4A8F84E6E}"
EndProject
Project("{FAE04EC0-301F-11D3-BF4B-00C04F79EFBC}") = "FixedAssetManagement.UnitTests", "src\tests\FixedAssetManagement.UnitTests\FixedAssetManagement.UnitTests.csproj", "{7AC2E168-B549-4538-8486-33CCF15CBAFD}"
EndProject
Project("{2150E333-8FDC-42A3-9474-1A3956D46DE8}") = "tests", "tests", "{2C9917BF-461C-4E1E-A8CB-2EA9CFC61779}"
EndProject
Project("{FAE04EC0-301F-11D3-BF4B-00C04F79EFBC}") = "MaintenanceManagement.UnitTests", "src\tests\MaintenanceManagement.UnitTests\MaintenanceManagement.UnitTests.csproj", "{02EBFBE0-B8BE-4CEF-93CB-D77A8C0D749B}"
EndProject
Project("{FAE04EC0-301F-11D3-BF4B-00C04F79EFBC}") = "ProjectManagement.UnitTests", "src\tests\ProjectManagement.UnitTests\ProjectManagement.UnitTests.csproj", "{847CCBCC-87AD-4B62-B245-AAF628331B40}"
EndProject
Project("{FAE04EC0-301F-11D3-BF4B-00C04F79EFBC}") = "BudgetManagement.UnitTests", "src\tests\BudgetManagement.UnitTests\BudgetManagement.UnitTests.csproj", "{835111A7-21CE-4719-AE6F-E52525959753}"
EndProject
Project("{FAE04EC0-301F-11D3-BF4B-00C04F79EFBC}") = "WarehouseManagement.UnitTests", "src\tests\WarehouseManagement.UnitTests\WarehouseManagement.UnitTests.csproj", "{BC78133D-5AE2-42BE-AF15-390FD43020B7}"
EndProject
Project("{FAE04EC0-301F-11D3-BF4B-00C04F79EFBC}") = "ProjectManagement.IntegrationTests", "src\tests\ProjectManagement.IntegrationTests\ProjectManagement.IntegrationTests.csproj", "{8FD7EEEE-547F-4A4D-BE6A-92C03BC01E0F}"
EndProject
Project("{FAE04EC0-301F-11D3-BF4B-00C04F79EFBC}") = "PurchaseManagement.IntegrationTests", "src\tests\PurchaseManagement.IntegrationTests\PurchaseManagement.IntegrationTests.csproj", "{F8460158-345F-41C7-8B73-7E458477C47F}"
EndProject
Project("{FAE04EC0-301F-11D3-BF4B-00C04F79EFBC}") = "InventoryManagement.IntegrationTests", "src\tests\InventoryManagement.IntegrationTests\InventoryManagement.IntegrationTests.csproj", "{EDF9B7DC-CAC4-4FFC-ADB5-44F64BC18627}"
EndProject
Project("{FAE04EC0-301F-11D3-BF4B-00C04F79EFBC}") = "PartyManagement.IntegrationTests", "src\tests\PartyManagement.IntegrationTests\PartyManagement.IntegrationTests.csproj", "{491BBC16-D2B6-46A6-A384-5DD9E1E0DE78}"
EndProject
Project("{FAE04EC0-301F-11D3-BF4B-00C04F79EFBC}") = "FixedAssetManagement.IntegrationTests", "src\tests\FixedAssetManagement.IntegrationTests\FixedAssetManagement.IntegrationTests.csproj", "{3D7D1895-78AB-4B30-B73B-1FA5D325C7A2}"
EndProject
Project("{FAE04EC0-301F-11D3-BF4B-00C04F79EFBC}") = "MaintenanceManagement.IntegrationTests", "src\tests\MaintenanceManagement.IntegrationTests\MaintenanceManagement.IntegrationTests.csproj", "{A1704067-E92A-4C67-9598-288A9EC71147}"
EndProject
Project("{FAE04EC0-301F-11D3-BF4B-00C04F79EFBC}") = "WarehouseManagement.IntegrationTests", "src\tests\WarehouseManagement.IntegrationTests\WarehouseManagement.IntegrationTests.csproj", "{10407297-8F99-4604-A940-7195F14B6735}"
EndProject
Project("{FAE04EC0-301F-11D3-BF4B-00C04F79EFBC}") = "BudgetManagement.IntegrationTests", "src\tests\BudgetManagement.IntegrationTests\BudgetManagement.IntegrationTests.csproj", "{57CC75ED-C8BE-4907-A839-B969C54712E7}"
EndProject
Project("{FAE04EC0-301F-11D3-BF4B-00C04F79EFBC}") = "ProductionManagement.UnitTests", "src\tests\ProductionManagement.UnitTests\ProductionManagement.UnitTests.csproj", "{0C18A0C3-C150-4A9D-BD89-ADE888F196BC}"
EndProject
Project("{2150E333-8FDC-42A3-9474-1A3956D46DE8}") = "LogisticsManagement", "LogisticsManagement", "{0D4CECF8-87EA-4216-ADA5-ECBDB9265A9F}"
EndProject
Project("{FAE04EC0-301F-11D3-BF4B-00C04F79EFBC}") = "LogisticsManagement.Domain", "src\Modules\LogisticsManagement\Core\LogisticsManagement.Domain\LogisticsManagement.Domain.csproj", "{8AF67871-1635-4B59-AA86-2EACEDB8E142}"
EndProject
Project("{FAE04EC0-301F-11D3-BF4B-00C04F79EFBC}") = "LogisticsManagement.Application", "src\Modules\LogisticsManagement\Core\LogisticsManagement.Application\LogisticsManagement.Application.csproj", "{553EDB43-3757-45D5-95AE-A32083F11769}"
EndProject
Project("{FAE04EC0-301F-11D3-BF4B-00C04F79EFBC}") = "LogisticsManagement.Infrastructure", "src\Modules\LogisticsManagement\LogisticsManagement.Infrastructure\LogisticsManagement.Infrastructure.csproj", "{4DFACD7A-E04E-4330-8E87-72B9B115F0DD}"
EndProject
Project("{FAE04EC0-301F-11D3-BF4B-00C04F79EFBC}") = "LogisticsManagement.Presentation", "src\Modules\LogisticsManagement\LogisticsManagement.Presentation\LogisticsManagement.Presentation.csproj", "{01797773-A7B2-4A5E-825B-F57770D3DEB0}"
EndProject
Project("{FAE04EC0-301F-11D3-BF4B-00C04F79EFBC}") = "LogisticsManagement.Module", "src\Modules\LogisticsManagement\LogisticsManagement.Module\LogisticsManagement.Module.csproj", "{F2AE05F6-A7C2-42D7-8E75-ADB2692F550F}"
EndProject
Project("{FAE04EC0-301F-11D3-BF4B-00C04F79EFBC}") = "FinanceManagement.UnitTests", "src\tests\FinanceManagement.UnitTests\FinanceManagement.UnitTests.csproj", "{50D62C98-C7B1-46FB-BBF9-2CB69CA6C112}"
EndProject
Project("{FAE04EC0-301F-11D3-BF4B-00C04F79EFBC}") = "FinanceManagement.IntegrationTests", "src\tests\FinanceManagement.IntegrationTests\FinanceManagement.IntegrationTests.csproj", "{BF46CD01-2C8D-4777-9019-DDA0D218F681}"
EndProject
Project("{FAE04EC0-301F-11D3-BF4B-00C04F79EFBC}") = "ProductionManagement.IntegrationTests", "src\tests\ProductionManagement.IntegrationTests\ProductionManagement.IntegrationTests.csproj", "{DF70F991-7135-41A1-BAA5-F3C9129B809B}"
EndProject
Global
	GlobalSection(SolutionConfigurationPlatforms) = preSolution
		Debug|Any CPU = Debug|Any CPU
		Release|Any CPU = Release|Any CPU
	EndGlobalSection
	GlobalSection(ProjectConfigurationPlatforms) = postSolution
		{32DFF621-665D-5970-49FD-5001A1FFA3EF}.Debug|Any CPU.ActiveCfg = Debug|Any CPU
		{32DFF621-665D-5970-49FD-5001A1FFA3EF}.Debug|Any CPU.Build.0 = Debug|Any CPU
		{32DFF621-665D-5970-49FD-5001A1FFA3EF}.Release|Any CPU.ActiveCfg = Release|Any CPU
		{32DFF621-665D-5970-49FD-5001A1FFA3EF}.Release|Any CPU.Build.0 = Release|Any CPU
		{45726528-4BE6-8FAB-D7A0-411C866F6B16}.Debug|Any CPU.ActiveCfg = Debug|Any CPU
		{45726528-4BE6-8FAB-D7A0-411C866F6B16}.Debug|Any CPU.Build.0 = Debug|Any CPU
		{45726528-4BE6-8FAB-D7A0-411C866F6B16}.Release|Any CPU.ActiveCfg = Release|Any CPU
		{45726528-4BE6-8FAB-D7A0-411C866F6B16}.Release|Any CPU.Build.0 = Release|Any CPU
		{803A92E1-07A0-164F-0DC8-23D11B932F75}.Debug|Any CPU.ActiveCfg = Debug|Any CPU
		{803A92E1-07A0-164F-0DC8-23D11B932F75}.Debug|Any CPU.Build.0 = Debug|Any CPU
		{803A92E1-07A0-164F-0DC8-23D11B932F75}.Release|Any CPU.ActiveCfg = Release|Any CPU
		{803A92E1-07A0-164F-0DC8-23D11B932F75}.Release|Any CPU.Build.0 = Release|Any CPU
		{BD5BD7A0-B8E3-CBD1-2F97-8AA0383C6188}.Debug|Any CPU.ActiveCfg = Debug|Any CPU
		{BD5BD7A0-B8E3-CBD1-2F97-8AA0383C6188}.Debug|Any CPU.Build.0 = Debug|Any CPU
		{BD5BD7A0-B8E3-CBD1-2F97-8AA0383C6188}.Release|Any CPU.ActiveCfg = Release|Any CPU
		{BD5BD7A0-B8E3-CBD1-2F97-8AA0383C6188}.Release|Any CPU.Build.0 = Release|Any CPU
		{32D4DFE7-A53C-077F-99CE-40D46AEFA89C}.Debug|Any CPU.ActiveCfg = Debug|Any CPU
		{32D4DFE7-A53C-077F-99CE-40D46AEFA89C}.Debug|Any CPU.Build.0 = Debug|Any CPU
		{32D4DFE7-A53C-077F-99CE-40D46AEFA89C}.Release|Any CPU.ActiveCfg = Release|Any CPU
		{32D4DFE7-A53C-077F-99CE-40D46AEFA89C}.Release|Any CPU.Build.0 = Release|Any CPU
		{B67DFBD5-7A15-5582-3CB1-A9D2C7E32F95}.Debug|Any CPU.ActiveCfg = Debug|Any CPU
		{B67DFBD5-7A15-5582-3CB1-A9D2C7E32F95}.Debug|Any CPU.Build.0 = Debug|Any CPU
		{B67DFBD5-7A15-5582-3CB1-A9D2C7E32F95}.Release|Any CPU.ActiveCfg = Release|Any CPU
		{B67DFBD5-7A15-5582-3CB1-A9D2C7E32F95}.Release|Any CPU.Build.0 = Release|Any CPU
		{311C2FF0-815E-E23B-FA59-0238817C0786}.Debug|Any CPU.ActiveCfg = Debug|Any CPU
		{311C2FF0-815E-E23B-FA59-0238817C0786}.Debug|Any CPU.Build.0 = Debug|Any CPU
		{311C2FF0-815E-E23B-FA59-0238817C0786}.Release|Any CPU.ActiveCfg = Release|Any CPU
		{311C2FF0-815E-E23B-FA59-0238817C0786}.Release|Any CPU.Build.0 = Release|Any CPU
		{F70AB941-9439-C3B5-DC86-77498A6FDAA4}.Debug|Any CPU.ActiveCfg = Debug|Any CPU
		{F70AB941-9439-C3B5-DC86-77498A6FDAA4}.Debug|Any CPU.Build.0 = Debug|Any CPU
		{F70AB941-9439-C3B5-DC86-77498A6FDAA4}.Release|Any CPU.ActiveCfg = Release|Any CPU
		{F70AB941-9439-C3B5-DC86-77498A6FDAA4}.Release|Any CPU.Build.0 = Release|Any CPU
		{A5566FDB-BE86-DB0F-516E-7D7256F4D225}.Debug|Any CPU.ActiveCfg = Debug|Any CPU
		{A5566FDB-BE86-DB0F-516E-7D7256F4D225}.Debug|Any CPU.Build.0 = Debug|Any CPU
		{A5566FDB-BE86-DB0F-516E-7D7256F4D225}.Release|Any CPU.ActiveCfg = Release|Any CPU
		{A5566FDB-BE86-DB0F-516E-7D7256F4D225}.Release|Any CPU.Build.0 = Release|Any CPU
		{E1130FC1-30F5-BBEA-FB03-5BD0B443207F}.Debug|Any CPU.ActiveCfg = Debug|Any CPU
		{E1130FC1-30F5-BBEA-FB03-5BD0B443207F}.Debug|Any CPU.Build.0 = Debug|Any CPU
		{E1130FC1-30F5-BBEA-FB03-5BD0B443207F}.Release|Any CPU.ActiveCfg = Release|Any CPU
		{E1130FC1-30F5-BBEA-FB03-5BD0B443207F}.Release|Any CPU.Build.0 = Release|Any CPU
		{26005642-D5CF-2CB6-26C4-E4E3B567866F}.Debug|Any CPU.ActiveCfg = Debug|Any CPU
		{26005642-D5CF-2CB6-26C4-E4E3B567866F}.Debug|Any CPU.Build.0 = Debug|Any CPU
		{26005642-D5CF-2CB6-26C4-E4E3B567866F}.Release|Any CPU.ActiveCfg = Release|Any CPU
		{26005642-D5CF-2CB6-26C4-E4E3B567866F}.Release|Any CPU.Build.0 = Release|Any CPU
		{0A4BE2E9-3AF4-3310-3527-D3B6C417B22F}.Debug|Any CPU.ActiveCfg = Debug|Any CPU
		{0A4BE2E9-3AF4-3310-3527-D3B6C417B22F}.Debug|Any CPU.Build.0 = Debug|Any CPU
		{0A4BE2E9-3AF4-3310-3527-D3B6C417B22F}.Release|Any CPU.ActiveCfg = Release|Any CPU
		{0A4BE2E9-3AF4-3310-3527-D3B6C417B22F}.Release|Any CPU.Build.0 = Release|Any CPU
		{391C4E66-3ADD-A7A1-83F9-3ACBF501D862}.Debug|Any CPU.ActiveCfg = Debug|Any CPU
		{391C4E66-3ADD-A7A1-83F9-3ACBF501D862}.Debug|Any CPU.Build.0 = Debug|Any CPU
		{391C4E66-3ADD-A7A1-83F9-3ACBF501D862}.Release|Any CPU.ActiveCfg = Release|Any CPU
		{391C4E66-3ADD-A7A1-83F9-3ACBF501D862}.Release|Any CPU.Build.0 = Release|Any CPU
		{1E6F0C12-AD04-47E1-927D-E91F877F2ADF}.Debug|Any CPU.ActiveCfg = Debug|Any CPU
		{1E6F0C12-AD04-47E1-927D-E91F877F2ADF}.Debug|Any CPU.Build.0 = Debug|Any CPU
		{1E6F0C12-AD04-47E1-927D-E91F877F2ADF}.Release|Any CPU.ActiveCfg = Release|Any CPU
		{1E6F0C12-AD04-47E1-927D-E91F877F2ADF}.Release|Any CPU.Build.0 = Release|Any CPU
		{866800D0-D424-CCA5-7A8B-F5D96930CA5D}.Debug|Any CPU.ActiveCfg = Debug|Any CPU
		{866800D0-D424-CCA5-7A8B-F5D96930CA5D}.Debug|Any CPU.Build.0 = Debug|Any CPU
		{866800D0-D424-CCA5-7A8B-F5D96930CA5D}.Release|Any CPU.ActiveCfg = Release|Any CPU
		{866800D0-D424-CCA5-7A8B-F5D96930CA5D}.Release|Any CPU.Build.0 = Release|Any CPU
		{06B4655B-18B3-06DD-AC3A-22ABF07EEEF3}.Debug|Any CPU.ActiveCfg = Debug|Any CPU
		{06B4655B-18B3-06DD-AC3A-22ABF07EEEF3}.Debug|Any CPU.Build.0 = Debug|Any CPU
		{06B4655B-18B3-06DD-AC3A-22ABF07EEEF3}.Release|Any CPU.ActiveCfg = Release|Any CPU
		{06B4655B-18B3-06DD-AC3A-22ABF07EEEF3}.Release|Any CPU.Build.0 = Release|Any CPU
		{DCA22089-7DCA-C231-8A24-8016DDE044CC}.Debug|Any CPU.ActiveCfg = Debug|Any CPU
		{DCA22089-7DCA-C231-8A24-8016DDE044CC}.Debug|Any CPU.Build.0 = Debug|Any CPU
		{DCA22089-7DCA-C231-8A24-8016DDE044CC}.Release|Any CPU.ActiveCfg = Release|Any CPU
		{DCA22089-7DCA-C231-8A24-8016DDE044CC}.Release|Any CPU.Build.0 = Release|Any CPU
		{D0B1BB19-4426-16C3-6834-661B983E4EAF}.Debug|Any CPU.ActiveCfg = Debug|Any CPU
		{D0B1BB19-4426-16C3-6834-661B983E4EAF}.Debug|Any CPU.Build.0 = Debug|Any CPU
		{D0B1BB19-4426-16C3-6834-661B983E4EAF}.Release|Any CPU.ActiveCfg = Release|Any CPU
		{D0B1BB19-4426-16C3-6834-661B983E4EAF}.Release|Any CPU.Build.0 = Release|Any CPU
		{BCABAFC9-D90A-E9EE-9ABA-E4F0596FB511}.Debug|Any CPU.ActiveCfg = Debug|Any CPU
		{BCABAFC9-D90A-E9EE-9ABA-E4F0596FB511}.Debug|Any CPU.Build.0 = Debug|Any CPU
		{BCABAFC9-D90A-E9EE-9ABA-E4F0596FB511}.Release|Any CPU.ActiveCfg = Release|Any CPU
		{BCABAFC9-D90A-E9EE-9ABA-E4F0596FB511}.Release|Any CPU.Build.0 = Release|Any CPU
		{691D14DD-47C1-12B1-86B9-B3111235F0BA}.Debug|Any CPU.ActiveCfg = Debug|Any CPU
		{691D14DD-47C1-12B1-86B9-B3111235F0BA}.Debug|Any CPU.Build.0 = Debug|Any CPU
		{691D14DD-47C1-12B1-86B9-B3111235F0BA}.Release|Any CPU.ActiveCfg = Release|Any CPU
		{691D14DD-47C1-12B1-86B9-B3111235F0BA}.Release|Any CPU.Build.0 = Release|Any CPU
		{D18E84EF-5277-3803-65BB-9DDEECD971D4}.Debug|Any CPU.ActiveCfg = Debug|Any CPU
		{D18E84EF-5277-3803-65BB-9DDEECD971D4}.Debug|Any CPU.Build.0 = Debug|Any CPU
		{D18E84EF-5277-3803-65BB-9DDEECD971D4}.Release|Any CPU.ActiveCfg = Release|Any CPU
		{D18E84EF-5277-3803-65BB-9DDEECD971D4}.Release|Any CPU.Build.0 = Release|Any CPU
		{129DEC0E-CE0C-94C0-77D1-957686187F12}.Debug|Any CPU.ActiveCfg = Debug|Any CPU
		{129DEC0E-CE0C-94C0-77D1-957686187F12}.Debug|Any CPU.Build.0 = Debug|Any CPU
		{129DEC0E-CE0C-94C0-77D1-957686187F12}.Release|Any CPU.ActiveCfg = Release|Any CPU
		{129DEC0E-CE0C-94C0-77D1-957686187F12}.Release|Any CPU.Build.0 = Release|Any CPU
		{926B2A59-424F-E5DD-7611-897F0BE5F364}.Debug|Any CPU.ActiveCfg = Debug|Any CPU
		{926B2A59-424F-E5DD-7611-897F0BE5F364}.Debug|Any CPU.Build.0 = Debug|Any CPU
		{926B2A59-424F-E5DD-7611-897F0BE5F364}.Release|Any CPU.ActiveCfg = Release|Any CPU
		{926B2A59-424F-E5DD-7611-897F0BE5F364}.Release|Any CPU.Build.0 = Release|Any CPU
		{B39B5154-A721-2CEA-08EA-12929B1BFB60}.Debug|Any CPU.ActiveCfg = Debug|Any CPU
		{B39B5154-A721-2CEA-08EA-12929B1BFB60}.Debug|Any CPU.Build.0 = Debug|Any CPU
		{B39B5154-A721-2CEA-08EA-12929B1BFB60}.Release|Any CPU.ActiveCfg = Release|Any CPU
		{B39B5154-A721-2CEA-08EA-12929B1BFB60}.Release|Any CPU.Build.0 = Release|Any CPU
		{0148A5D7-9001-DC48-1FE6-1A68E3B28024}.Debug|Any CPU.ActiveCfg = Debug|Any CPU
		{0148A5D7-9001-DC48-1FE6-1A68E3B28024}.Debug|Any CPU.Build.0 = Debug|Any CPU
		{0148A5D7-9001-DC48-1FE6-1A68E3B28024}.Release|Any CPU.ActiveCfg = Release|Any CPU
		{0148A5D7-9001-DC48-1FE6-1A68E3B28024}.Release|Any CPU.Build.0 = Release|Any CPU
		{E2BAD1F4-FF59-EA45-495D-19B008CEED18}.Debug|Any CPU.ActiveCfg = Debug|Any CPU
		{E2BAD1F4-FF59-EA45-495D-19B008CEED18}.Debug|Any CPU.Build.0 = Debug|Any CPU
		{E2BAD1F4-FF59-EA45-495D-19B008CEED18}.Release|Any CPU.ActiveCfg = Release|Any CPU
		{E2BAD1F4-FF59-EA45-495D-19B008CEED18}.Release|Any CPU.Build.0 = Release|Any CPU
		{02A1CB6C-699C-3C34-C9D9-6C7365C7C2A2}.Debug|Any CPU.ActiveCfg = Debug|Any CPU
		{02A1CB6C-699C-3C34-C9D9-6C7365C7C2A2}.Debug|Any CPU.Build.0 = Debug|Any CPU
		{02A1CB6C-699C-3C34-C9D9-6C7365C7C2A2}.Release|Any CPU.ActiveCfg = Release|Any CPU
		{02A1CB6C-699C-3C34-C9D9-6C7365C7C2A2}.Release|Any CPU.Build.0 = Release|Any CPU
		{2DFE04CC-3086-1EA6-8F46-5B201EEA56B0}.Debug|Any CPU.ActiveCfg = Debug|Any CPU
		{2DFE04CC-3086-1EA6-8F46-5B201EEA56B0}.Debug|Any CPU.Build.0 = Debug|Any CPU
		{2DFE04CC-3086-1EA6-8F46-5B201EEA56B0}.Release|Any CPU.ActiveCfg = Release|Any CPU
		{2DFE04CC-3086-1EA6-8F46-5B201EEA56B0}.Release|Any CPU.Build.0 = Release|Any CPU
		{0FE180B1-A75A-8864-528C-4484F1128245}.Debug|Any CPU.ActiveCfg = Debug|Any CPU
		{0FE180B1-A75A-8864-528C-4484F1128245}.Debug|Any CPU.Build.0 = Debug|Any CPU
		{0FE180B1-A75A-8864-528C-4484F1128245}.Release|Any CPU.ActiveCfg = Release|Any CPU
		{0FE180B1-A75A-8864-528C-4484F1128245}.Release|Any CPU.Build.0 = Release|Any CPU
		{1311272F-DBA2-4F96-7146-8C86FE2C474A}.Debug|Any CPU.ActiveCfg = Debug|Any CPU
		{1311272F-DBA2-4F96-7146-8C86FE2C474A}.Debug|Any CPU.Build.0 = Debug|Any CPU
		{1311272F-DBA2-4F96-7146-8C86FE2C474A}.Release|Any CPU.ActiveCfg = Release|Any CPU
		{1311272F-DBA2-4F96-7146-8C86FE2C474A}.Release|Any CPU.Build.0 = Release|Any CPU
		{6E47EE3F-ED0A-B91B-278D-352D46C86BA1}.Debug|Any CPU.ActiveCfg = Debug|Any CPU
		{6E47EE3F-ED0A-B91B-278D-352D46C86BA1}.Debug|Any CPU.Build.0 = Debug|Any CPU
		{6E47EE3F-ED0A-B91B-278D-352D46C86BA1}.Release|Any CPU.ActiveCfg = Release|Any CPU
		{6E47EE3F-ED0A-B91B-278D-352D46C86BA1}.Release|Any CPU.Build.0 = Release|Any CPU
		{31DD1035-0D4B-47B9-BBF9-5D25BE7AE423}.Debug|Any CPU.ActiveCfg = Debug|Any CPU
		{31DD1035-0D4B-47B9-BBF9-5D25BE7AE423}.Debug|Any CPU.Build.0 = Debug|Any CPU
		{31DD1035-0D4B-47B9-BBF9-5D25BE7AE423}.Release|Any CPU.ActiveCfg = Release|Any CPU
		{31DD1035-0D4B-47B9-BBF9-5D25BE7AE423}.Release|Any CPU.Build.0 = Release|Any CPU
		{5256B36A-4C58-A39E-805B-BA1332973F43}.Debug|Any CPU.ActiveCfg = Debug|Any CPU
		{5256B36A-4C58-A39E-805B-BA1332973F43}.Debug|Any CPU.Build.0 = Debug|Any CPU
		{5256B36A-4C58-A39E-805B-BA1332973F43}.Release|Any CPU.ActiveCfg = Release|Any CPU
		{5256B36A-4C58-A39E-805B-BA1332973F43}.Release|Any CPU.Build.0 = Release|Any CPU
		{CEC43555-CF53-8A29-9211-C80A854A7EEF}.Debug|Any CPU.ActiveCfg = Debug|Any CPU
		{CEC43555-CF53-8A29-9211-C80A854A7EEF}.Debug|Any CPU.Build.0 = Debug|Any CPU
		{CEC43555-CF53-8A29-9211-C80A854A7EEF}.Release|Any CPU.ActiveCfg = Release|Any CPU
		{CEC43555-CF53-8A29-9211-C80A854A7EEF}.Release|Any CPU.Build.0 = Release|Any CPU
		{25E690C9-4D80-D8CA-84A1-92DC74C52A42}.Debug|Any CPU.ActiveCfg = Debug|Any CPU
		{25E690C9-4D80-D8CA-84A1-92DC74C52A42}.Debug|Any CPU.Build.0 = Debug|Any CPU
		{25E690C9-4D80-D8CA-84A1-92DC74C52A42}.Release|Any CPU.ActiveCfg = Release|Any CPU
		{25E690C9-4D80-D8CA-84A1-92DC74C52A42}.Release|Any CPU.Build.0 = Release|Any CPU
		{1F2C53DF-EBDB-9C32-66C3-48C2A06B53CD}.Debug|Any CPU.ActiveCfg = Debug|Any CPU
		{1F2C53DF-EBDB-9C32-66C3-48C2A06B53CD}.Debug|Any CPU.Build.0 = Debug|Any CPU
		{1F2C53DF-EBDB-9C32-66C3-48C2A06B53CD}.Release|Any CPU.ActiveCfg = Release|Any CPU
		{1F2C53DF-EBDB-9C32-66C3-48C2A06B53CD}.Release|Any CPU.Build.0 = Release|Any CPU
		{D84DEC40-C681-24CD-F4F4-62D336F08096}.Debug|Any CPU.ActiveCfg = Debug|Any CPU
		{D84DEC40-C681-24CD-F4F4-62D336F08096}.Debug|Any CPU.Build.0 = Debug|Any CPU
		{D84DEC40-C681-24CD-F4F4-62D336F08096}.Release|Any CPU.ActiveCfg = Release|Any CPU
		{D84DEC40-C681-24CD-F4F4-62D336F08096}.Release|Any CPU.Build.0 = Release|Any CPU
		{4BAB1F6B-86C0-B487-0324-0D3442FD49F9}.Debug|Any CPU.ActiveCfg = Debug|Any CPU
		{4BAB1F6B-86C0-B487-0324-0D3442FD49F9}.Debug|Any CPU.Build.0 = Debug|Any CPU
		{4BAB1F6B-86C0-B487-0324-0D3442FD49F9}.Release|Any CPU.ActiveCfg = Release|Any CPU
		{4BAB1F6B-86C0-B487-0324-0D3442FD49F9}.Release|Any CPU.Build.0 = Release|Any CPU
		{F1EBD3F0-503C-07F9-A6E6-B923828972B7}.Debug|Any CPU.ActiveCfg = Debug|Any CPU
		{F1EBD3F0-503C-07F9-A6E6-B923828972B7}.Debug|Any CPU.Build.0 = Debug|Any CPU
		{F1EBD3F0-503C-07F9-A6E6-B923828972B7}.Release|Any CPU.ActiveCfg = Release|Any CPU
		{F1EBD3F0-503C-07F9-A6E6-B923828972B7}.Release|Any CPU.Build.0 = Release|Any CPU
		{E4AD6F2F-357F-A630-8AFF-B08712CA2C0B}.Debug|Any CPU.ActiveCfg = Debug|Any CPU
		{E4AD6F2F-357F-A630-8AFF-B08712CA2C0B}.Debug|Any CPU.Build.0 = Debug|Any CPU
		{E4AD6F2F-357F-A630-8AFF-B08712CA2C0B}.Release|Any CPU.ActiveCfg = Release|Any CPU
		{E4AD6F2F-357F-A630-8AFF-B08712CA2C0B}.Release|Any CPU.Build.0 = Release|Any CPU
		{F9EF663A-B775-CC8F-665C-5C1CC6140587}.Debug|Any CPU.ActiveCfg = Debug|Any CPU
		{F9EF663A-B775-CC8F-665C-5C1CC6140587}.Debug|Any CPU.Build.0 = Debug|Any CPU
		{F9EF663A-B775-CC8F-665C-5C1CC6140587}.Release|Any CPU.ActiveCfg = Release|Any CPU
		{F9EF663A-B775-CC8F-665C-5C1CC6140587}.Release|Any CPU.Build.0 = Release|Any CPU
		{BDEAE523-4B6E-0DD2-E3F1-45188A002A13}.Debug|Any CPU.ActiveCfg = Debug|Any CPU
		{BDEAE523-4B6E-0DD2-E3F1-45188A002A13}.Debug|Any CPU.Build.0 = Debug|Any CPU
		{BDEAE523-4B6E-0DD2-E3F1-45188A002A13}.Release|Any CPU.ActiveCfg = Release|Any CPU
		{BDEAE523-4B6E-0DD2-E3F1-45188A002A13}.Release|Any CPU.Build.0 = Release|Any CPU
		{FCFB7909-1626-89F8-19CE-5E769BA7B0E4}.Debug|Any CPU.ActiveCfg = Debug|Any CPU
		{FCFB7909-1626-89F8-19CE-5E769BA7B0E4}.Debug|Any CPU.Build.0 = Debug|Any CPU
		{FCFB7909-1626-89F8-19CE-5E769BA7B0E4}.Release|Any CPU.ActiveCfg = Release|Any CPU
		{FCFB7909-1626-89F8-19CE-5E769BA7B0E4}.Release|Any CPU.Build.0 = Release|Any CPU
		{76452915-29CE-020C-BB10-169A56965222}.Debug|Any CPU.ActiveCfg = Debug|Any CPU
		{76452915-29CE-020C-BB10-169A56965222}.Debug|Any CPU.Build.0 = Debug|Any CPU
		{76452915-29CE-020C-BB10-169A56965222}.Release|Any CPU.ActiveCfg = Release|Any CPU
		{76452915-29CE-020C-BB10-169A56965222}.Release|Any CPU.Build.0 = Release|Any CPU
		{898361C0-CF71-CAAA-8AD4-FBDD21D15C23}.Debug|Any CPU.ActiveCfg = Debug|Any CPU
		{898361C0-CF71-CAAA-8AD4-FBDD21D15C23}.Debug|Any CPU.Build.0 = Debug|Any CPU
		{898361C0-CF71-CAAA-8AD4-FBDD21D15C23}.Release|Any CPU.ActiveCfg = Release|Any CPU
		{898361C0-CF71-CAAA-8AD4-FBDD21D15C23}.Release|Any CPU.Build.0 = Release|Any CPU
		{CE2115C8-21E6-6841-801C-4675C9D87A16}.Debug|Any CPU.ActiveCfg = Debug|Any CPU
		{CE2115C8-21E6-6841-801C-4675C9D87A16}.Debug|Any CPU.Build.0 = Debug|Any CPU
		{CE2115C8-21E6-6841-801C-4675C9D87A16}.Release|Any CPU.ActiveCfg = Release|Any CPU
		{CE2115C8-21E6-6841-801C-4675C9D87A16}.Release|Any CPU.Build.0 = Release|Any CPU
		{72C072B1-3755-564F-9807-CBE820BAFCA6}.Debug|Any CPU.ActiveCfg = Debug|Any CPU
		{72C072B1-3755-564F-9807-CBE820BAFCA6}.Debug|Any CPU.Build.0 = Debug|Any CPU
		{72C072B1-3755-564F-9807-CBE820BAFCA6}.Release|Any CPU.ActiveCfg = Release|Any CPU
		{72C072B1-3755-564F-9807-CBE820BAFCA6}.Release|Any CPU.Build.0 = Release|Any CPU
		{BACE6FA8-C63D-0D05-5FD7-F802BF71BC0C}.Debug|Any CPU.ActiveCfg = Debug|Any CPU
		{BACE6FA8-C63D-0D05-5FD7-F802BF71BC0C}.Debug|Any CPU.Build.0 = Debug|Any CPU
		{BACE6FA8-C63D-0D05-5FD7-F802BF71BC0C}.Release|Any CPU.ActiveCfg = Release|Any CPU
		{BACE6FA8-C63D-0D05-5FD7-F802BF71BC0C}.Release|Any CPU.Build.0 = Release|Any CPU
		{CCA5B5BE-3AC9-7A94-48A0-2446331D3CCF}.Debug|Any CPU.ActiveCfg = Debug|Any CPU
		{CCA5B5BE-3AC9-7A94-48A0-2446331D3CCF}.Debug|Any CPU.Build.0 = Debug|Any CPU
		{CCA5B5BE-3AC9-7A94-48A0-2446331D3CCF}.Release|Any CPU.ActiveCfg = Release|Any CPU
		{CCA5B5BE-3AC9-7A94-48A0-2446331D3CCF}.Release|Any CPU.Build.0 = Release|Any CPU
		{C6FFD55E-8F76-7F87-1BCC-9785947B7706}.Debug|Any CPU.ActiveCfg = Debug|Any CPU
		{C6FFD55E-8F76-7F87-1BCC-9785947B7706}.Debug|Any CPU.Build.0 = Debug|Any CPU
		{C6FFD55E-8F76-7F87-1BCC-9785947B7706}.Release|Any CPU.ActiveCfg = Release|Any CPU
		{C6FFD55E-8F76-7F87-1BCC-9785947B7706}.Release|Any CPU.Build.0 = Release|Any CPU
		{A4DC8FD2-51BC-80C0-5483-C4D5CB2AD18F}.Debug|Any CPU.ActiveCfg = Debug|Any CPU
		{A4DC8FD2-51BC-80C0-5483-C4D5CB2AD18F}.Debug|Any CPU.Build.0 = Debug|Any CPU
		{A4DC8FD2-51BC-80C0-5483-C4D5CB2AD18F}.Release|Any CPU.ActiveCfg = Release|Any CPU
		{A4DC8FD2-51BC-80C0-5483-C4D5CB2AD18F}.Release|Any CPU.Build.0 = Release|Any CPU
		{6E0A8C7F-1D58-2FBE-78A3-E8421CA8A150}.Debug|Any CPU.ActiveCfg = Debug|Any CPU
		{6E0A8C7F-1D58-2FBE-78A3-E8421CA8A150}.Debug|Any CPU.Build.0 = Debug|Any CPU
		{6E0A8C7F-1D58-2FBE-78A3-E8421CA8A150}.Release|Any CPU.ActiveCfg = Release|Any CPU
		{6E0A8C7F-1D58-2FBE-78A3-E8421CA8A150}.Release|Any CPU.Build.0 = Release|Any CPU
		{A93332B4-49F2-6E84-9858-7B89D771F391}.Debug|Any CPU.ActiveCfg = Debug|Any CPU
		{A93332B4-49F2-6E84-9858-7B89D771F391}.Debug|Any CPU.Build.0 = Debug|Any CPU
		{A93332B4-49F2-6E84-9858-7B89D771F391}.Release|Any CPU.ActiveCfg = Release|Any CPU
		{A93332B4-49F2-6E84-9858-7B89D771F391}.Release|Any CPU.Build.0 = Release|Any CPU
		{4E6F064E-92B5-0D9B-ECE2-117454F48ECC}.Debug|Any CPU.ActiveCfg = Debug|Any CPU
		{4E6F064E-92B5-0D9B-ECE2-117454F48ECC}.Debug|Any CPU.Build.0 = Debug|Any CPU
		{4E6F064E-92B5-0D9B-ECE2-117454F48ECC}.Release|Any CPU.ActiveCfg = Release|Any CPU
		{4E6F064E-92B5-0D9B-ECE2-117454F48ECC}.Release|Any CPU.Build.0 = Release|Any CPU
		{9C8859B2-0788-FCC0-93B5-E798ED009742}.Debug|Any CPU.ActiveCfg = Debug|Any CPU
		{9C8859B2-0788-FCC0-93B5-E798ED009742}.Debug|Any CPU.Build.0 = Debug|Any CPU
		{9C8859B2-0788-FCC0-93B5-E798ED009742}.Release|Any CPU.ActiveCfg = Release|Any CPU
		{9C8859B2-0788-FCC0-93B5-E798ED009742}.Release|Any CPU.Build.0 = Release|Any CPU
		{8B93E950-73A9-4521-C8AA-158F9C09A9D5}.Debug|Any CPU.ActiveCfg = Debug|Any CPU
		{8B93E950-73A9-4521-C8AA-158F9C09A9D5}.Debug|Any CPU.Build.0 = Debug|Any CPU
		{8B93E950-73A9-4521-C8AA-158F9C09A9D5}.Release|Any CPU.ActiveCfg = Release|Any CPU
		{8B93E950-73A9-4521-C8AA-158F9C09A9D5}.Release|Any CPU.Build.0 = Release|Any CPU
		{AC1E0518-B17E-9677-8E39-99AAD57FCF27}.Debug|Any CPU.ActiveCfg = Debug|Any CPU
		{AC1E0518-B17E-9677-8E39-99AAD57FCF27}.Debug|Any CPU.Build.0 = Debug|Any CPU
		{AC1E0518-B17E-9677-8E39-99AAD57FCF27}.Release|Any CPU.ActiveCfg = Release|Any CPU
		{AC1E0518-B17E-9677-8E39-99AAD57FCF27}.Release|Any CPU.Build.0 = Release|Any CPU
		{DCF02AA9-1F4D-9315-D5E2-201DF36342D2}.Debug|Any CPU.ActiveCfg = Debug|Any CPU
		{DCF02AA9-1F4D-9315-D5E2-201DF36342D2}.Debug|Any CPU.Build.0 = Debug|Any CPU
		{DCF02AA9-1F4D-9315-D5E2-201DF36342D2}.Release|Any CPU.ActiveCfg = Release|Any CPU
		{DCF02AA9-1F4D-9315-D5E2-201DF36342D2}.Release|Any CPU.Build.0 = Release|Any CPU
		{53B615EB-5A69-38FD-D016-75C03EB4D6AD}.Debug|Any CPU.ActiveCfg = Debug|Any CPU
		{53B615EB-5A69-38FD-D016-75C03EB4D6AD}.Debug|Any CPU.Build.0 = Debug|Any CPU
		{53B615EB-5A69-38FD-D016-75C03EB4D6AD}.Release|Any CPU.ActiveCfg = Release|Any CPU
		{53B615EB-5A69-38FD-D016-75C03EB4D6AD}.Release|Any CPU.Build.0 = Release|Any CPU
		{A498A571-F00E-79F4-7C33-FC5BD64B7B02}.Debug|Any CPU.ActiveCfg = Debug|Any CPU
		{A498A571-F00E-79F4-7C33-FC5BD64B7B02}.Debug|Any CPU.Build.0 = Debug|Any CPU
		{A498A571-F00E-79F4-7C33-FC5BD64B7B02}.Release|Any CPU.ActiveCfg = Release|Any CPU
		{A498A571-F00E-79F4-7C33-FC5BD64B7B02}.Release|Any CPU.Build.0 = Release|Any CPU
		{359BEF6B-FC63-3761-9ACB-12428980F05C}.Debug|Any CPU.ActiveCfg = Debug|Any CPU
		{359BEF6B-FC63-3761-9ACB-12428980F05C}.Debug|Any CPU.Build.0 = Debug|Any CPU
		{359BEF6B-FC63-3761-9ACB-12428980F05C}.Release|Any CPU.ActiveCfg = Release|Any CPU
		{359BEF6B-FC63-3761-9ACB-12428980F05C}.Release|Any CPU.Build.0 = Release|Any CPU
		{1914799F-E4EC-6659-7230-66415EB9E13F}.Debug|Any CPU.ActiveCfg = Debug|Any CPU
		{1914799F-E4EC-6659-7230-66415EB9E13F}.Debug|Any CPU.Build.0 = Debug|Any CPU
		{1914799F-E4EC-6659-7230-66415EB9E13F}.Release|Any CPU.ActiveCfg = Release|Any CPU
		{1914799F-E4EC-6659-7230-66415EB9E13F}.Release|Any CPU.Build.0 = Release|Any CPU
		{2AE60DC4-3D5F-938B-C0E2-3D04A112CF72}.Debug|Any CPU.ActiveCfg = Debug|Any CPU
		{2AE60DC4-3D5F-938B-C0E2-3D04A112CF72}.Debug|Any CPU.Build.0 = Debug|Any CPU
		{2AE60DC4-3D5F-938B-C0E2-3D04A112CF72}.Release|Any CPU.ActiveCfg = Release|Any CPU
		{2AE60DC4-3D5F-938B-C0E2-3D04A112CF72}.Release|Any CPU.Build.0 = Release|Any CPU
		{74E93E03-554A-59CA-F6CC-9914EE1BDB53}.Debug|Any CPU.ActiveCfg = Debug|Any CPU
		{74E93E03-554A-59CA-F6CC-9914EE1BDB53}.Debug|Any CPU.Build.0 = Debug|Any CPU
		{74E93E03-554A-59CA-F6CC-9914EE1BDB53}.Release|Any CPU.ActiveCfg = Release|Any CPU
		{74E93E03-554A-59CA-F6CC-9914EE1BDB53}.Release|Any CPU.Build.0 = Release|Any CPU
		{4DACA8C6-3FC8-677E-DD29-58583C74D2C6}.Debug|Any CPU.ActiveCfg = Debug|Any CPU
		{4DACA8C6-3FC8-677E-DD29-58583C74D2C6}.Debug|Any CPU.Build.0 = Debug|Any CPU
		{4DACA8C6-3FC8-677E-DD29-58583C74D2C6}.Release|Any CPU.ActiveCfg = Release|Any CPU
		{4DACA8C6-3FC8-677E-DD29-58583C74D2C6}.Release|Any CPU.Build.0 = Release|Any CPU
		{A24BAEB7-CC29-91D0-079B-146906232C2E}.Debug|Any CPU.ActiveCfg = Debug|Any CPU
		{A24BAEB7-CC29-91D0-079B-146906232C2E}.Debug|Any CPU.Build.0 = Debug|Any CPU
		{A24BAEB7-CC29-91D0-079B-146906232C2E}.Release|Any CPU.ActiveCfg = Release|Any CPU
		{A24BAEB7-CC29-91D0-079B-146906232C2E}.Release|Any CPU.Build.0 = Release|Any CPU
		{E27FD5AF-5F91-BD88-29CA-47F846243E25}.Debug|Any CPU.ActiveCfg = Debug|Any CPU
		{E27FD5AF-5F91-BD88-29CA-47F846243E25}.Debug|Any CPU.Build.0 = Debug|Any CPU
		{E27FD5AF-5F91-BD88-29CA-47F846243E25}.Release|Any CPU.ActiveCfg = Release|Any CPU
		{E27FD5AF-5F91-BD88-29CA-47F846243E25}.Release|Any CPU.Build.0 = Release|Any CPU
		{C051A0F9-5FA3-9E62-533F-7BA51AA35C53}.Debug|Any CPU.ActiveCfg = Debug|Any CPU
		{C051A0F9-5FA3-9E62-533F-7BA51AA35C53}.Debug|Any CPU.Build.0 = Debug|Any CPU
		{C051A0F9-5FA3-9E62-533F-7BA51AA35C53}.Release|Any CPU.ActiveCfg = Release|Any CPU
		{C051A0F9-5FA3-9E62-533F-7BA51AA35C53}.Release|Any CPU.Build.0 = Release|Any CPU
		{4160D7E5-7E1F-8ABF-5D6B-D7FC742C8E82}.Debug|Any CPU.ActiveCfg = Debug|Any CPU
		{4160D7E5-7E1F-8ABF-5D6B-D7FC742C8E82}.Debug|Any CPU.Build.0 = Debug|Any CPU
		{4160D7E5-7E1F-8ABF-5D6B-D7FC742C8E82}.Release|Any CPU.ActiveCfg = Release|Any CPU
		{4160D7E5-7E1F-8ABF-5D6B-D7FC742C8E82}.Release|Any CPU.Build.0 = Release|Any CPU
		{979C68E3-0B84-FD56-BBC8-95CD0EC55006}.Debug|Any CPU.ActiveCfg = Debug|Any CPU
		{979C68E3-0B84-FD56-BBC8-95CD0EC55006}.Debug|Any CPU.Build.0 = Debug|Any CPU
		{979C68E3-0B84-FD56-BBC8-95CD0EC55006}.Release|Any CPU.ActiveCfg = Release|Any CPU
		{979C68E3-0B84-FD56-BBC8-95CD0EC55006}.Release|Any CPU.Build.0 = Release|Any CPU
		{FECA5466-D29C-D528-BA63-5B7379DCBAF7}.Debug|Any CPU.ActiveCfg = Debug|Any CPU
		{FECA5466-D29C-D528-BA63-5B7379DCBAF7}.Debug|Any CPU.Build.0 = Debug|Any CPU
		{FECA5466-D29C-D528-BA63-5B7379DCBAF7}.Release|Any CPU.ActiveCfg = Release|Any CPU
		{FECA5466-D29C-D528-BA63-5B7379DCBAF7}.Release|Any CPU.Build.0 = Release|Any CPU
		{2A8A8CD0-C98B-F08F-A371-85508CE6A25B}.Debug|Any CPU.ActiveCfg = Debug|Any CPU
		{2A8A8CD0-C98B-F08F-A371-85508CE6A25B}.Debug|Any CPU.Build.0 = Debug|Any CPU
		{2A8A8CD0-C98B-F08F-A371-85508CE6A25B}.Release|Any CPU.ActiveCfg = Release|Any CPU
		{2A8A8CD0-C98B-F08F-A371-85508CE6A25B}.Release|Any CPU.Build.0 = Release|Any CPU
		{8E421552-02E8-A60A-9113-4C6F1D1A08F8}.Debug|Any CPU.ActiveCfg = Debug|Any CPU
		{8E421552-02E8-A60A-9113-4C6F1D1A08F8}.Debug|Any CPU.Build.0 = Debug|Any CPU
		{8E421552-02E8-A60A-9113-4C6F1D1A08F8}.Release|Any CPU.ActiveCfg = Release|Any CPU
		{8E421552-02E8-A60A-9113-4C6F1D1A08F8}.Release|Any CPU.Build.0 = Release|Any CPU
		{A7F9A21E-5D9E-ABF2-7509-90CB994B1151}.Debug|Any CPU.ActiveCfg = Debug|Any CPU
		{A7F9A21E-5D9E-ABF2-7509-90CB994B1151}.Debug|Any CPU.Build.0 = Debug|Any CPU
		{A7F9A21E-5D9E-ABF2-7509-90CB994B1151}.Release|Any CPU.ActiveCfg = Release|Any CPU
		{A7F9A21E-5D9E-ABF2-7509-90CB994B1151}.Release|Any CPU.Build.0 = Release|Any CPU
		{97C9BB57-812B-340A-4F8B-8ED85AFE4DE3}.Debug|Any CPU.ActiveCfg = Debug|Any CPU
		{97C9BB57-812B-340A-4F8B-8ED85AFE4DE3}.Debug|Any CPU.Build.0 = Debug|Any CPU
		{97C9BB57-812B-340A-4F8B-8ED85AFE4DE3}.Release|Any CPU.ActiveCfg = Release|Any CPU
		{97C9BB57-812B-340A-4F8B-8ED85AFE4DE3}.Release|Any CPU.Build.0 = Release|Any CPU
		{8406A6A4-E23B-F994-2811-676D7671E4FA}.Debug|Any CPU.ActiveCfg = Debug|Any CPU
		{8406A6A4-E23B-F994-2811-676D7671E4FA}.Debug|Any CPU.Build.0 = Debug|Any CPU
		{8406A6A4-E23B-F994-2811-676D7671E4FA}.Release|Any CPU.ActiveCfg = Release|Any CPU
		{8406A6A4-E23B-F994-2811-676D7671E4FA}.Release|Any CPU.Build.0 = Release|Any CPU
		{8145FE5E-2239-8C9A-D912-0A326A7D92E8}.Debug|Any CPU.ActiveCfg = Debug|Any CPU
		{8145FE5E-2239-8C9A-D912-0A326A7D92E8}.Debug|Any CPU.Build.0 = Debug|Any CPU
		{8145FE5E-2239-8C9A-D912-0A326A7D92E8}.Release|Any CPU.ActiveCfg = Release|Any CPU
		{8145FE5E-2239-8C9A-D912-0A326A7D92E8}.Release|Any CPU.Build.0 = Release|Any CPU
		{B8DD7462-A020-A40C-C942-1D4B4506294C}.Debug|Any CPU.ActiveCfg = Debug|Any CPU
		{B8DD7462-A020-A40C-C942-1D4B4506294C}.Debug|Any CPU.Build.0 = Debug|Any CPU
		{B8DD7462-A020-A40C-C942-1D4B4506294C}.Release|Any CPU.ActiveCfg = Release|Any CPU
		{B8DD7462-A020-A40C-C942-1D4B4506294C}.Release|Any CPU.Build.0 = Release|Any CPU
		{CEB214BE-5FC1-40A2-91CD-095B6EC6245C}.Debug|Any CPU.ActiveCfg = Debug|Any CPU
		{CEB214BE-5FC1-40A2-91CD-095B6EC6245C}.Debug|Any CPU.Build.0 = Debug|Any CPU
		{CEB214BE-5FC1-40A2-91CD-095B6EC6245C}.Release|Any CPU.ActiveCfg = Release|Any CPU
		{CEB214BE-5FC1-40A2-91CD-095B6EC6245C}.Release|Any CPU.Build.0 = Release|Any CPU
		{C54E5880-EEAC-47FC-9A79-DE9C501974CD}.Debug|Any CPU.ActiveCfg = Debug|Any CPU
		{C54E5880-EEAC-47FC-9A79-DE9C501974CD}.Debug|Any CPU.Build.0 = Debug|Any CPU
		{C54E5880-EEAC-47FC-9A79-DE9C501974CD}.Release|Any CPU.ActiveCfg = Release|Any CPU
		{C54E5880-EEAC-47FC-9A79-DE9C501974CD}.Release|Any CPU.Build.0 = Release|Any CPU
		{9753AFAF-7AAE-42E0-880F-FEF4A8F84E6E}.Debug|Any CPU.ActiveCfg = Debug|Any CPU
		{9753AFAF-7AAE-42E0-880F-FEF4A8F84E6E}.Debug|Any CPU.Build.0 = Debug|Any CPU
		{9753AFAF-7AAE-42E0-880F-FEF4A8F84E6E}.Release|Any CPU.ActiveCfg = Release|Any CPU
		{9753AFAF-7AAE-42E0-880F-FEF4A8F84E6E}.Release|Any CPU.Build.0 = Release|Any CPU
		{7AC2E168-B549-4538-8486-33CCF15CBAFD}.Debug|Any CPU.ActiveCfg = Debug|Any CPU
		{7AC2E168-B549-4538-8486-33CCF15CBAFD}.Debug|Any CPU.Build.0 = Debug|Any CPU
		{7AC2E168-B549-4538-8486-33CCF15CBAFD}.Release|Any CPU.ActiveCfg = Release|Any CPU
		{7AC2E168-B549-4538-8486-33CCF15CBAFD}.Release|Any CPU.Build.0 = Release|Any CPU
		{02EBFBE0-B8BE-4CEF-93CB-D77A8C0D749B}.Debug|Any CPU.ActiveCfg = Debug|Any CPU
		{02EBFBE0-B8BE-4CEF-93CB-D77A8C0D749B}.Debug|Any CPU.Build.0 = Debug|Any CPU
		{02EBFBE0-B8BE-4CEF-93CB-D77A8C0D749B}.Release|Any CPU.ActiveCfg = Release|Any CPU
		{02EBFBE0-B8BE-4CEF-93CB-D77A8C0D749B}.Release|Any CPU.Build.0 = Release|Any CPU
		{847CCBCC-87AD-4B62-B245-AAF628331B40}.Debug|Any CPU.ActiveCfg = Debug|Any CPU
		{847CCBCC-87AD-4B62-B245-AAF628331B40}.Debug|Any CPU.Build.0 = Debug|Any CPU
		{847CCBCC-87AD-4B62-B245-AAF628331B40}.Release|Any CPU.ActiveCfg = Release|Any CPU
		{847CCBCC-87AD-4B62-B245-AAF628331B40}.Release|Any CPU.Build.0 = Release|Any CPU
		{835111A7-21CE-4719-AE6F-E52525959753}.Debug|Any CPU.ActiveCfg = Debug|Any CPU
		{835111A7-21CE-4719-AE6F-E52525959753}.Debug|Any CPU.Build.0 = Debug|Any CPU
		{835111A7-21CE-4719-AE6F-E52525959753}.Release|Any CPU.ActiveCfg = Release|Any CPU
		{835111A7-21CE-4719-AE6F-E52525959753}.Release|Any CPU.Build.0 = Release|Any CPU
		{BC78133D-5AE2-42BE-AF15-390FD43020B7}.Debug|Any CPU.ActiveCfg = Debug|Any CPU
		{BC78133D-5AE2-42BE-AF15-390FD43020B7}.Debug|Any CPU.Build.0 = Debug|Any CPU
		{BC78133D-5AE2-42BE-AF15-390FD43020B7}.Release|Any CPU.ActiveCfg = Release|Any CPU
		{BC78133D-5AE2-42BE-AF15-390FD43020B7}.Release|Any CPU.Build.0 = Release|Any CPU
		{8FD7EEEE-547F-4A4D-BE6A-92C03BC01E0F}.Debug|Any CPU.ActiveCfg = Debug|Any CPU
		{8FD7EEEE-547F-4A4D-BE6A-92C03BC01E0F}.Debug|Any CPU.Build.0 = Debug|Any CPU
		{8FD7EEEE-547F-4A4D-BE6A-92C03BC01E0F}.Release|Any CPU.ActiveCfg = Release|Any CPU
		{8FD7EEEE-547F-4A4D-BE6A-92C03BC01E0F}.Release|Any CPU.Build.0 = Release|Any CPU
		{F8460158-345F-41C7-8B73-7E458477C47F}.Debug|Any CPU.ActiveCfg = Debug|Any CPU
		{F8460158-345F-41C7-8B73-7E458477C47F}.Debug|Any CPU.Build.0 = Debug|Any CPU
		{F8460158-345F-41C7-8B73-7E458477C47F}.Release|Any CPU.ActiveCfg = Release|Any CPU
		{F8460158-345F-41C7-8B73-7E458477C47F}.Release|Any CPU.Build.0 = Release|Any CPU
		{EDF9B7DC-CAC4-4FFC-ADB5-44F64BC18627}.Debug|Any CPU.ActiveCfg = Debug|Any CPU
		{EDF9B7DC-CAC4-4FFC-ADB5-44F64BC18627}.Debug|Any CPU.Build.0 = Debug|Any CPU
		{EDF9B7DC-CAC4-4FFC-ADB5-44F64BC18627}.Release|Any CPU.ActiveCfg = Release|Any CPU
		{EDF9B7DC-CAC4-4FFC-ADB5-44F64BC18627}.Release|Any CPU.Build.0 = Release|Any CPU
		{491BBC16-D2B6-46A6-A384-5DD9E1E0DE78}.Debug|Any CPU.ActiveCfg = Debug|Any CPU
		{491BBC16-D2B6-46A6-A384-5DD9E1E0DE78}.Debug|Any CPU.Build.0 = Debug|Any CPU
		{491BBC16-D2B6-46A6-A384-5DD9E1E0DE78}.Release|Any CPU.ActiveCfg = Release|Any CPU
		{491BBC16-D2B6-46A6-A384-5DD9E1E0DE78}.Release|Any CPU.Build.0 = Release|Any CPU
		{3D7D1895-78AB-4B30-B73B-1FA5D325C7A2}.Debug|Any CPU.ActiveCfg = Debug|Any CPU
		{3D7D1895-78AB-4B30-B73B-1FA5D325C7A2}.Debug|Any CPU.Build.0 = Debug|Any CPU
		{3D7D1895-78AB-4B30-B73B-1FA5D325C7A2}.Release|Any CPU.ActiveCfg = Release|Any CPU
		{3D7D1895-78AB-4B30-B73B-1FA5D325C7A2}.Release|Any CPU.Build.0 = Release|Any CPU
		{A1704067-E92A-4C67-9598-288A9EC71147}.Debug|Any CPU.ActiveCfg = Debug|Any CPU
		{A1704067-E92A-4C67-9598-288A9EC71147}.Debug|Any CPU.Build.0 = Debug|Any CPU
		{A1704067-E92A-4C67-9598-288A9EC71147}.Release|Any CPU.ActiveCfg = Release|Any CPU
		{A1704067-E92A-4C67-9598-288A9EC71147}.Release|Any CPU.Build.0 = Release|Any CPU
		{10407297-8F99-4604-A940-7195F14B6735}.Debug|Any CPU.ActiveCfg = Debug|Any CPU
		{10407297-8F99-4604-A940-7195F14B6735}.Debug|Any CPU.Build.0 = Debug|Any CPU
		{10407297-8F99-4604-A940-7195F14B6735}.Release|Any CPU.ActiveCfg = Release|Any CPU
		{10407297-8F99-4604-A940-7195F14B6735}.Release|Any CPU.Build.0 = Release|Any CPU
		{57CC75ED-C8BE-4907-A839-B969C54712E7}.Debug|Any CPU.ActiveCfg = Debug|Any CPU
		{57CC75ED-C8BE-4907-A839-B969C54712E7}.Debug|Any CPU.Build.0 = Debug|Any CPU
		{57CC75ED-C8BE-4907-A839-B969C54712E7}.Release|Any CPU.ActiveCfg = Release|Any CPU
		{57CC75ED-C8BE-4907-A839-B969C54712E7}.Release|Any CPU.Build.0 = Release|Any CPU
		{0C18A0C3-C150-4A9D-BD89-ADE888F196BC}.Debug|Any CPU.ActiveCfg = Debug|Any CPU
		{0C18A0C3-C150-4A9D-BD89-ADE888F196BC}.Debug|Any CPU.Build.0 = Debug|Any CPU
		{0C18A0C3-C150-4A9D-BD89-ADE888F196BC}.Release|Any CPU.ActiveCfg = Release|Any CPU
		{0C18A0C3-C150-4A9D-BD89-ADE888F196BC}.Release|Any CPU.Build.0 = Release|Any CPU
		{8AF67871-1635-4B59-AA86-2EACEDB8E142}.Debug|Any CPU.ActiveCfg = Debug|Any CPU
		{8AF67871-1635-4B59-AA86-2EACEDB8E142}.Debug|Any CPU.Build.0 = Debug|Any CPU
		{8AF67871-1635-4B59-AA86-2EACEDB8E142}.Release|Any CPU.ActiveCfg = Release|Any CPU
		{8AF67871-1635-4B59-AA86-2EACEDB8E142}.Release|Any CPU.Build.0 = Release|Any CPU
		{553EDB43-3757-45D5-95AE-A32083F11769}.Debug|Any CPU.ActiveCfg = Debug|Any CPU
		{553EDB43-3757-45D5-95AE-A32083F11769}.Debug|Any CPU.Build.0 = Debug|Any CPU
		{553EDB43-3757-45D5-95AE-A32083F11769}.Release|Any CPU.ActiveCfg = Release|Any CPU
		{553EDB43-3757-45D5-95AE-A32083F11769}.Release|Any CPU.Build.0 = Release|Any CPU
		{4DFACD7A-E04E-4330-8E87-72B9B115F0DD}.Debug|Any CPU.ActiveCfg = Debug|Any CPU
		{4DFACD7A-E04E-4330-8E87-72B9B115F0DD}.Debug|Any CPU.Build.0 = Debug|Any CPU
		{4DFACD7A-E04E-4330-8E87-72B9B115F0DD}.Release|Any CPU.ActiveCfg = Release|Any CPU
		{4DFACD7A-E04E-4330-8E87-72B9B115F0DD}.Release|Any CPU.Build.0 = Release|Any CPU
		{01797773-A7B2-4A5E-825B-F57770D3DEB0}.Debug|Any CPU.ActiveCfg = Debug|Any CPU
		{01797773-A7B2-4A5E-825B-F57770D3DEB0}.Debug|Any CPU.Build.0 = Debug|Any CPU
		{01797773-A7B2-4A5E-825B-F57770D3DEB0}.Release|Any CPU.ActiveCfg = Release|Any CPU
		{01797773-A7B2-4A5E-825B-F57770D3DEB0}.Release|Any CPU.Build.0 = Release|Any CPU
		{F2AE05F6-A7C2-42D7-8E75-ADB2692F550F}.Debug|Any CPU.ActiveCfg = Debug|Any CPU
		{F2AE05F6-A7C2-42D7-8E75-ADB2692F550F}.Debug|Any CPU.Build.0 = Debug|Any CPU
		{F2AE05F6-A7C2-42D7-8E75-ADB2692F550F}.Release|Any CPU.ActiveCfg = Release|Any CPU
		{F2AE05F6-A7C2-42D7-8E75-ADB2692F550F}.Release|Any CPU.Build.0 = Release|Any CPU
		{50D62C98-C7B1-46FB-BBF9-2CB69CA6C112}.Debug|Any CPU.ActiveCfg = Debug|Any CPU
		{50D62C98-C7B1-46FB-BBF9-2CB69CA6C112}.Debug|Any CPU.Build.0 = Debug|Any CPU
		{50D62C98-C7B1-46FB-BBF9-2CB69CA6C112}.Release|Any CPU.ActiveCfg = Release|Any CPU
		{50D62C98-C7B1-46FB-BBF9-2CB69CA6C112}.Release|Any CPU.Build.0 = Release|Any CPU
		{BF46CD01-2C8D-4777-9019-DDA0D218F681}.Debug|Any CPU.ActiveCfg = Debug|Any CPU
		{BF46CD01-2C8D-4777-9019-DDA0D218F681}.Debug|Any CPU.Build.0 = Debug|Any CPU
		{BF46CD01-2C8D-4777-9019-DDA0D218F681}.Release|Any CPU.ActiveCfg = Release|Any CPU
		{BF46CD01-2C8D-4777-9019-DDA0D218F681}.Release|Any CPU.Build.0 = Release|Any CPU
		{DF70F991-7135-41A1-BAA5-F3C9129B809B}.Debug|Any CPU.ActiveCfg = Debug|Any CPU
		{DF70F991-7135-41A1-BAA5-F3C9129B809B}.Debug|Any CPU.Build.0 = Debug|Any CPU
		{DF70F991-7135-41A1-BAA5-F3C9129B809B}.Release|Any CPU.ActiveCfg = Release|Any CPU
		{DF70F991-7135-41A1-BAA5-F3C9129B809B}.Release|Any CPU.Build.0 = Release|Any CPU
	EndGlobalSection
	GlobalSection(SolutionProperties) = preSolution
		HideSolutionNode = FALSE
	EndGlobalSection
	GlobalSection(NestedProjects) = preSolution
		{32DFF621-665D-5970-49FD-5001A1FFA3EF} = {827E0CD3-B72D-47B6-A68D-7590B98EB39B}
		{45726528-4BE6-8FAB-D7A0-411C866F6B16} = {827E0CD3-B72D-47B6-A68D-7590B98EB39B}
		{C8E42992-5E42-0C2B-DBFE-AA848D06431C} = {827E0CD3-B72D-47B6-A68D-7590B98EB39B}
		{803A92E1-07A0-164F-0DC8-23D11B932F75} = {C8E42992-5E42-0C2B-DBFE-AA848D06431C}
		{BD5BD7A0-B8E3-CBD1-2F97-8AA0383C6188} = {C8E42992-5E42-0C2B-DBFE-AA848D06431C}
		{32D4DFE7-A53C-077F-99CE-40D46AEFA89C} = {C8E42992-5E42-0C2B-DBFE-AA848D06431C}
		{CEA09484-30F6-4D44-02F6-822E06DBC57C} = {827E0CD3-B72D-47B6-A68D-7590B98EB39B}
		{B67DFBD5-7A15-5582-3CB1-A9D2C7E32F95} = {CEA09484-30F6-4D44-02F6-822E06DBC57C}
		{311C2FF0-815E-E23B-FA59-0238817C0786} = {CEA09484-30F6-4D44-02F6-822E06DBC57C}
		{F70AB941-9439-C3B5-DC86-77498A6FDAA4} = {CEA09484-30F6-4D44-02F6-822E06DBC57C}
		{A5566FDB-BE86-DB0F-516E-7D7256F4D225} = {CEA09484-30F6-4D44-02F6-822E06DBC57C}
		{EC447DCF-ABFA-6E24-52A5-D7FD48A5C558} = {827E0CD3-B72D-47B6-A68D-7590B98EB39B}
		{CD8A6D4D-190D-6272-5771-59B3D0855C7E} = {EC447DCF-ABFA-6E24-52A5-D7FD48A5C558}
		{E1130FC1-30F5-BBEA-FB03-5BD0B443207F} = {CD8A6D4D-190D-6272-5771-59B3D0855C7E}
		{26005642-D5CF-2CB6-26C4-E4E3B567866F} = {CD8A6D4D-190D-6272-5771-59B3D0855C7E}
		{0A4BE2E9-3AF4-3310-3527-D3B6C417B22F} = {CD8A6D4D-190D-6272-5771-59B3D0855C7E}
		{391C4E66-3ADD-A7A1-83F9-3ACBF501D862} = {CD8A6D4D-190D-6272-5771-59B3D0855C7E}
		{AAACEED5-8857-A559-5EAF-9BC6BC7BB866} = {EC447DCF-ABFA-6E24-52A5-D7FD48A5C558}
		{1E6F0C12-AD04-47E1-927D-E91F877F2ADF} = {AAACEED5-8857-A559-5EAF-9BC6BC7BB866}
		{866800D0-D424-CCA5-7A8B-F5D96930CA5D} = {AAACEED5-8857-A559-5EAF-9BC6BC7BB866}
		{06B4655B-18B3-06DD-AC3A-22ABF07EEEF3} = {AAACEED5-8857-A559-5EAF-9BC6BC7BB866}
		{AFF3C856-E10D-B05D-1133-F9C1DCFB50FF} = {EC447DCF-ABFA-6E24-52A5-D7FD48A5C558}
		{DCA22089-7DCA-C231-8A24-8016DDE044CC} = {AFF3C856-E10D-B05D-1133-F9C1DCFB50FF}
		{D0B1BB19-4426-16C3-6834-661B983E4EAF} = {AFF3C856-E10D-B05D-1133-F9C1DCFB50FF}
		{BCABAFC9-D90A-E9EE-9ABA-E4F0596FB511} = {AFF3C856-E10D-B05D-1133-F9C1DCFB50FF}
		{1B987197-91EC-25F9-614B-546D5C51A805} = {EC447DCF-ABFA-6E24-52A5-D7FD48A5C558}
		{691D14DD-47C1-12B1-86B9-B3111235F0BA} = {1B987197-91EC-25F9-614B-546D5C51A805}
		{D18E84EF-5277-3803-65BB-9DDEECD971D4} = {1B987197-91EC-25F9-614B-546D5C51A805}
		{129DEC0E-CE0C-94C0-77D1-957686187F12} = {1B987197-91EC-25F9-614B-546D5C51A805}
		{7922AD9F-9F66-9E38-020C-6DE507130DFC} = {EC447DCF-ABFA-6E24-52A5-D7FD48A5C558}
		{926B2A59-424F-E5DD-7611-897F0BE5F364} = {7922AD9F-9F66-9E38-020C-6DE507130DFC}
		{B39B5154-A721-2CEA-08EA-12929B1BFB60} = {7922AD9F-9F66-9E38-020C-6DE507130DFC}
		{0148A5D7-9001-DC48-1FE6-1A68E3B28024} = {7922AD9F-9F66-9E38-020C-6DE507130DFC}
		{1542B69A-D4C3-559C-B51B-CCF007D3D113} = {EC447DCF-ABFA-6E24-52A5-D7FD48A5C558}
		{E2BAD1F4-FF59-EA45-495D-19B008CEED18} = {1542B69A-D4C3-559C-B51B-CCF007D3D113}
		{02A1CB6C-699C-3C34-C9D9-6C7365C7C2A2} = {1542B69A-D4C3-559C-B51B-CCF007D3D113}
		{2DFE04CC-3086-1EA6-8F46-5B201EEA56B0} = {1542B69A-D4C3-559C-B51B-CCF007D3D113}
		{2768C2FE-623B-F1FF-CE3A-2FBCAC68495A} = {EC447DCF-ABFA-6E24-52A5-D7FD48A5C558}
		{0FE180B1-A75A-8864-528C-4484F1128245} = {2768C2FE-623B-F1FF-CE3A-2FBCAC68495A}
		{1311272F-DBA2-4F96-7146-8C86FE2C474A} = {2768C2FE-623B-F1FF-CE3A-2FBCAC68495A}
		{6E47EE3F-ED0A-B91B-278D-352D46C86BA1} = {2768C2FE-623B-F1FF-CE3A-2FBCAC68495A}
		{89703466-774F-CBBF-BFC2-0D7A9D7D06AF} = {EC447DCF-ABFA-6E24-52A5-D7FD48A5C558}
		{31DD1035-0D4B-47B9-BBF9-5D25BE7AE423} = {89703466-774F-CBBF-BFC2-0D7A9D7D06AF}
		{5256B36A-4C58-A39E-805B-BA1332973F43} = {89703466-774F-CBBF-BFC2-0D7A9D7D06AF}
		{CEC43555-CF53-8A29-9211-C80A854A7EEF} = {89703466-774F-CBBF-BFC2-0D7A9D7D06AF}
		{B24FF1CA-A5EE-D40C-9449-6CFAB9CF1FAA} = {EC447DCF-ABFA-6E24-52A5-D7FD48A5C558}
		{25E690C9-4D80-D8CA-84A1-92DC74C52A42} = {B24FF1CA-A5EE-D40C-9449-6CFAB9CF1FAA}
		{1F2C53DF-EBDB-9C32-66C3-48C2A06B53CD} = {B24FF1CA-A5EE-D40C-9449-6CFAB9CF1FAA}
		{D84DEC40-C681-24CD-F4F4-62D336F08096} = {B24FF1CA-A5EE-D40C-9449-6CFAB9CF1FAA}
		{CA0D0B73-F1EC-F12F-54BA-8DF761F62CA4} = {EC447DCF-ABFA-6E24-52A5-D7FD48A5C558}
		{4BAB1F6B-86C0-B487-0324-0D3442FD49F9} = {CA0D0B73-F1EC-F12F-54BA-8DF761F62CA4}
		{F1EBD3F0-503C-07F9-A6E6-B923828972B7} = {CA0D0B73-F1EC-F12F-54BA-8DF761F62CA4}
		{E4AD6F2F-357F-A630-8AFF-B08712CA2C0B} = {CA0D0B73-F1EC-F12F-54BA-8DF761F62CA4}
		{02E4CDA8-9DE6-2B50-DD7C-5F3E13963626} = {EC447DCF-ABFA-6E24-52A5-D7FD48A5C558}
		{F9EF663A-B775-CC8F-665C-5C1CC6140587} = {02E4CDA8-9DE6-2B50-DD7C-5F3E13963626}
		{BDEAE523-4B6E-0DD2-E3F1-45188A002A13} = {02E4CDA8-9DE6-2B50-DD7C-5F3E13963626}
		{FCFB7909-1626-89F8-19CE-5E769BA7B0E4} = {02E4CDA8-9DE6-2B50-DD7C-5F3E13963626}
		{2EE71F33-7848-2CEA-989B-F14D06E37674} = {EC447DCF-ABFA-6E24-52A5-D7FD48A5C558}
		{76452915-29CE-020C-BB10-169A56965222} = {2EE71F33-7848-2CEA-989B-F14D06E37674}
		{898361C0-CF71-CAAA-8AD4-FBDD21D15C23} = {2EE71F33-7848-2CEA-989B-F14D06E37674}
		{CE2115C8-21E6-6841-801C-4675C9D87A16} = {2EE71F33-7848-2CEA-989B-F14D06E37674}
		{F0EECECE-E7AF-469A-3DD3-7F1A8CA7A7AC} = {EC447DCF-ABFA-6E24-52A5-D7FD48A5C558}
		{72C072B1-3755-564F-9807-CBE820BAFCA6} = {F0EECECE-E7AF-469A-3DD3-7F1A8CA7A7AC}
		{BACE6FA8-C63D-0D05-5FD7-F802BF71BC0C} = {F0EECECE-E7AF-469A-3DD3-7F1A8CA7A7AC}
		{CCA5B5BE-3AC9-7A94-48A0-2446331D3CCF} = {F0EECECE-E7AF-469A-3DD3-7F1A8CA7A7AC}
		{8275B70E-9165-B08D-1622-E183AFF24075} = {EC447DCF-ABFA-6E24-52A5-D7FD48A5C558}
		{C6FFD55E-8F76-7F87-1BCC-9785947B7706} = {8275B70E-9165-B08D-1622-E183AFF24075}
		{A4DC8FD2-51BC-80C0-5483-C4D5CB2AD18F} = {8275B70E-9165-B08D-1622-E183AFF24075}
		{6E0A8C7F-1D58-2FBE-78A3-E8421CA8A150} = {8275B70E-9165-B08D-1622-E183AFF24075}
		{6D376165-38FF-B318-2FEF-BB7A7E2BB80F} = {AAACEED5-8857-A559-5EAF-9BC6BC7BB866}
		{A93332B4-49F2-6E84-9858-7B89D771F391} = {6D376165-38FF-B318-2FEF-BB7A7E2BB80F}
		{4E6F064E-92B5-0D9B-ECE2-117454F48ECC} = {6D376165-38FF-B318-2FEF-BB7A7E2BB80F}
		{2A088350-463F-5785-07F3-88D38D947EE4} = {AFF3C856-E10D-B05D-1133-F9C1DCFB50FF}
		{9C8859B2-0788-FCC0-93B5-E798ED009742} = {2A088350-463F-5785-07F3-88D38D947EE4}
		{8B93E950-73A9-4521-C8AA-158F9C09A9D5} = {2A088350-463F-5785-07F3-88D38D947EE4}
		{7AE349FB-C914-EE31-FCFC-E5B7B852B8CC} = {1B987197-91EC-25F9-614B-546D5C51A805}
		{AC1E0518-B17E-9677-8E39-99AAD57FCF27} = {7AE349FB-C914-EE31-FCFC-E5B7B852B8CC}
		{DCF02AA9-1F4D-9315-D5E2-201DF36342D2} = {7AE349FB-C914-EE31-FCFC-E5B7B852B8CC}
		{D549CE79-53D6-3706-1043-0927882ADD78} = {7922AD9F-9F66-9E38-020C-6DE507130DFC}
		{53B615EB-5A69-38FD-D016-75C03EB4D6AD} = {D549CE79-53D6-3706-1043-0927882ADD78}
		{A498A571-F00E-79F4-7C33-FC5BD64B7B02} = {D549CE79-53D6-3706-1043-0927882ADD78}
		{4F7252CC-9F0A-A178-B663-16943D15C919} = {1542B69A-D4C3-559C-B51B-CCF007D3D113}
		{359BEF6B-FC63-3761-9ACB-12428980F05C} = {4F7252CC-9F0A-A178-B663-16943D15C919}
		{1914799F-E4EC-6659-7230-66415EB9E13F} = {4F7252CC-9F0A-A178-B663-16943D15C919}
		{C29994F7-6C08-CB85-3BF7-51647F6C3C6E} = {2768C2FE-623B-F1FF-CE3A-2FBCAC68495A}
		{2AE60DC4-3D5F-938B-C0E2-3D04A112CF72} = {C29994F7-6C08-CB85-3BF7-51647F6C3C6E}
		{74E93E03-554A-59CA-F6CC-9914EE1BDB53} = {C29994F7-6C08-CB85-3BF7-51647F6C3C6E}
		{5DDAFA65-C8C1-BF2D-4BAF-BBE345E02142} = {89703466-774F-CBBF-BFC2-0D7A9D7D06AF}
		{4DACA8C6-3FC8-677E-DD29-58583C74D2C6} = {5DDAFA65-C8C1-BF2D-4BAF-BBE345E02142}
		{A24BAEB7-CC29-91D0-079B-146906232C2E} = {5DDAFA65-C8C1-BF2D-4BAF-BBE345E02142}
		{2A61979D-EF8A-988E-EB35-98645DB90A6E} = {B24FF1CA-A5EE-D40C-9449-6CFAB9CF1FAA}
		{E27FD5AF-5F91-BD88-29CA-47F846243E25} = {2A61979D-EF8A-988E-EB35-98645DB90A6E}
		{C051A0F9-5FA3-9E62-533F-7BA51AA35C53} = {2A61979D-EF8A-988E-EB35-98645DB90A6E}
		{CCEDE509-0304-DE7E-5054-D505CD6CC0A4} = {CA0D0B73-F1EC-F12F-54BA-8DF761F62CA4}
		{4160D7E5-7E1F-8ABF-5D6B-D7FC742C8E82} = {CCEDE509-0304-DE7E-5054-D505CD6CC0A4}
		{979C68E3-0B84-FD56-BBC8-95CD0EC55006} = {CCEDE509-0304-DE7E-5054-D505CD6CC0A4}
		{5B9632D2-B411-B1BB-93A0-C0225B10F0FF} = {02E4CDA8-9DE6-2B50-DD7C-5F3E13963626}
		{FECA5466-D29C-D528-BA63-5B7379DCBAF7} = {5B9632D2-B411-B1BB-93A0-C0225B10F0FF}
		{2A8A8CD0-C98B-F08F-A371-85508CE6A25B} = {5B9632D2-B411-B1BB-93A0-C0225B10F0FF}
		{A79784B0-3367-0350-B971-A71505711CB7} = {2EE71F33-7848-2CEA-989B-F14D06E37674}
		{8E421552-02E8-A60A-9113-4C6F1D1A08F8} = {A79784B0-3367-0350-B971-A71505711CB7}
		{A7F9A21E-5D9E-ABF2-7509-90CB994B1151} = {A79784B0-3367-0350-B971-A71505711CB7}
		{EDA2A548-8824-2A6D-3161-4D6BB0B321DC} = {F0EECECE-E7AF-469A-3DD3-7F1A8CA7A7AC}
		{97C9BB57-812B-340A-4F8B-8ED85AFE4DE3} = {EDA2A548-8824-2A6D-3161-4D6BB0B321DC}
		{8406A6A4-E23B-F994-2811-676D7671E4FA} = {EDA2A548-8824-2A6D-3161-4D6BB0B321DC}
		{BCDAB3F7-FF2F-224A-C0BA-DBE448094C4D} = {8275B70E-9165-B08D-1622-E183AFF24075}
		{8145FE5E-2239-8C9A-D912-0A326A7D92E8} = {BCDAB3F7-FF2F-224A-C0BA-DBE448094C4D}
		{B8DD7462-A020-A40C-C942-1D4B4506294C} = {BCDAB3F7-FF2F-224A-C0BA-DBE448094C4D}
		{CEB214BE-5FC1-40A2-91CD-095B6EC6245C} = {CEA09484-30F6-4D44-02F6-822E06DBC57C}
		{C54E5880-EEAC-47FC-9A79-DE9C501974CD} = {CEA09484-30F6-4D44-02F6-822E06DBC57C}
		{9753AFAF-7AAE-42E0-880F-FEF4A8F84E6E} = {CEA09484-30F6-4D44-02F6-822E06DBC57C}
		{7AC2E168-B549-4538-8486-33CCF15CBAFD} = {CEA09484-30F6-4D44-02F6-822E06DBC57C}
		{02EBFBE0-B8BE-4CEF-93CB-D77A8C0D749B} = {2C9917BF-461C-4E1E-A8CB-2EA9CFC61779}
		{8FD7EEEE-547F-4A4D-BE6A-92C03BC01E0F} = {CEA09484-30F6-4D44-02F6-822E06DBC57C}
		{F8460158-345F-41C7-8B73-7E458477C47F} = {CEA09484-30F6-4D44-02F6-822E06DBC57C}
		{EDF9B7DC-CAC4-4FFC-ADB5-44F64BC18627} = {CEA09484-30F6-4D44-02F6-822E06DBC57C}
		{491BBC16-D2B6-46A6-A384-5DD9E1E0DE78} = {CEA09484-30F6-4D44-02F6-822E06DBC57C}
		{3D7D1895-78AB-4B30-B73B-1FA5D325C7A2} = {CEA09484-30F6-4D44-02F6-822E06DBC57C}
		{A1704067-E92A-4C67-9598-288A9EC71147} = {CEA09484-30F6-4D44-02F6-822E06DBC57C}
		{10407297-8F99-4604-A940-7195F14B6735} = {CEA09484-30F6-4D44-02F6-822E06DBC57C}
		{57CC75ED-C8BE-4907-A839-B969C54712E7} = {CEA09484-30F6-4D44-02F6-822E06DBC57C}
		{847CCBCC-87AD-4B62-B245-AAF628331B40} = {CEA09484-30F6-4D44-02F6-822E06DBC57C}
		{835111A7-21CE-4719-AE6F-E52525959753} = {CEA09484-30F6-4D44-02F6-822E06DBC57C}
		{BC78133D-5AE2-42BE-AF15-390FD43020B7} = {CEA09484-30F6-4D44-02F6-822E06DBC57C}
		{0C18A0C3-C150-4A9D-BD89-ADE888F196BC} = {CEA09484-30F6-4D44-02F6-822E06DBC57C}
		{8AF67871-1635-4B59-AA86-2EACEDB8E142} = {0D4CECF8-87EA-4216-ADA5-ECBDB9265A9F}
		{553EDB43-3757-45D5-95AE-A32083F11769} = {0D4CECF8-87EA-4216-ADA5-ECBDB9265A9F}
		{4DFACD7A-E04E-4330-8E87-72B9B115F0DD} = {0D4CECF8-87EA-4216-ADA5-ECBDB9265A9F}
		{01797773-A7B2-4A5E-825B-F57770D3DEB0} = {0D4CECF8-87EA-4216-ADA5-ECBDB9265A9F}
		{F2AE05F6-A7C2-42D7-8E75-ADB2692F550F} = {0D4CECF8-87EA-4216-ADA5-ECBDB9265A9F}
		{50D62C98-C7B1-46FB-BBF9-2CB69CA6C112} = {2C9917BF-461C-4E1E-A8CB-2EA9CFC61779}
		{BF46CD01-2C8D-4777-9019-DDA0D218F681} = {2C9917BF-461C-4E1E-A8CB-2EA9CFC61779}
		{DF70F991-7135-41A1-BAA5-F3C9129B809B} = {2C9917BF-461C-4E1E-A8CB-2EA9CFC61779}
	EndGlobalSection
	GlobalSection(ExtensibilityGlobals) = postSolution
		SolutionGuid = {9A5B8080-6907-4067-9C7F-D30AFFF97929}
	EndGlobalSection
EndGlobal
